
Microsoft Visual Studio Solution File, Format Version 11.00
# Visual Studio 2010
Project("{FAE04EC0-301F-11D3-BF4B-00C04F79EFBC}") = "JangoEmailResultsService", "JangoEmailResultsService\JangoEmailResultsService\JangoEmailResultsService.csproj", "{0F8E4A5C-BED8-4B81-B254-FD24A0C00989}"
EndProject
Project("{FAE04EC0-301F-11D3-BF4B-00C04F79EFBC}") = "Atmosphere.Communication.Business", "..\..\..\..\Client Apps\Atmosphere\Release Candidate\Current\Communication\Atmosphere.Communication.Business\Atmosphere.Communication.Business.csproj", "{A521C408-2DFD-40BA-9E46-AC9DDC58C85F}"
EndProject
Project("{FAE04EC0-301F-11D3-BF4B-00C04F79EFBC}") = "Atmosphere.Communication.Data", "..\..\..\..\Client Apps\Atmosphere\Release Candidate\Current\Communication\Atmosphere.Communication.Data\Atmosphere.Communication.Data.csproj", "{097C030A-4CBF-4AEC-9956-2E638BD21E5E}"
EndProject
Project("{FAE04EC0-301F-11D3-BF4B-00C04F79EFBC}") = "Atmosphere.Core.Business", "..\..\..\..\Client Apps\Atmosphere\Release Candidate\Current\Atmosphere.Core\Atmosphere.Core.Business\Atmosphere.Core.Business.csproj", "{58BCC2FF-5FE1-43B8-9316-BCD9A785CFEA}"
EndProject
Project("{FAE04EC0-301F-11D3-BF4B-00C04F79EFBC}") = "Atmosphere.Core.Data", "..\..\..\..\Client Apps\Atmosphere\Release Candidate\Current\Atmosphere.Core\Atmosphere.Core.Data\Atmosphere.Core.Data.csproj", "{35B5F4CD-7702-49F6-B2F1-80180FBC1504}"
EndProject
Global
	GlobalSection(TeamFoundationVersionControl) = preSolution
		SccNumberOfProjects = 6
		SccEnterpriseProvider = {4CA58AB2-18FA-4F8D-95D4-32DDF27D184C}
		SccTeamFoundationServer = http://hillstfs2010:8080/tfs/phytel
		SccLocalPath0 = .
		SccProjectUniqueName1 = JangoEmailResultsService\\JangoEmailResultsService\\JangoEmailResultsService.csproj
		SccProjectName1 = JangoEmailResultsService/JangoEmailResultsService
		SccLocalPath1 = JangoEmailResultsService\\JangoEmailResultsService
		SccProjectUniqueName2 = ..\\..\\..\\..\\Client\u0020Apps\\Atmosphere\\Release\u0020Candidate\\Current\\Communication\\Atmosphere.Communication.Business\\Atmosphere.Communication.Business.csproj
		SccProjectName2 = ../../../../Client\u0020Apps/Atmosphere/Release\u0020Candidate/Current/Communication/Atmosphere.Communication.Business
		SccLocalPath2 = ..\\..\\..\\..\\Client\u0020Apps\\Atmosphere\\Release\u0020Candidate\\Current\\Communication\\Atmosphere.Communication.Business
		SccProjectUniqueName3 = ..\\..\\..\\..\\Client\u0020Apps\\Atmosphere\\Release\u0020Candidate\\Current\\Communication\\Atmosphere.Communication.Data\\Atmosphere.Communication.Data.csproj
		SccProjectName3 = ../../../../Client\u0020Apps/Atmosphere/Release\u0020Candidate/Current/Communication/Atmosphere.Communication.Data
		SccLocalPath3 = ..\\..\\..\\..\\Client\u0020Apps\\Atmosphere\\Release\u0020Candidate\\Current\\Communication\\Atmosphere.Communication.Data
		SccProjectUniqueName4 = ..\\..\\..\\..\\Client\u0020Apps\\Atmosphere\\Release\u0020Candidate\\Current\\Atmosphere.Core\\Atmosphere.Core.Business\\Atmosphere.Core.Business.csproj
		SccProjectName4 = ../../../../Client\u0020Apps/Atmosphere/Release\u0020Candidate/Current/Atmosphere.Core/Atmosphere.Core.Business
		SccLocalPath4 = ..\\..\\..\\..\\Client\u0020Apps\\Atmosphere\\Release\u0020Candidate\\Current\\Atmosphere.Core\\Atmosphere.Core.Business
		SccProjectUniqueName5 = ..\\..\\..\\..\\Client\u0020Apps\\Atmosphere\\Release\u0020Candidate\\Current\\Atmosphere.Core\\Atmosphere.Core.Data\\Atmosphere.Core.Data.csproj
		SccProjectName5 = ../../../../Client\u0020Apps/Atmosphere/Release\u0020Candidate/Current/Atmosphere.Core/Atmosphere.Core.Data
		SccLocalPath5 = ..\\..\\..\\..\\Client\u0020Apps\\Atmosphere\\Release\u0020Candidate\\Current\\Atmosphere.Core\\Atmosphere.Core.Data
	EndGlobalSection
	GlobalSection(SolutionConfigurationPlatforms) = preSolution
		Debug|Any CPU = Debug|Any CPU
		Release|Any CPU = Release|Any CPU
	EndGlobalSection
	GlobalSection(ProjectConfigurationPlatforms) = postSolution
		{0F8E4A5C-BED8-4B81-B254-FD24A0C00989}.Debug|Any CPU.ActiveCfg = Debug|Any CPU
		{0F8E4A5C-BED8-4B81-B254-FD24A0C00989}.Debug|Any CPU.Build.0 = Debug|Any CPU
		{0F8E4A5C-BED8-4B81-B254-FD24A0C00989}.Release|Any CPU.ActiveCfg = Release|Any CPU
		{0F8E4A5C-BED8-4B81-B254-FD24A0C00989}.Release|Any CPU.Build.0 = Release|Any CPU
		{A521C408-2DFD-40BA-9E46-AC9DDC58C85F}.Debug|Any CPU.ActiveCfg = Debug|Any CPU
		{A521C408-2DFD-40BA-9E46-AC9DDC58C85F}.Debug|Any CPU.Build.0 = Debug|Any CPU
		{A521C408-2DFD-40BA-9E46-AC9DDC58C85F}.Release|Any CPU.ActiveCfg = Release|Any CPU
		{A521C408-2DFD-40BA-9E46-AC9DDC58C85F}.Release|Any CPU.Build.0 = Release|Any CPU
		{097C030A-4CBF-4AEC-9956-2E638BD21E5E}.Debug|Any CPU.ActiveCfg = Debug|Any CPU
		{097C030A-4CBF-4AEC-9956-2E638BD21E5E}.Debug|Any CPU.Build.0 = Debug|Any CPU
		{097C030A-4CBF-4AEC-9956-2E638BD21E5E}.Release|Any CPU.ActiveCfg = Release|Any CPU
		{097C030A-4CBF-4AEC-9956-2E638BD21E5E}.Release|Any CPU.Build.0 = Release|Any CPU
		{58BCC2FF-5FE1-43B8-9316-BCD9A785CFEA}.Debug|Any CPU.ActiveCfg = Debug|Any CPU
		{58BCC2FF-5FE1-43B8-9316-BCD9A785CFEA}.Debug|Any CPU.Build.0 = Debug|Any CPU
		{58BCC2FF-5FE1-43B8-9316-BCD9A785CFEA}.Release|Any CPU.ActiveCfg = Release|Any CPU
		{58BCC2FF-5FE1-43B8-9316-BCD9A785CFEA}.Release|Any CPU.Build.0 = Release|Any CPU
		{35B5F4CD-7702-49F6-B2F1-80180FBC1504}.Debug|Any CPU.ActiveCfg = Debug|Any CPU
		{35B5F4CD-7702-49F6-B2F1-80180FBC1504}.Debug|Any CPU.Build.0 = Debug|Any CPU
		{35B5F4CD-7702-49F6-B2F1-80180FBC1504}.Release|Any CPU.ActiveCfg = Release|Any CPU
		{35B5F4CD-7702-49F6-B2F1-80180FBC1504}.Release|Any CPU.Build.0 = Release|Any CPU
	EndGlobalSection
	GlobalSection(SolutionProperties) = preSolution
		HideSolutionNode = FALSE
	EndGlobalSection
EndGlobal
