Microsoft Visual Studio Solution File, Format Version 12.00
# Visual Studio 2013
VisualStudioVersion = 12.0.21005.1
MinimumVisualStudioVersion = 10.0.40219.1
Project("{FAE04EC0-301F-11D3-BF4B-00C04F79EFBC}") = "NG", "NG\AppDomain.NG.csproj", "{8F254AC6-F99C-4BEC-9088-EBBA9C696CAF}"
EndProject
Project("{FAE04EC0-301F-11D3-BF4B-00C04F79EFBC}") = "NG.DTOs", "NG.DTOs\AppDomain.NG.DTO.csproj", "{5D9C233B-E53D-4BE1-B578-1AA9722DE1CF}"
EndProject
Project("{FAE04EC0-301F-11D3-BF4B-00C04F79EFBC}") = "NG.Tests", "NG.Tests\AppDomain.NG.Services.Test.csproj", "{BE484372-864F-4D0A-A4E1-60F6760182FD}"
EndProject
Project("{FAE04EC0-301F-11D3-BF4B-00C04F79EFBC}") = "NG.Services", "NG.Services\AppDomain.NG.Service.csproj", "{B84263C2-54D7-4254-B159-DDB1F39D0783}"
EndProject
Global
	GlobalSection(TeamFoundationVersionControl) = preSolution
		SccNumberOfProjects = 5
		SccEnterpriseProvider = {4CA58AB2-18FA-4F8D-95D4-32DDF27D184C}
		SccTeamFoundationServer = http://hillstfs2013:8080/tfs/phytel
		SccProjectUniqueName0 = NG\\NG.csproj
		SccProjectName0 = NG
		SccLocalPath0 = NG
		SccProjectUniqueName1 = NG.DTOs\\NG.DTOs.csproj
		SccProjectName1 = NG.DTOs
		SccLocalPath1 = NG.DTOs
		SccProjectUniqueName2 = NG.Tests\\NG.Tests.csproj
		SccProjectName2 = NG.Tests
		SccLocalPath2 = NG.Tests
		SccProjectUniqueName3 = NG.Services\\NG.Services.csproj
		SccProjectName3 = NG.Services
		SccLocalPath3 = NG.Services
		SccLocalPath4 = .
	EndGlobalSection
	GlobalSection(SolutionConfigurationPlatforms) = preSolution
		Debug|Any CPU = Debug|Any CPU
		Release|Any CPU = Release|Any CPU
	EndGlobalSection
	GlobalSection(ProjectConfigurationPlatforms) = postSolution
		{8F254AC6-F99C-4BEC-9088-EBBA9C696CAF}.Debug|Any CPU.ActiveCfg = Debug|Any CPU
		{8F254AC6-F99C-4BEC-9088-EBBA9C696CAF}.Debug|Any CPU.Build.0 = Debug|Any CPU
		{8F254AC6-F99C-4BEC-9088-EBBA9C696CAF}.Release|Any CPU.ActiveCfg = Release|Any CPU
		{8F254AC6-F99C-4BEC-9088-EBBA9C696CAF}.Release|Any CPU.Build.0 = Release|Any CPU
		{5D9C233B-E53D-4BE1-B578-1AA9722DE1CF}.Debug|Any CPU.ActiveCfg = Debug|Any CPU
		{5D9C233B-E53D-4BE1-B578-1AA9722DE1CF}.Debug|Any CPU.Build.0 = Debug|Any CPU
		{5D9C233B-E53D-4BE1-B578-1AA9722DE1CF}.Release|Any CPU.ActiveCfg = Release|Any CPU
		{5D9C233B-E53D-4BE1-B578-1AA9722DE1CF}.Release|Any CPU.Build.0 = Release|Any CPU
		{BE484372-864F-4D0A-A4E1-60F6760182FD}.Debug|Any CPU.ActiveCfg = Debug|Any CPU
		{BE484372-864F-4D0A-A4E1-60F6760182FD}.Debug|Any CPU.Build.0 = Debug|Any CPU
		{BE484372-864F-4D0A-A4E1-60F6760182FD}.Release|Any CPU.ActiveCfg = Release|Any CPU
		{BE484372-864F-4D0A-A4E1-60F6760182FD}.Release|Any CPU.Build.0 = Release|Any CPU
		{B84263C2-54D7-4254-B159-DDB1F39D0783}.Debug|Any CPU.ActiveCfg = Debug|Any CPU
		{B84263C2-54D7-4254-B159-DDB1F39D0783}.Debug|Any CPU.Build.0 = Debug|Any CPU
		{B84263C2-54D7-4254-B159-DDB1F39D0783}.Release|Any CPU.ActiveCfg = Release|Any CPU
		{B84263C2-54D7-4254-B159-DDB1F39D0783}.Release|Any CPU.Build.0 = Release|Any CPU
	EndGlobalSection
	GlobalSection(SolutionProperties) = preSolution
		HideSolutionNode = FALSE
	EndGlobalSection
EndGlobal
