
Microsoft Visual Studio Solution File, Format Version 12.00
# Visual Studio 2013
VisualStudioVersion = 12.0.21005.1
MinimumVisualStudioVersion = 10.0.40219.1
Project("{FAE04EC0-301F-11D3-BF4B-00C04F79EFBC}") = "DataDomain.LookUp.DTO", "LookUp.DTO\DataDomain.LookUp.DTO.csproj", "{4885FE36-03DB-47B7-BE7E-33260943A9DC}"
EndProject
Project("{FAE04EC0-301F-11D3-BF4B-00C04F79EFBC}") = "DataDomain.LookUp.Service", "LookUp.Service\DataDomain.LookUp.Service.csproj", "{DA237619-2A12-4CCA-9BDD-2B900C2AC96D}"
EndProject
Project("{FAE04EC0-301F-11D3-BF4B-00C04F79EFBC}") = "DataDomain.LookUp.Service.Test", "LookUp.Service.Test\DataDomain.LookUp.Service.Test.csproj", "{D1AB1B95-3FAA-49F1-8158-9E619CDF8D7F}"
EndProject
Project("{FAE04EC0-301F-11D3-BF4B-00C04F79EFBC}") = "DataDomain.LookUp", "LookUp\DataDomain.LookUp.csproj", "{F0A3623A-6D1D-46DE-A00E-794EBC856EB5}"
EndProject
Project("{FAE04EC0-301F-11D3-BF4B-00C04F79EFBC}") = "DataDomain.LookUp.Test", "LookUp.Test\DataDomain.LookUp.Test.csproj", "{CBBFA1EA-0482-4FB1-B0DE-D3AEC89724B4}"
EndProject
Project("{FAE04EC0-301F-11D3-BF4B-00C04F79EFBC}") = "Phytel.API.Interface", "..\..\..\..\Interfaces\Development\Current\Phytel.API.Interface\Phytel.API.Interface.csproj", "{ABE948FB-247E-4955-B3AB-B7C93E10A542}"
EndProject
Project("{2150E333-8FDC-42A3-9474-1A3956D46DE8}") = "Shared", "Shared", "{24F3A0C7-5550-4784-8CD2-2068010ABB31}"
EndProject
Project("{FAE04EC0-301F-11D3-BF4B-00C04F79EFBC}") = "Phytel.API.DataAudit", "..\..\..\..\Common\Phytel.API.DataAudit\Development\Current\Phytel.API.DataAudit.csproj", "{AE842695-4DD4-4403-9BE4-8473BCA09580}"
EndProject
Project("{FAE04EC0-301F-11D3-BF4B-00C04F79EFBC}") = "Phytel.API.Common", "..\..\..\..\Common\Phytel.API.Common\Development\Current\Phytel.API.Common.csproj", "{25CF3C3F-221F-4A49-B5EF-A8A5FCF9A5BA}"
EndProject
Project("{2150E333-8FDC-42A3-9474-1A3956D46DE8}") = ".nuget", ".nuget", "{6907BE23-A0BE-49C1-AC9E-D4BF5067F196}"
	ProjectSection(SolutionItems) = preProject
		.nuget\NuGet.Config = .nuget\NuGet.Config
		.nuget\NuGet.exe = .nuget\NuGet.exe
		.nuget\NuGet.targets = .nuget\NuGet.targets
	EndProjectSection
EndProject
Global
	GlobalSection(TeamFoundationVersionControl) = preSolution
		SccNumberOfProjects = 9
		SccEnterpriseProvider = {4CA58AB2-18FA-4F8D-95D4-32DDF27D184C}
		SccTeamFoundationServer = http://hillstfs2013:8080/tfs/phytel
		SccLocalPath0 = DataDomain.LookUp
		SccProjectFilePathRelativizedFromConnection0 = ..\\
		SccProjectUniqueName1 = LookUp.DTO\\DataDomain.LookUp.DTO.csproj
		SccProjectName1 = LookUp.DTO
		SccLocalPath1 = LookUp.DTO
		SccProjectUniqueName2 = LookUp.Service\\DataDomain.LookUp.Service.csproj
		SccProjectName2 = LookUp.Service
		SccLocalPath2 = LookUp.Service
		SccProjectUniqueName3 = LookUp.Service.Test\\DataDomain.LookUp.Service.Test.csproj
		SccProjectName3 = LookUp.Service.Test
		SccLocalPath3 = LookUp.Service.Test
		SccProjectUniqueName4 = LookUp\\DataDomain.LookUp.csproj
		SccProjectName4 = LookUp
		SccLocalPath4 = LookUp
		SccProjectUniqueName5 = LookUp.Test\\DataDomain.LookUp.Test.csproj
		SccProjectName5 = LookUp.Test
		SccLocalPath5 = LookUp.Test
		SccProjectUniqueName6 = ..\\..\\..\\..\\Interfaces\\Development\\Current\\Phytel.API.Interface\\Phytel.API.Interface.csproj
		SccProjectTopLevelParentUniqueName6 = DataDomain.LookUp.sln
		SccProjectName6 = ../../../../Interfaces/Development/Current/Phytel.API.Interface
		SccLocalPath6 = ..\\..\\..\\..\\Interfaces\\Development\\Current\\Phytel.API.Interface
		SccProjectUniqueName7 = ..\\..\\..\\..\\Common\\Phytel.API.DataAudit\\Development\\Current\\Phytel.API.DataAudit.csproj
		SccProjectTopLevelParentUniqueName7 = DataDomain.LookUp.sln
		SccProjectName7 = ../../../../Common/Phytel.API.DataAudit/Development/Current
		SccLocalPath7 = ..\\..\\..\\..\\Common\\Phytel.API.DataAudit\\Development\\Current
		SccProjectUniqueName8 = ..\\..\\..\\..\\Common\\Phytel.API.Common\\Development\\Current\\Phytel.API.Common.csproj
		SccProjectTopLevelParentUniqueName8 = DataDomain.LookUp.sln
		SccProjectName8 = ../../../../Common/Phytel.API.Common/Development/Current
		SccLocalPath8 = ..\\..\\..\\..\\Common\\Phytel.API.Common\\Development\\Current
	EndGlobalSection
	GlobalSection(SolutionConfigurationPlatforms) = preSolution
		Debug|Any CPU = Debug|Any CPU
		Release|Any CPU = Release|Any CPU
		Test|Any CPU = Test|Any CPU
	EndGlobalSection
	GlobalSection(ProjectConfigurationPlatforms) = postSolution
		{4885FE36-03DB-47B7-BE7E-33260943A9DC}.Debug|Any CPU.ActiveCfg = Debug|Any CPU
		{4885FE36-03DB-47B7-BE7E-33260943A9DC}.Debug|Any CPU.Build.0 = Debug|Any CPU
		{4885FE36-03DB-47B7-BE7E-33260943A9DC}.Release|Any CPU.ActiveCfg = Release|Any CPU
		{4885FE36-03DB-47B7-BE7E-33260943A9DC}.Release|Any CPU.Build.0 = Release|Any CPU
		{4885FE36-03DB-47B7-BE7E-33260943A9DC}.Test|Any CPU.ActiveCfg = Test|Any CPU
		{4885FE36-03DB-47B7-BE7E-33260943A9DC}.Test|Any CPU.Build.0 = Test|Any CPU
		{DA237619-2A12-4CCA-9BDD-2B900C2AC96D}.Debug|Any CPU.ActiveCfg = Debug|Any CPU
		{DA237619-2A12-4CCA-9BDD-2B900C2AC96D}.Debug|Any CPU.Build.0 = Debug|Any CPU
		{DA237619-2A12-4CCA-9BDD-2B900C2AC96D}.Release|Any CPU.ActiveCfg = Release|Any CPU
		{DA237619-2A12-4CCA-9BDD-2B900C2AC96D}.Release|Any CPU.Build.0 = Release|Any CPU
		{DA237619-2A12-4CCA-9BDD-2B900C2AC96D}.Test|Any CPU.ActiveCfg = Release|Any CPU
		{DA237619-2A12-4CCA-9BDD-2B900C2AC96D}.Test|Any CPU.Build.0 = Release|Any CPU
		{D1AB1B95-3FAA-49F1-8158-9E619CDF8D7F}.Debug|Any CPU.ActiveCfg = Debug|Any CPU
		{D1AB1B95-3FAA-49F1-8158-9E619CDF8D7F}.Debug|Any CPU.Build.0 = Debug|Any CPU
		{D1AB1B95-3FAA-49F1-8158-9E619CDF8D7F}.Release|Any CPU.ActiveCfg = Release|Any CPU
		{D1AB1B95-3FAA-49F1-8158-9E619CDF8D7F}.Release|Any CPU.Build.0 = Release|Any CPU
		{D1AB1B95-3FAA-49F1-8158-9E619CDF8D7F}.Test|Any CPU.ActiveCfg = Release|Any CPU
		{D1AB1B95-3FAA-49F1-8158-9E619CDF8D7F}.Test|Any CPU.Build.0 = Release|Any CPU
		{F0A3623A-6D1D-46DE-A00E-794EBC856EB5}.Debug|Any CPU.ActiveCfg = Debug|Any CPU
		{F0A3623A-6D1D-46DE-A00E-794EBC856EB5}.Debug|Any CPU.Build.0 = Debug|Any CPU
		{F0A3623A-6D1D-46DE-A00E-794EBC856EB5}.Release|Any CPU.ActiveCfg = Release|Any CPU
		{F0A3623A-6D1D-46DE-A00E-794EBC856EB5}.Release|Any CPU.Build.0 = Release|Any CPU
		{F0A3623A-6D1D-46DE-A00E-794EBC856EB5}.Test|Any CPU.ActiveCfg = Release|Any CPU
		{F0A3623A-6D1D-46DE-A00E-794EBC856EB5}.Test|Any CPU.Build.0 = Release|Any CPU
		{CBBFA1EA-0482-4FB1-B0DE-D3AEC89724B4}.Debug|Any CPU.ActiveCfg = Debug|Any CPU
		{CBBFA1EA-0482-4FB1-B0DE-D3AEC89724B4}.Debug|Any CPU.Build.0 = Debug|Any CPU
		{CBBFA1EA-0482-4FB1-B0DE-D3AEC89724B4}.Release|Any CPU.ActiveCfg = Release|Any CPU
		{CBBFA1EA-0482-4FB1-B0DE-D3AEC89724B4}.Release|Any CPU.Build.0 = Release|Any CPU
		{CBBFA1EA-0482-4FB1-B0DE-D3AEC89724B4}.Test|Any CPU.ActiveCfg = Release|Any CPU
		{CBBFA1EA-0482-4FB1-B0DE-D3AEC89724B4}.Test|Any CPU.Build.0 = Release|Any CPU
		{ABE948FB-247E-4955-B3AB-B7C93E10A542}.Debug|Any CPU.ActiveCfg = Debug|Any CPU
		{ABE948FB-247E-4955-B3AB-B7C93E10A542}.Debug|Any CPU.Build.0 = Debug|Any CPU
		{ABE948FB-247E-4955-B3AB-B7C93E10A542}.Release|Any CPU.ActiveCfg = Release|Any CPU
		{ABE948FB-247E-4955-B3AB-B7C93E10A542}.Release|Any CPU.Build.0 = Release|Any CPU
		{ABE948FB-247E-4955-B3AB-B7C93E10A542}.Test|Any CPU.ActiveCfg = Test|Any CPU
		{ABE948FB-247E-4955-B3AB-B7C93E10A542}.Test|Any CPU.Build.0 = Test|Any CPU
		{AE842695-4DD4-4403-9BE4-8473BCA09580}.Debug|Any CPU.ActiveCfg = Debug|Any CPU
		{AE842695-4DD4-4403-9BE4-8473BCA09580}.Debug|Any CPU.Build.0 = Debug|Any CPU
		{AE842695-4DD4-4403-9BE4-8473BCA09580}.Release|Any CPU.ActiveCfg = Release|Any CPU
		{AE842695-4DD4-4403-9BE4-8473BCA09580}.Release|Any CPU.Build.0 = Release|Any CPU
		{AE842695-4DD4-4403-9BE4-8473BCA09580}.Test|Any CPU.ActiveCfg = Release|Any CPU
		{AE842695-4DD4-4403-9BE4-8473BCA09580}.Test|Any CPU.Build.0 = Release|Any CPU
		{25CF3C3F-221F-4A49-B5EF-A8A5FCF9A5BA}.Debug|Any CPU.ActiveCfg = Debug|Any CPU
		{25CF3C3F-221F-4A49-B5EF-A8A5FCF9A5BA}.Debug|Any CPU.Build.0 = Debug|Any CPU
		{25CF3C3F-221F-4A49-B5EF-A8A5FCF9A5BA}.Release|Any CPU.ActiveCfg = Release|Any CPU
		{25CF3C3F-221F-4A49-B5EF-A8A5FCF9A5BA}.Release|Any CPU.Build.0 = Release|Any CPU
		{25CF3C3F-221F-4A49-B5EF-A8A5FCF9A5BA}.Test|Any CPU.ActiveCfg = Test|Any CPU
		{25CF3C3F-221F-4A49-B5EF-A8A5FCF9A5BA}.Test|Any CPU.Build.0 = Test|Any CPU
	EndGlobalSection
	GlobalSection(SolutionProperties) = preSolution
		HideSolutionNode = FALSE
	EndGlobalSection
	GlobalSection(NestedProjects) = preSolution
		{ABE948FB-247E-4955-B3AB-B7C93E10A542} = {24F3A0C7-5550-4784-8CD2-2068010ABB31}
		{AE842695-4DD4-4403-9BE4-8473BCA09580} = {24F3A0C7-5550-4784-8CD2-2068010ABB31}
		{25CF3C3F-221F-4A49-B5EF-A8A5FCF9A5BA} = {24F3A0C7-5550-4784-8CD2-2068010ABB31}
	EndGlobalSection
EndGlobal
