Microsoft Visual Studio Solution File, Format Version 12.00
# Visual Studio 2013
VisualStudioVersion = 12.0.30110.0
MinimumVisualStudioVersion = 10.0.40219.1
Project("{FAE04EC0-301F-11D3-BF4B-00C04F79EFBC}") = "DataDomain.PatientProblem.DTO", "PatientProblem.DTOs\DataDomain.PatientProblem.DTO.csproj", "{F133E537-1D48-4A42-ABA9-5587E057F5B3}"
EndProject
Project("{FAE04EC0-301F-11D3-BF4B-00C04F79EFBC}") = "DataDomain.PatientProblem.Test", "PatientProblem.Tests\DataDomain.PatientProblem.Test.csproj", "{1FDE97CB-3E85-41FB-ABFA-A62720C99FCB}"
EndProject
Project("{FAE04EC0-301F-11D3-BF4B-00C04F79EFBC}") = "DataDomain.PatientProblem", "PatientProblem\DataDomain.PatientProblem.csproj", "{AFD0F5B1-A29E-402C-958B-D6D82B4278E5}"
EndProject
Project("{FAE04EC0-301F-11D3-BF4B-00C04F79EFBC}") = "DataDomain.PatientProblem.Service", "PatientProblem.Services\DataDomain.PatientProblem.Service.csproj", "{43DE353A-4B53-4FB5-8013-0BDB37B848A2}"
EndProject
Project("{FAE04EC0-301F-11D3-BF4B-00C04F79EFBC}") = "Phytel.API.Interface", "..\..\..\..\Interfaces\Development\Current\Phytel.API.Interface\Phytel.API.Interface.csproj", "{ABE948FB-247E-4955-B3AB-B7C93E10A542}"
EndProject
Project("{FAE04EC0-301F-11D3-BF4B-00C04F79EFBC}") = "DataDomain.LookUp.DTO", "..\..\..\Phytel.API.DataDomain.LookUp\Development\Current\LookUp.DTO\DataDomain.LookUp.DTO.csproj", "{4885FE36-03DB-47B7-BE7E-33260943A9DC}"
EndProject
Project("{FAE04EC0-301F-11D3-BF4B-00C04F79EFBC}") = "DataDomain.PatientProblem.Service.Test", "PatientProblem.Services.Tests\DataDomain.PatientProblem.Service.Test.csproj", "{F6EF22D5-BD24-46B5-A9B0-3CE5BDDB5343}"
EndProject
Global
	GlobalSection(TeamFoundationVersionControl) = preSolution
		SccNumberOfProjects = 7
		SccEnterpriseProvider = {4CA58AB2-18FA-4F8D-95D4-32DDF27D184C}
		SccTeamFoundationServer = http://hillstfs2013:8080/tfs/phytel
		SccProjectUniqueName0 = PatientProblem.DTOs\\DataDomain.PatientProblem.DTO.csproj
		SccProjectName0 = PatientProblem.DTOs
		SccAuxPath0 = http://hillstfs2013:8080/tfs/phytel
		SccLocalPath0 = PatientProblem.DTOs
		SccProvider0 = {4CA58AB2-18FA-4F8D-95D4-32DDF27D184C}
		SccProjectUniqueName1 = PatientProblem.Tests\\DataDomain.PatientProblem.Test.csproj
		SccProjectName1 = PatientProblem.Tests
		SccAuxPath1 = http://hillstfs2013:8080/tfs/phytel
		SccLocalPath1 = PatientProblem.Tests
		SccProvider1 = {4CA58AB2-18FA-4F8D-95D4-32DDF27D184C}
		SccProjectUniqueName2 = PatientProblem\\DataDomain.PatientProblem.csproj
		SccProjectName2 = PatientProblem
		SccAuxPath2 = http://hillstfs2013:8080/tfs/phytel
		SccLocalPath2 = PatientProblem
		SccProvider2 = {4CA58AB2-18FA-4F8D-95D4-32DDF27D184C}
		SccProjectUniqueName3 = PatientProblem.Services\\DataDomain.PatientProblem.Service.csproj
		SccProjectName3 = PatientProblem.Services
		SccAuxPath3 = http://hillstfs2013:8080/tfs/phytel
		SccLocalPath3 = PatientProblem.Services
		SccProvider3 = {4CA58AB2-18FA-4F8D-95D4-32DDF27D184C}
		SccProjectUniqueName4 = ..\\..\\..\\..\\Interfaces\\Development\\Current\\Phytel.API.Interface\\Phytel.API.Interface.csproj
		SccProjectName4 = ../../../../Interfaces/Development/Current/Phytel.API.Interface
		SccAuxPath4 = http://hillstfs2013:8080/tfs/phytel
		SccLocalPath4 = ..\\..\\..\\..\\Interfaces\\Development\\Current\\Phytel.API.Interface
		SccProvider4 = {4CA58AB2-18FA-4F8D-95D4-32DDF27D184C}
		SccProjectUniqueName5 = ..\\..\\..\\Phytel.API.DataDomain.LookUp\\Development\\Current\\LookUp.DTO\\DataDomain.LookUp.DTO.csproj
		SccProjectName5 = ../../../Phytel.API.DataDomain.LookUp/Development/Current/LookUp.DTO
		SccAuxPath5 = http://hillstfs2013:8080/tfs/phytel
		SccLocalPath5 = ..\\..\\..\\Phytel.API.DataDomain.LookUp\\Development\\Current\\LookUp.DTO
		SccProvider5 = {4CA58AB2-18FA-4F8D-95D4-32DDF27D184C}
		SccProjectUniqueName6 = PatientProblem.Services.Tests\\DataDomain.PatientProblem.Service.Test.csproj
		SccProjectName6 = PatientProblem.Services.Tests
		SccAuxPath6 = http://hillstfs2013:8080/tfs/phytel
		SccLocalPath6 = PatientProblem.Services.Tests
		SccProvider6 = {4CA58AB2-18FA-4F8D-95D4-32DDF27D184C}
	EndGlobalSection
	GlobalSection(SolutionConfigurationPlatforms) = preSolution
		Debug|Any CPU = Debug|Any CPU
		Release|Any CPU = Release|Any CPU
	EndGlobalSection
	GlobalSection(ProjectConfigurationPlatforms) = postSolution
		{F133E537-1D48-4A42-ABA9-5587E057F5B3}.Debug|Any CPU.ActiveCfg = Debug|Any CPU
		{F133E537-1D48-4A42-ABA9-5587E057F5B3}.Debug|Any CPU.Build.0 = Debug|Any CPU
		{F133E537-1D48-4A42-ABA9-5587E057F5B3}.Release|Any CPU.ActiveCfg = Release|Any CPU
		{F133E537-1D48-4A42-ABA9-5587E057F5B3}.Release|Any CPU.Build.0 = Release|Any CPU
		{1FDE97CB-3E85-41FB-ABFA-A62720C99FCB}.Debug|Any CPU.ActiveCfg = Debug|Any CPU
		{1FDE97CB-3E85-41FB-ABFA-A62720C99FCB}.Debug|Any CPU.Build.0 = Debug|Any CPU
		{1FDE97CB-3E85-41FB-ABFA-A62720C99FCB}.Release|Any CPU.ActiveCfg = Release|Any CPU
		{1FDE97CB-3E85-41FB-ABFA-A62720C99FCB}.Release|Any CPU.Build.0 = Release|Any CPU
		{AFD0F5B1-A29E-402C-958B-D6D82B4278E5}.Debug|Any CPU.ActiveCfg = Debug|Any CPU
		{AFD0F5B1-A29E-402C-958B-D6D82B4278E5}.Debug|Any CPU.Build.0 = Debug|Any CPU
		{AFD0F5B1-A29E-402C-958B-D6D82B4278E5}.Release|Any CPU.ActiveCfg = Release|Any CPU
		{AFD0F5B1-A29E-402C-958B-D6D82B4278E5}.Release|Any CPU.Build.0 = Release|Any CPU
		{43DE353A-4B53-4FB5-8013-0BDB37B848A2}.Debug|Any CPU.ActiveCfg = Debug|Any CPU
		{43DE353A-4B53-4FB5-8013-0BDB37B848A2}.Debug|Any CPU.Build.0 = Debug|Any CPU
		{43DE353A-4B53-4FB5-8013-0BDB37B848A2}.Release|Any CPU.ActiveCfg = Release|Any CPU
		{43DE353A-4B53-4FB5-8013-0BDB37B848A2}.Release|Any CPU.Build.0 = Release|Any CPU
		{ABE948FB-247E-4955-B3AB-B7C93E10A542}.Debug|Any CPU.ActiveCfg = Debug|Any CPU
		{ABE948FB-247E-4955-B3AB-B7C93E10A542}.Debug|Any CPU.Build.0 = Debug|Any CPU
		{ABE948FB-247E-4955-B3AB-B7C93E10A542}.Release|Any CPU.ActiveCfg = Release|Any CPU
		{ABE948FB-247E-4955-B3AB-B7C93E10A542}.Release|Any CPU.Build.0 = Release|Any CPU
		{4885FE36-03DB-47B7-BE7E-33260943A9DC}.Debug|Any CPU.ActiveCfg = Debug|Any CPU
		{4885FE36-03DB-47B7-BE7E-33260943A9DC}.Debug|Any CPU.Build.0 = Debug|Any CPU
		{4885FE36-03DB-47B7-BE7E-33260943A9DC}.Release|Any CPU.ActiveCfg = Release|Any CPU
		{4885FE36-03DB-47B7-BE7E-33260943A9DC}.Release|Any CPU.Build.0 = Release|Any CPU
		{F6EF22D5-BD24-46B5-A9B0-3CE5BDDB5343}.Debug|Any CPU.ActiveCfg = Debug|Any CPU
		{F6EF22D5-BD24-46B5-A9B0-3CE5BDDB5343}.Debug|Any CPU.Build.0 = Debug|Any CPU
		{F6EF22D5-BD24-46B5-A9B0-3CE5BDDB5343}.Release|Any CPU.ActiveCfg = Release|Any CPU
		{F6EF22D5-BD24-46B5-A9B0-3CE5BDDB5343}.Release|Any CPU.Build.0 = Release|Any CPU
	EndGlobalSection
	GlobalSection(SolutionProperties) = preSolution
		HideSolutionNode = FALSE
	EndGlobalSection
EndGlobal
