
Microsoft Visual Studio Solution File, Format Version 12.00
# Visual Studio 2013
VisualStudioVersion = 12.0.21005.1
MinimumVisualStudioVersion = 10.0.40219.1
Project("{FAE04EC0-301F-11D3-BF4B-00C04F79EFBC}") = "ProgramBuilder", "ProgramBuilder.csproj", "{B8B41A72-C45B-4356-8F51-97BD4E696B2A}"
EndProject
Project("{FAE04EC0-301F-11D3-BF4B-00C04F79EFBC}") = "DataDomain.Module.DTO", "..\..\..\..\DataDomain\Phytel.API.DataDomain.Module\Development\Current\Module.DTO\DataDomain.Module.DTO.csproj", "{6862B598-6967-430D-803A-BBE00FE98050}"
EndProject
Project("{2150E333-8FDC-42A3-9474-1A3956D46DE8}") = "Project Refs", "Project Refs", "{8C8C93A8-E87D-471B-B373-9CD3B74FCF28}"
EndProject
Project("{FAE04EC0-301F-11D3-BF4B-00C04F79EFBC}") = "Phytel.API.Interface", "..\..\..\..\Interfaces\Development\Current\Phytel.API.Interface\Phytel.API.Interface.csproj", "{ABE948FB-247E-4955-B3AB-B7C93E10A542}"
EndProject
Project("{FAE04EC0-301F-11D3-BF4B-00C04F79EFBC}") = "DataDomain.Program", "..\..\..\..\DataDomain\Phytel.API.DataDomain.Program\Development\Current\Program\DataDomain.Program.csproj", "{34271552-E2E1-428F-B612-7186E01B6C54}"
EndProject
Project("{FAE04EC0-301F-11D3-BF4B-00C04F79EFBC}") = "DataDomain.Program.DTO", "..\..\..\..\DataDomain\Phytel.API.DataDomain.Program\Development\Current\Program.DTO\DataDomain.Program.DTO.csproj", "{4E9F9DBF-E01B-4226-9E4F-246149EBBB3F}"
EndProject
Project("{FAE04EC0-301F-11D3-BF4B-00C04F79EFBC}") = "DataDomain.Patient.DTO", "..\..\..\..\DataDomain\Phytel.API.DataDomain.Patient\Development\Current\Patient.DTOs\DataDomain.Patient.DTO.csproj", "{1B3148A8-FB57-4461-91BC-F1CD38A013B6}"
EndProject
Project("{FAE04EC0-301F-11D3-BF4B-00C04F79EFBC}") = "Phytel.API.Common", "..\..\..\..\Common\Phytel.API.Common\Development\Current\Phytel.API.Common.csproj", "{25CF3C3F-221F-4A49-B5EF-A8A5FCF9A5BA}"
EndProject
Global
	GlobalSection(TeamFoundationVersionControl) = preSolution
		SccNumberOfProjects = 8
		SccEnterpriseProvider = {4CA58AB2-18FA-4F8D-95D4-32DDF27D184C}
		SccTeamFoundationServer = http://hillstfs2013:8080/tfs/phytel
		SccLocalPath0 = .
		SccProjectUniqueName1 = ProgramBuilder.csproj
		SccLocalPath1 = .
		SccProjectUniqueName2 = ..\\..\\..\\..\\DataDomain\\Phytel.API.DataDomain.Module\\Development\\Current\\Module.DTO\\DataDomain.Module.DTO.csproj
		SccProjectTopLevelParentUniqueName2 = ProgramBuilder.sln
		SccProjectName2 = ../../../../DataDomain/Phytel.API.DataDomain.Module/Development/Current/Module.DTO
		SccLocalPath2 = ..\\..\\..\\..\\DataDomain\\Phytel.API.DataDomain.Module\\Development\\Current\\Module.DTO
		SccProjectUniqueName3 = ..\\..\\..\\..\\Interfaces\\Development\\Current\\Phytel.API.Interface\\Phytel.API.Interface.csproj
		SccProjectTopLevelParentUniqueName3 = ProgramBuilder.sln
		SccProjectName3 = ../../../../Interfaces/Development/Current/Phytel.API.Interface
		SccLocalPath3 = ..\\..\\..\\..\\Interfaces\\Development\\Current\\Phytel.API.Interface
		SccProjectUniqueName4 = ..\\..\\..\\..\\DataDomain\\Phytel.API.DataDomain.Program\\Development\\Current\\Program\\DataDomain.Program.csproj
		SccProjectTopLevelParentUniqueName4 = ProgramBuilder.sln
		SccProjectName4 = ../../../../DataDomain/Phytel.API.DataDomain.Program/Development/Current/Program
		SccLocalPath4 = ..\\..\\..\\..\\DataDomain\\Phytel.API.DataDomain.Program\\Development\\Current\\Program
		SccProjectUniqueName5 = ..\\..\\..\\..\\DataDomain\\Phytel.API.DataDomain.Program\\Development\\Current\\Program.DTO\\DataDomain.Program.DTO.csproj
		SccProjectTopLevelParentUniqueName5 = ProgramBuilder.sln
		SccProjectName5 = ../../../../DataDomain/Phytel.API.DataDomain.Program/Development/Current/Program.DTO
		SccLocalPath5 = ..\\..\\..\\..\\DataDomain\\Phytel.API.DataDomain.Program\\Development\\Current\\Program.DTO
		SccProjectUniqueName6 = ..\\..\\..\\..\\DataDomain\\Phytel.API.DataDomain.Patient\\Development\\Current\\Patient.DTOs\\DataDomain.Patient.DTO.csproj
		SccProjectTopLevelParentUniqueName6 = ProgramBuilder.sln
		SccProjectName6 = ../../../../DataDomain/Phytel.API.DataDomain.Patient/Development/Current/Patient.DTOs
		SccLocalPath6 = ..\\..\\..\\..\\DataDomain\\Phytel.API.DataDomain.Patient\\Development\\Current\\Patient.DTOs
		SccProjectUniqueName7 = ..\\..\\..\\..\\Common\\Phytel.API.Common\\Development\\Current\\Phytel.API.Common.csproj
		SccProjectTopLevelParentUniqueName7 = ProgramBuilder.sln
		SccProjectName7 = ../../../../Common/Phytel.API.Common/Development/Current
		SccLocalPath7 = ..\\..\\..\\..\\Common\\Phytel.API.Common\\Development\\Current
	EndGlobalSection
	GlobalSection(SolutionConfigurationPlatforms) = preSolution
		Debug|Any CPU = Debug|Any CPU
		Release|Any CPU = Release|Any CPU
		Test|Any CPU = Test|Any CPU
	EndGlobalSection
	GlobalSection(ProjectConfigurationPlatforms) = postSolution
		{B8B41A72-C45B-4356-8F51-97BD4E696B2A}.Debug|Any CPU.ActiveCfg = Debug|Any CPU
		{B8B41A72-C45B-4356-8F51-97BD4E696B2A}.Debug|Any CPU.Build.0 = Debug|Any CPU
		{B8B41A72-C45B-4356-8F51-97BD4E696B2A}.Release|Any CPU.ActiveCfg = Release|Any CPU
		{B8B41A72-C45B-4356-8F51-97BD4E696B2A}.Release|Any CPU.Build.0 = Release|Any CPU
		{B8B41A72-C45B-4356-8F51-97BD4E696B2A}.Test|Any CPU.ActiveCfg = Release|Any CPU
		{B8B41A72-C45B-4356-8F51-97BD4E696B2A}.Test|Any CPU.Build.0 = Release|Any CPU
		{6862B598-6967-430D-803A-BBE00FE98050}.Debug|Any CPU.ActiveCfg = Debug|Any CPU
		{6862B598-6967-430D-803A-BBE00FE98050}.Debug|Any CPU.Build.0 = Debug|Any CPU
		{6862B598-6967-430D-803A-BBE00FE98050}.Release|Any CPU.ActiveCfg = Release|Any CPU
		{6862B598-6967-430D-803A-BBE00FE98050}.Release|Any CPU.Build.0 = Release|Any CPU
		{6862B598-6967-430D-803A-BBE00FE98050}.Test|Any CPU.ActiveCfg = Release|Any CPU
		{6862B598-6967-430D-803A-BBE00FE98050}.Test|Any CPU.Build.0 = Release|Any CPU
		{ABE948FB-247E-4955-B3AB-B7C93E10A542}.Debug|Any CPU.ActiveCfg = Debug|Any CPU
		{ABE948FB-247E-4955-B3AB-B7C93E10A542}.Debug|Any CPU.Build.0 = Debug|Any CPU
		{ABE948FB-247E-4955-B3AB-B7C93E10A542}.Release|Any CPU.ActiveCfg = Release|Any CPU
		{ABE948FB-247E-4955-B3AB-B7C93E10A542}.Release|Any CPU.Build.0 = Release|Any CPU
		{ABE948FB-247E-4955-B3AB-B7C93E10A542}.Test|Any CPU.ActiveCfg = Test|Any CPU
		{ABE948FB-247E-4955-B3AB-B7C93E10A542}.Test|Any CPU.Build.0 = Test|Any CPU
		{34271552-E2E1-428F-B612-7186E01B6C54}.Debug|Any CPU.ActiveCfg = Debug|Any CPU
		{34271552-E2E1-428F-B612-7186E01B6C54}.Debug|Any CPU.Build.0 = Debug|Any CPU
		{34271552-E2E1-428F-B612-7186E01B6C54}.Release|Any CPU.ActiveCfg = Release|Any CPU
		{34271552-E2E1-428F-B612-7186E01B6C54}.Release|Any CPU.Build.0 = Release|Any CPU
		{34271552-E2E1-428F-B612-7186E01B6C54}.Test|Any CPU.ActiveCfg = Release|Any CPU
		{34271552-E2E1-428F-B612-7186E01B6C54}.Test|Any CPU.Build.0 = Release|Any CPU
		{4E9F9DBF-E01B-4226-9E4F-246149EBBB3F}.Debug|Any CPU.ActiveCfg = Debug|Any CPU
		{4E9F9DBF-E01B-4226-9E4F-246149EBBB3F}.Debug|Any CPU.Build.0 = Debug|Any CPU
		{4E9F9DBF-E01B-4226-9E4F-246149EBBB3F}.Release|Any CPU.ActiveCfg = Release|Any CPU
		{4E9F9DBF-E01B-4226-9E4F-246149EBBB3F}.Release|Any CPU.Build.0 = Release|Any CPU
		{4E9F9DBF-E01B-4226-9E4F-246149EBBB3F}.Test|Any CPU.ActiveCfg = Test|Any CPU
		{4E9F9DBF-E01B-4226-9E4F-246149EBBB3F}.Test|Any CPU.Build.0 = Test|Any CPU
		{1B3148A8-FB57-4461-91BC-F1CD38A013B6}.Debug|Any CPU.ActiveCfg = Debug|Any CPU
		{1B3148A8-FB57-4461-91BC-F1CD38A013B6}.Debug|Any CPU.Build.0 = Debug|Any CPU
		{1B3148A8-FB57-4461-91BC-F1CD38A013B6}.Release|Any CPU.ActiveCfg = Release|Any CPU
		{1B3148A8-FB57-4461-91BC-F1CD38A013B6}.Release|Any CPU.Build.0 = Release|Any CPU
		{1B3148A8-FB57-4461-91BC-F1CD38A013B6}.Test|Any CPU.ActiveCfg = Test|Any CPU
		{1B3148A8-FB57-4461-91BC-F1CD38A013B6}.Test|Any CPU.Build.0 = Test|Any CPU
		{25CF3C3F-221F-4A49-B5EF-A8A5FCF9A5BA}.Debug|Any CPU.ActiveCfg = Debug|Any CPU
		{25CF3C3F-221F-4A49-B5EF-A8A5FCF9A5BA}.Debug|Any CPU.Build.0 = Debug|Any CPU
		{25CF3C3F-221F-4A49-B5EF-A8A5FCF9A5BA}.Release|Any CPU.ActiveCfg = Release|Any CPU
		{25CF3C3F-221F-4A49-B5EF-A8A5FCF9A5BA}.Release|Any CPU.Build.0 = Release|Any CPU
		{25CF3C3F-221F-4A49-B5EF-A8A5FCF9A5BA}.Test|Any CPU.ActiveCfg = Test|Any CPU
		{25CF3C3F-221F-4A49-B5EF-A8A5FCF9A5BA}.Test|Any CPU.Build.0 = Test|Any CPU
	EndGlobalSection
	GlobalSection(SolutionProperties) = preSolution
		HideSolutionNode = FALSE
	EndGlobalSection
	GlobalSection(NestedProjects) = preSolution
		{6862B598-6967-430D-803A-BBE00FE98050} = {8C8C93A8-E87D-471B-B373-9CD3B74FCF28}
		{ABE948FB-247E-4955-B3AB-B7C93E10A542} = {8C8C93A8-E87D-471B-B373-9CD3B74FCF28}
		{34271552-E2E1-428F-B612-7186E01B6C54} = {8C8C93A8-E87D-471B-B373-9CD3B74FCF28}
		{4E9F9DBF-E01B-4226-9E4F-246149EBBB3F} = {8C8C93A8-E87D-471B-B373-9CD3B74FCF28}
		{1B3148A8-FB57-4461-91BC-F1CD38A013B6} = {8C8C93A8-E87D-471B-B373-9CD3B74FCF28}
		{25CF3C3F-221F-4A49-B5EF-A8A5FCF9A5BA} = {8C8C93A8-E87D-471B-B373-9CD3B74FCF28}
	EndGlobalSection
EndGlobal
