Microsoft Visual Studio Solution File, Format Version 12.00
# Visual Studio 2013
VisualStudioVersion = 12.0.21005.1
MinimumVisualStudioVersion = 10.0.40219.1
Project("{FAE04EC0-301F-11D3-BF4B-00C04F79EFBC}") = "DataDomain.Module.Service", "Module.Service\DataDomain.Module.Service.csproj", "{38F3E9D6-6934-4300-8B30-A063C4D26D48}"
EndProject
Project("{FAE04EC0-301F-11D3-BF4B-00C04F79EFBC}") = "DataDomain.Module.Test", "Module.Test\DataDomain.Module.Test.csproj", "{49395155-66AC-4779-9AE0-47AAA730E959}"
EndProject
Project("{FAE04EC0-301F-11D3-BF4B-00C04F79EFBC}") = "DataDomain.Module", "Module\DataDomain.Module.csproj", "{C007C9BA-A710-44D3-BE86-328EABCDFC15}"
EndProject
Project("{FAE04EC0-301F-11D3-BF4B-00C04F79EFBC}") = "DataDomain.Module.DTO", "Module.DTO\DataDomain.Module.DTO.csproj", "{6862B598-6967-430D-803A-BBE00FE98050}"
EndProject
Project("{FAE04EC0-301F-11D3-BF4B-00C04F79EFBC}") = "DataDomain.Module.Service.Test", "Module.Service.Test\DataDomain.Module.Service.Test.csproj", "{7269FD2C-DF2E-4BE9-84C0-7A5F1FBCAF5A}"
EndProject
Project("{2150E333-8FDC-42A3-9474-1A3956D46DE8}") = "Phytel", "Phytel", "{B07EC83B-EE71-4420-84AF-D168805864E3}"
EndProject
Project("{FAE04EC0-301F-11D3-BF4B-00C04F79EFBC}") = "Phytel.Mongo", "..\..\..\..\..\..\Shared\PhytelServices\Development\Current\Phytel.Mongo\Phytel.Mongo.csproj", "{7C9E786C-E4F7-4382-BDE4-8DBF980EA013}"
EndProject
Project("{FAE04EC0-301F-11D3-BF4B-00C04F79EFBC}") = "PhytelServices", "..\..\..\..\..\..\Shared\PhytelServices\Development\Current\PhytelServices\PhytelServices.csproj", "{D790F618-438B-4C39-ABE5-1346122273AC}"
EndProject
Project("{FAE04EC0-301F-11D3-BF4B-00C04F79EFBC}") = "Phytel.API.Interface", "..\..\..\..\Interfaces\Development\Current\Phytel.API.Interface\Phytel.API.Interface.csproj", "{ABE948FB-247E-4955-B3AB-B7C93E10A542}"
EndProject
Global
	GlobalSection(TeamFoundationVersionControl) = preSolution
		SccNumberOfProjects = 8
		SccEnterpriseProvider = {4CA58AB2-18FA-4F8D-95D4-32DDF27D184C}
		SccTeamFoundationServer = http://hillstfs2013:8080/tfs/phytel
		SccProjectUniqueName0 = Module.Service\\DataDomain.Module.Service.csproj
		SccProjectName0 = Module.Service
		SccAuxPath0 = http://hillstfs2013:8080/tfs/phytel
		SccLocalPath0 = Module.Service
		SccProvider0 = {4CA58AB2-18FA-4F8D-95D4-32DDF27D184C}
		SccProjectUniqueName1 = Module.Test\\DataDomain.Module.Test.csproj
		SccProjectName1 = Module.Test
		SccAuxPath1 = http://hillstfs2013:8080/tfs/phytel
		SccLocalPath1 = Module.Test
		SccProvider1 = {4CA58AB2-18FA-4F8D-95D4-32DDF27D184C}
		SccProjectUniqueName2 = Module\\DataDomain.Module.csproj
		SccProjectName2 = Module
		SccAuxPath2 = http://hillstfs2013:8080/tfs/phytel
		SccLocalPath2 = Module
		SccProvider2 = {4CA58AB2-18FA-4F8D-95D4-32DDF27D184C}
		SccProjectUniqueName3 = Module.DTO\\DataDomain.Module.DTO.csproj
		SccProjectName3 = Module.DTO
		SccAuxPath3 = http://hillstfs2013:8080/tfs/phytel
		SccLocalPath3 = Module.DTO
		SccProvider3 = {4CA58AB2-18FA-4F8D-95D4-32DDF27D184C}
		SccProjectUniqueName4 = Module.Service.Test\\DataDomain.Module.Service.Test.csproj
		SccProjectName4 = Module.Service.Test
		SccAuxPath4 = http://hillstfs2013:8080/tfs/phytel
		SccLocalPath4 = Module.Service.Test
		SccProvider4 = {4CA58AB2-18FA-4F8D-95D4-32DDF27D184C}
		SccProjectUniqueName5 = ..\\..\\..\\..\\..\\..\\Shared\\PhytelServices\\Development\\Current\\Phytel.Mongo\\Phytel.Mongo.csproj
		SccProjectTopLevelParentUniqueName5 = DataDomain.Module.sln
		SccProjectName5 = ../../../../../../Shared/PhytelServices/Development/Current/Phytel.Mongo
		SccAuxPath5 = http://hillstfs2013:8080/tfs/phytel
		SccLocalPath5 = ..\\..\\..\\..\\..\\..\\Shared\\PhytelServices\\Development\\Current\\Phytel.Mongo
		SccProvider5 = {4CA58AB2-18FA-4F8D-95D4-32DDF27D184C}
		SccProjectUniqueName6 = ..\\..\\..\\..\\..\\..\\Shared\\PhytelServices\\Development\\Current\\PhytelServices\\PhytelServices.csproj
		SccProjectTopLevelParentUniqueName6 = DataDomain.Module.sln
		SccProjectName6 = ../../../../../../Shared/PhytelServices/Development/Current/PhytelServices
		SccAuxPath6 = http://hillstfs2013:8080/tfs/phytel
		SccLocalPath6 = ..\\..\\..\\..\\..\\..\\Shared\\PhytelServices\\Development\\Current\\PhytelServices
		SccProvider6 = {4CA58AB2-18FA-4F8D-95D4-32DDF27D184C}
		SccProjectUniqueName7 = ..\\..\\..\\..\\Interfaces\\Development\\Current\\Phytel.API.Interface\\Phytel.API.Interface.csproj
		SccProjectTopLevelParentUniqueName7 = DataDomain.Module.sln
		SccProjectName7 = ../../../../Interfaces/Development/Current/Phytel.API.Interface
		SccAuxPath7 = http://hillstfs2013:8080/tfs/phytel
		SccLocalPath7 = ..\\..\\..\\..\\Interfaces\\Development\\Current\\Phytel.API.Interface
		SccProvider7 = {4CA58AB2-18FA-4F8D-95D4-32DDF27D184C}
	EndGlobalSection
	GlobalSection(SolutionConfigurationPlatforms) = preSolution
		Debug|Any CPU = Debug|Any CPU
		Release|Any CPU = Release|Any CPU
	EndGlobalSection
	GlobalSection(ProjectConfigurationPlatforms) = postSolution
		{38F3E9D6-6934-4300-8B30-A063C4D26D48}.Debug|Any CPU.ActiveCfg = Debug|Any CPU
		{38F3E9D6-6934-4300-8B30-A063C4D26D48}.Debug|Any CPU.Build.0 = Debug|Any CPU
		{38F3E9D6-6934-4300-8B30-A063C4D26D48}.Release|Any CPU.ActiveCfg = Release|Any CPU
		{38F3E9D6-6934-4300-8B30-A063C4D26D48}.Release|Any CPU.Build.0 = Release|Any CPU
		{49395155-66AC-4779-9AE0-47AAA730E959}.Debug|Any CPU.ActiveCfg = Debug|Any CPU
		{49395155-66AC-4779-9AE0-47AAA730E959}.Debug|Any CPU.Build.0 = Debug|Any CPU
		{49395155-66AC-4779-9AE0-47AAA730E959}.Release|Any CPU.ActiveCfg = Release|Any CPU
		{49395155-66AC-4779-9AE0-47AAA730E959}.Release|Any CPU.Build.0 = Release|Any CPU
		{C007C9BA-A710-44D3-BE86-328EABCDFC15}.Debug|Any CPU.ActiveCfg = Debug|Any CPU
		{C007C9BA-A710-44D3-BE86-328EABCDFC15}.Debug|Any CPU.Build.0 = Debug|Any CPU
		{C007C9BA-A710-44D3-BE86-328EABCDFC15}.Release|Any CPU.ActiveCfg = Release|Any CPU
		{C007C9BA-A710-44D3-BE86-328EABCDFC15}.Release|Any CPU.Build.0 = Release|Any CPU
		{6862B598-6967-430D-803A-BBE00FE98050}.Debug|Any CPU.ActiveCfg = Debug|Any CPU
		{6862B598-6967-430D-803A-BBE00FE98050}.Debug|Any CPU.Build.0 = Debug|Any CPU
		{6862B598-6967-430D-803A-BBE00FE98050}.Release|Any CPU.ActiveCfg = Release|Any CPU
		{6862B598-6967-430D-803A-BBE00FE98050}.Release|Any CPU.Build.0 = Release|Any CPU
		{7269FD2C-DF2E-4BE9-84C0-7A5F1FBCAF5A}.Debug|Any CPU.ActiveCfg = Debug|Any CPU
		{7269FD2C-DF2E-4BE9-84C0-7A5F1FBCAF5A}.Debug|Any CPU.Build.0 = Debug|Any CPU
		{7269FD2C-DF2E-4BE9-84C0-7A5F1FBCAF5A}.Release|Any CPU.ActiveCfg = Release|Any CPU
		{7269FD2C-DF2E-4BE9-84C0-7A5F1FBCAF5A}.Release|Any CPU.Build.0 = Release|Any CPU
		{7C9E786C-E4F7-4382-BDE4-8DBF980EA013}.Debug|Any CPU.ActiveCfg = Debug|Any CPU
		{7C9E786C-E4F7-4382-BDE4-8DBF980EA013}.Debug|Any CPU.Build.0 = Debug|Any CPU
		{7C9E786C-E4F7-4382-BDE4-8DBF980EA013}.Release|Any CPU.ActiveCfg = Release|Any CPU
		{7C9E786C-E4F7-4382-BDE4-8DBF980EA013}.Release|Any CPU.Build.0 = Release|Any CPU
		{D790F618-438B-4C39-ABE5-1346122273AC}.Debug|Any CPU.ActiveCfg = Debug|Any CPU
		{D790F618-438B-4C39-ABE5-1346122273AC}.Debug|Any CPU.Build.0 = Debug|Any CPU
		{D790F618-438B-4C39-ABE5-1346122273AC}.Release|Any CPU.ActiveCfg = Release|Any CPU
		{D790F618-438B-4C39-ABE5-1346122273AC}.Release|Any CPU.Build.0 = Release|Any CPU
		{ABE948FB-247E-4955-B3AB-B7C93E10A542}.Debug|Any CPU.ActiveCfg = Debug|Any CPU
		{ABE948FB-247E-4955-B3AB-B7C93E10A542}.Debug|Any CPU.Build.0 = Debug|Any CPU
		{ABE948FB-247E-4955-B3AB-B7C93E10A542}.Release|Any CPU.ActiveCfg = Release|Any CPU
		{ABE948FB-247E-4955-B3AB-B7C93E10A542}.Release|Any CPU.Build.0 = Release|Any CPU
	EndGlobalSection
	GlobalSection(SolutionProperties) = preSolution
		HideSolutionNode = FALSE
	EndGlobalSection
	GlobalSection(NestedProjects) = preSolution
		{7C9E786C-E4F7-4382-BDE4-8DBF980EA013} = {B07EC83B-EE71-4420-84AF-D168805864E3}
		{D790F618-438B-4C39-ABE5-1346122273AC} = {B07EC83B-EE71-4420-84AF-D168805864E3}
		{ABE948FB-247E-4955-B3AB-B7C93E10A542} = {B07EC83B-EE71-4420-84AF-D168805864E3}
	EndGlobalSection
EndGlobal
