
Microsoft Visual Studio Solution File, Format Version 12.00
# Visual Studio 2013
VisualStudioVersion = 12.0.40629.0
MinimumVisualStudioVersion = 10.0.40219.1
Project("{FAE04EC0-301F-11D3-BF4B-00C04F79EFBC}") = "Phytel.API.DataDomain.Referral", "Phytel.API.DataDomain.Referral\Phytel.API.DataDomain.Referral.csproj", "{616F5DB9-9CD6-4534-AF53-4E09C675C412}"
EndProject
Project("{FAE04EC0-301F-11D3-BF4B-00C04F79EFBC}") = "Phytel.API.DataDomain.Referral.DTO", "Phytel.API.DataDomain.Referral.DTO\Phytel.API.DataDomain.Referral.DTO.csproj", "{05A57673-F2EA-4B7C-B14E-AEC92FA1D463}"
EndProject
Project("{FAE04EC0-301F-11D3-BF4B-00C04F79EFBC}") = "Phytel.API.DataDomain.Referral.Repo", "Phytel.API.DataDomain.Referral.Repo\Phytel.API.DataDomain.Referral.Repo.csproj", "{8C97BFA8-A7E9-4442-9B8B-76AE76F1EDD6}"
EndProject
Global
	GlobalSection(SolutionConfigurationPlatforms) = preSolution
		Debug|Any CPU = Debug|Any CPU
		Release|Any CPU = Release|Any CPU
	EndGlobalSection
	GlobalSection(ProjectConfigurationPlatforms) = postSolution
		{616F5DB9-9CD6-4534-AF53-4E09C675C412}.Debug|Any CPU.ActiveCfg = Debug|Any CPU
		{616F5DB9-9CD6-4534-AF53-4E09C675C412}.Debug|Any CPU.Build.0 = Debug|Any CPU
		{616F5DB9-9CD6-4534-AF53-4E09C675C412}.Release|Any CPU.ActiveCfg = Release|Any CPU
		{616F5DB9-9CD6-4534-AF53-4E09C675C412}.Release|Any CPU.Build.0 = Release|Any CPU
		{05A57673-F2EA-4B7C-B14E-AEC92FA1D463}.Debug|Any CPU.ActiveCfg = Debug|Any CPU
		{05A57673-F2EA-4B7C-B14E-AEC92FA1D463}.Debug|Any CPU.Build.0 = Debug|Any CPU
		{05A57673-F2EA-4B7C-B14E-AEC92FA1D463}.Release|Any CPU.ActiveCfg = Release|Any CPU
		{05A57673-F2EA-4B7C-B14E-AEC92FA1D463}.Release|Any CPU.Build.0 = Release|Any CPU
		{8C97BFA8-A7E9-4442-9B8B-76AE76F1EDD6}.Debug|Any CPU.ActiveCfg = Debug|Any CPU
		{8C97BFA8-A7E9-4442-9B8B-76AE76F1EDD6}.Debug|Any CPU.Build.0 = Debug|Any CPU
		{8C97BFA8-A7E9-4442-9B8B-76AE76F1EDD6}.Release|Any CPU.ActiveCfg = Release|Any CPU
		{8C97BFA8-A7E9-4442-9B8B-76AE76F1EDD6}.Release|Any CPU.Build.0 = Release|Any CPU
	EndGlobalSection
	GlobalSection(SolutionProperties) = preSolution
		HideSolutionNode = FALSE
	EndGlobalSection
EndGlobal
