
Microsoft Visual Studio Solution File, Format Version 12.00
# Visual Studio 2013
VisualStudioVersion = 12.0.30110.0
MinimumVisualStudioVersion = 10.0.40219.1
Project("{FAE04EC0-301F-11D3-BF4B-00C04F79EFBC}") = "DataDomain.Step.Service", "Step.Service\DataDomain.Step.Service.csproj", "{6AA1BC3E-16F0-4E96-A4B9-5A58F7CE7EF0}"
EndProject
Project("{FAE04EC0-301F-11D3-BF4B-00C04F79EFBC}") = "DataDomain.Step", "Step\DataDomain.Step.csproj", "{79DCBEEF-250B-4D28-8D1D-EE76A3E2491F}"
EndProject
Project("{FAE04EC0-301F-11D3-BF4B-00C04F79EFBC}") = "DataDomain.Step.DTO", "Step.DTO\DataDomain.Step.DTO.csproj", "{71E4BD1E-0FDF-4B80-8322-4C38B8BB671C}"
EndProject
Project("{FAE04EC0-301F-11D3-BF4B-00C04F79EFBC}") = "DataDomain.Step.Service.Test", "Step.Service.Test\DataDomain.Step.Service.Test.csproj", "{CE87FCEA-7946-4F4B-B84B-47B8DED237FA}"
EndProject
Project("{FAE04EC0-301F-11D3-BF4B-00C04F79EFBC}") = "DataDomain.Step.Test", "Step.Test\DataDomain.Step.Test.csproj", "{C81DE09B-A2B2-4E0A-B642-482471BE74CA}"
EndProject
Project("{FAE04EC0-301F-11D3-BF4B-00C04F79EFBC}") = "Phytel.API.Interface", "..\..\..\..\Interfaces\Release Candidate\Current\Phytel.API.Interface\Phytel.API.Interface.csproj", "{ABE948FB-247E-4955-B3AB-B7C93E10A542}"
EndProject
Global
	GlobalSection(TeamFoundationVersionControl) = preSolution
		SccNumberOfProjects = 7
		SccEnterpriseProvider = {4CA58AB2-18FA-4F8D-95D4-32DDF27D184C}
		SccTeamFoundationServer = http://hillstfs2013:8080/tfs/phytel
		SccProjectUniqueName0 = Step.Service\\DataDomain.Step.Service.csproj
		SccProjectName0 = Step.Service
		SccLocalPath0 = Step.Service
		SccProjectUniqueName1 = Step\\DataDomain.Step.csproj
		SccProjectName1 = Step
		SccLocalPath1 = Step
		SccProjectUniqueName2 = Step.DTO\\DataDomain.Step.DTO.csproj
		SccProjectName2 = Step.DTO
		SccLocalPath2 = Step.DTO
		SccProjectUniqueName3 = Step.Service.Test\\DataDomain.Step.Service.Test.csproj
		SccProjectName3 = Step.Service.Test
		SccLocalPath3 = Step.Service.Test
		SccProjectUniqueName4 = Step.Test\\DataDomain.Step.Test.csproj
		SccProjectName4 = Step.Test
		SccLocalPath4 = Step.Test
		SccProjectUniqueName5 = ..\\..\\..\\..\\Interfaces\\Release Candidate\\Current\\Phytel.API.Interface\\Phytel.API.Interface.csproj
		SccProjectName5 = ../../../../Interfaces/Development/Current/Phytel.API.Interface
		SccLocalPath5 = ..\\..\\..\\..\\Interfaces\\Release Candidate\\Current\\Phytel.API.Interface
		SccLocalPath6 = .
	EndGlobalSection
	GlobalSection(SolutionConfigurationPlatforms) = preSolution
		Debug|Any CPU = Debug|Any CPU
		Release|Any CPU = Release|Any CPU
	EndGlobalSection
	GlobalSection(ProjectConfigurationPlatforms) = postSolution
		{6AA1BC3E-16F0-4E96-A4B9-5A58F7CE7EF0}.Debug|Any CPU.ActiveCfg = Debug|Any CPU
		{6AA1BC3E-16F0-4E96-A4B9-5A58F7CE7EF0}.Debug|Any CPU.Build.0 = Debug|Any CPU
		{6AA1BC3E-16F0-4E96-A4B9-5A58F7CE7EF0}.Release|Any CPU.ActiveCfg = Release|Any CPU
		{6AA1BC3E-16F0-4E96-A4B9-5A58F7CE7EF0}.Release|Any CPU.Build.0 = Release|Any CPU
		{79DCBEEF-250B-4D28-8D1D-EE76A3E2491F}.Debug|Any CPU.ActiveCfg = Debug|Any CPU
		{79DCBEEF-250B-4D28-8D1D-EE76A3E2491F}.Debug|Any CPU.Build.0 = Debug|Any CPU
		{79DCBEEF-250B-4D28-8D1D-EE76A3E2491F}.Release|Any CPU.ActiveCfg = Release|Any CPU
		{79DCBEEF-250B-4D28-8D1D-EE76A3E2491F}.Release|Any CPU.Build.0 = Release|Any CPU
		{71E4BD1E-0FDF-4B80-8322-4C38B8BB671C}.Debug|Any CPU.ActiveCfg = Debug|Any CPU
		{71E4BD1E-0FDF-4B80-8322-4C38B8BB671C}.Debug|Any CPU.Build.0 = Debug|Any CPU
		{71E4BD1E-0FDF-4B80-8322-4C38B8BB671C}.Release|Any CPU.ActiveCfg = Release|Any CPU
		{71E4BD1E-0FDF-4B80-8322-4C38B8BB671C}.Release|Any CPU.Build.0 = Release|Any CPU
		{CE87FCEA-7946-4F4B-B84B-47B8DED237FA}.Debug|Any CPU.ActiveCfg = Debug|Any CPU
		{CE87FCEA-7946-4F4B-B84B-47B8DED237FA}.Debug|Any CPU.Build.0 = Debug|Any CPU
		{CE87FCEA-7946-4F4B-B84B-47B8DED237FA}.Release|Any CPU.ActiveCfg = Release|Any CPU
		{CE87FCEA-7946-4F4B-B84B-47B8DED237FA}.Release|Any CPU.Build.0 = Release|Any CPU
		{C81DE09B-A2B2-4E0A-B642-482471BE74CA}.Debug|Any CPU.ActiveCfg = Debug|Any CPU
		{C81DE09B-A2B2-4E0A-B642-482471BE74CA}.Debug|Any CPU.Build.0 = Debug|Any CPU
		{C81DE09B-A2B2-4E0A-B642-482471BE74CA}.Release|Any CPU.ActiveCfg = Release|Any CPU
		{C81DE09B-A2B2-4E0A-B642-482471BE74CA}.Release|Any CPU.Build.0 = Release|Any CPU
		{ABE948FB-247E-4955-B3AB-B7C93E10A542}.Debug|Any CPU.ActiveCfg = Debug|Any CPU
		{ABE948FB-247E-4955-B3AB-B7C93E10A542}.Debug|Any CPU.Build.0 = Debug|Any CPU
		{ABE948FB-247E-4955-B3AB-B7C93E10A542}.Release|Any CPU.ActiveCfg = Release|Any CPU
		{ABE948FB-247E-4955-B3AB-B7C93E10A542}.Release|Any CPU.Build.0 = Release|Any CPU
	EndGlobalSection
	GlobalSection(SolutionProperties) = preSolution
		HideSolutionNode = FALSE
	EndGlobalSection
EndGlobal
