Microsoft Visual Studio Solution File, Format Version 12.00
# Visual Studio 2013
VisualStudioVersion = 12.0.30110.0
MinimumVisualStudioVersion = 10.0.40219.1
Project("{FAE04EC0-301F-11D3-BF4B-00C04F79EFBC}") = "DataDomain.PatientSystem.Service", "PatientSystem.Service\DataDomain.PatientSystem.Service.csproj", "{F127267A-807D-4091-AE83-48CDC12E7D56}"
EndProject
Project("{FAE04EC0-301F-11D3-BF4B-00C04F79EFBC}") = "DataDomain.PatientSystem.Test", "PatientSystem.Test\DataDomain.PatientSystem.Test.csproj", "{BA3F00D1-7DE7-4AE6-B637-6681C10EC20D}"
EndProject
Project("{FAE04EC0-301F-11D3-BF4B-00C04F79EFBC}") = "DataDomain.PatientSystem", "PatientSystem\DataDomain.PatientSystem.csproj", "{BF2F1262-D5CC-41F0-BCFC-7CCDCE479795}"
EndProject
Project("{FAE04EC0-301F-11D3-BF4B-00C04F79EFBC}") = "DataDomain.PatientSystem.DTO", "PatientSystem.DTO\DataDomain.PatientSystem.DTO.csproj", "{6033A8EA-A3EF-4182-BFDD-4A9826ECF871}"
EndProject
Project("{FAE04EC0-301F-11D3-BF4B-00C04F79EFBC}") = "DataDomain.PatientSystem.Service.Test", "PatientSystem.Service.Test\DataDomain.PatientSystem.Service.Test.csproj", "{211E6CB2-91E2-4C25-A235-1FF1D9D4CEC7}"
EndProject
Project("{2150E333-8FDC-42A3-9474-1A3956D46DE8}") = "Shared", "Shared", "{76228328-122A-40DC-897C-6E9854BAE21D}"
EndProject
Project("{FAE04EC0-301F-11D3-BF4B-00C04F79EFBC}") = "Phytel.API.Common", "..\..\..\..\Common\Phytel.API.Common\Development\Current\Phytel.API.Common.csproj", "{25CF3C3F-221F-4A49-B5EF-A8A5FCF9A5BA}"
EndProject
Project("{FAE04EC0-301F-11D3-BF4B-00C04F79EFBC}") = "Phytel.API.DataAudit", "..\..\..\..\Common\Phytel.API.DataAudit\Development\Current\Phytel.API.DataAudit.csproj", "{AE842695-4DD4-4403-9BE4-8473BCA09580}"
EndProject
Project("{FAE04EC0-301F-11D3-BF4B-00C04F79EFBC}") = "Phytel.API.Interface", "..\..\..\..\Interfaces\Development\Current\Phytel.API.Interface\Phytel.API.Interface.csproj", "{ABE948FB-247E-4955-B3AB-B7C93E10A542}"
EndProject
Global
	GlobalSection(TeamFoundationVersionControl) = preSolution
		SccNumberOfProjects = 9
		SccEnterpriseProvider = {4CA58AB2-18FA-4F8D-95D4-32DDF27D184C}
		SccTeamFoundationServer = http://hillstfs2013:8080/tfs/phytel
		SccProjectUniqueName0 = PatientSystem.Service\\DataDomain.PatientSystem.Service.csproj
		SccProjectName0 = PatientSystem.Service
		SccLocalPath0 = PatientSystem.Service
		SccProjectUniqueName1 = PatientSystem.Test\\DataDomain.PatientSystem.Test.csproj
		SccProjectName1 = PatientSystem.Test
		SccLocalPath1 = PatientSystem.Test
		SccProjectUniqueName2 = PatientSystem\\DataDomain.PatientSystem.csproj
		SccProjectName2 = PatientSystem
		SccLocalPath2 = PatientSystem
		SccProjectUniqueName3 = PatientSystem.DTO\\DataDomain.PatientSystem.DTO.csproj
		SccProjectName3 = PatientSystem.DTO
		SccLocalPath3 = PatientSystem.DTO
		SccProjectUniqueName4 = PatientSystem.Service.Test\\DataDomain.PatientSystem.Service.Test.csproj
		SccProjectName4 = PatientSystem.Service.Test
		SccLocalPath4 = PatientSystem.Service.Test
		SccProjectUniqueName5 = ..\\..\\..\\..\\Common\\Phytel.API.Common\\Development\\Current\\Phytel.API.Common.csproj
		SccProjectTopLevelParentUniqueName5 = DataDomain.PatientSystem.sln
		SccProjectName5 = ../../../../Common/Phytel.API.Common/Development/Current
		SccLocalPath5 = ..\\..\\..\\..\\Common\\Phytel.API.Common\\Development\\Current
		SccProjectUniqueName6 = ..\\..\\..\\..\\Common\\Phytel.API.DataAudit\\Development\\Current\\Phytel.API.DataAudit.csproj
		SccProjectTopLevelParentUniqueName6 = DataDomain.PatientSystem.sln
		SccProjectName6 = ../../../../Common/Phytel.API.DataAudit/Development/Current
		SccLocalPath6 = ..\\..\\..\\..\\Common\\Phytel.API.DataAudit\\Development\\Current
		SccProjectUniqueName7 = ..\\..\\..\\..\\Interfaces\\Development\\Current\\Phytel.API.Interface\\Phytel.API.Interface.csproj
		SccProjectTopLevelParentUniqueName7 = DataDomain.PatientSystem.sln
		SccProjectName7 = ../../../../Interfaces/Development/Current/Phytel.API.Interface
		SccLocalPath7 = ..\\..\\..\\..\\Interfaces\\Development\\Current\\Phytel.API.Interface
		SccLocalPath8 = .
	EndGlobalSection
	GlobalSection(SolutionConfigurationPlatforms) = preSolution
		Debug|Any CPU = Debug|Any CPU
		Release|Any CPU = Release|Any CPU
		Test|Any CPU = Test|Any CPU
	EndGlobalSection
	GlobalSection(ProjectConfigurationPlatforms) = postSolution
		{F127267A-807D-4091-AE83-48CDC12E7D56}.Debug|Any CPU.ActiveCfg = Debug|Any CPU
		{F127267A-807D-4091-AE83-48CDC12E7D56}.Debug|Any CPU.Build.0 = Debug|Any CPU
		{F127267A-807D-4091-AE83-48CDC12E7D56}.Release|Any CPU.ActiveCfg = Release|Any CPU
		{F127267A-807D-4091-AE83-48CDC12E7D56}.Release|Any CPU.Build.0 = Release|Any CPU
		{F127267A-807D-4091-AE83-48CDC12E7D56}.Test|Any CPU.ActiveCfg = Release|Any CPU
		{F127267A-807D-4091-AE83-48CDC12E7D56}.Test|Any CPU.Build.0 = Release|Any CPU
		{BA3F00D1-7DE7-4AE6-B637-6681C10EC20D}.Debug|Any CPU.ActiveCfg = Debug|Any CPU
		{BA3F00D1-7DE7-4AE6-B637-6681C10EC20D}.Debug|Any CPU.Build.0 = Debug|Any CPU
		{BA3F00D1-7DE7-4AE6-B637-6681C10EC20D}.Release|Any CPU.ActiveCfg = Release|Any CPU
		{BA3F00D1-7DE7-4AE6-B637-6681C10EC20D}.Release|Any CPU.Build.0 = Release|Any CPU
		{BA3F00D1-7DE7-4AE6-B637-6681C10EC20D}.Test|Any CPU.ActiveCfg = Release|Any CPU
		{BA3F00D1-7DE7-4AE6-B637-6681C10EC20D}.Test|Any CPU.Build.0 = Release|Any CPU
		{BF2F1262-D5CC-41F0-BCFC-7CCDCE479795}.Debug|Any CPU.ActiveCfg = Debug|Any CPU
		{BF2F1262-D5CC-41F0-BCFC-7CCDCE479795}.Debug|Any CPU.Build.0 = Debug|Any CPU
		{BF2F1262-D5CC-41F0-BCFC-7CCDCE479795}.Release|Any CPU.ActiveCfg = Release|Any CPU
		{BF2F1262-D5CC-41F0-BCFC-7CCDCE479795}.Release|Any CPU.Build.0 = Release|Any CPU
		{BF2F1262-D5CC-41F0-BCFC-7CCDCE479795}.Test|Any CPU.ActiveCfg = Release|Any CPU
		{BF2F1262-D5CC-41F0-BCFC-7CCDCE479795}.Test|Any CPU.Build.0 = Release|Any CPU
		{6033A8EA-A3EF-4182-BFDD-4A9826ECF871}.Debug|Any CPU.ActiveCfg = Debug|Any CPU
		{6033A8EA-A3EF-4182-BFDD-4A9826ECF871}.Debug|Any CPU.Build.0 = Debug|Any CPU
		{6033A8EA-A3EF-4182-BFDD-4A9826ECF871}.Release|Any CPU.ActiveCfg = Release|Any CPU
		{6033A8EA-A3EF-4182-BFDD-4A9826ECF871}.Release|Any CPU.Build.0 = Release|Any CPU
		{6033A8EA-A3EF-4182-BFDD-4A9826ECF871}.Test|Any CPU.ActiveCfg = Release|Any CPU
		{6033A8EA-A3EF-4182-BFDD-4A9826ECF871}.Test|Any CPU.Build.0 = Release|Any CPU
		{211E6CB2-91E2-4C25-A235-1FF1D9D4CEC7}.Debug|Any CPU.ActiveCfg = Debug|Any CPU
		{211E6CB2-91E2-4C25-A235-1FF1D9D4CEC7}.Debug|Any CPU.Build.0 = Debug|Any CPU
		{211E6CB2-91E2-4C25-A235-1FF1D9D4CEC7}.Release|Any CPU.ActiveCfg = Release|Any CPU
		{211E6CB2-91E2-4C25-A235-1FF1D9D4CEC7}.Release|Any CPU.Build.0 = Release|Any CPU
		{211E6CB2-91E2-4C25-A235-1FF1D9D4CEC7}.Test|Any CPU.ActiveCfg = Release|Any CPU
		{211E6CB2-91E2-4C25-A235-1FF1D9D4CEC7}.Test|Any CPU.Build.0 = Release|Any CPU
		{25CF3C3F-221F-4A49-B5EF-A8A5FCF9A5BA}.Debug|Any CPU.ActiveCfg = Debug|Any CPU
		{25CF3C3F-221F-4A49-B5EF-A8A5FCF9A5BA}.Debug|Any CPU.Build.0 = Debug|Any CPU
		{25CF3C3F-221F-4A49-B5EF-A8A5FCF9A5BA}.Release|Any CPU.ActiveCfg = Release|Any CPU
		{25CF3C3F-221F-4A49-B5EF-A8A5FCF9A5BA}.Release|Any CPU.Build.0 = Release|Any CPU
		{25CF3C3F-221F-4A49-B5EF-A8A5FCF9A5BA}.Test|Any CPU.ActiveCfg = Test|Any CPU
		{25CF3C3F-221F-4A49-B5EF-A8A5FCF9A5BA}.Test|Any CPU.Build.0 = Test|Any CPU
		{AE842695-4DD4-4403-9BE4-8473BCA09580}.Debug|Any CPU.ActiveCfg = Debug|Any CPU
		{AE842695-4DD4-4403-9BE4-8473BCA09580}.Debug|Any CPU.Build.0 = Debug|Any CPU
		{AE842695-4DD4-4403-9BE4-8473BCA09580}.Release|Any CPU.ActiveCfg = Release|Any CPU
		{AE842695-4DD4-4403-9BE4-8473BCA09580}.Release|Any CPU.Build.0 = Release|Any CPU
		{AE842695-4DD4-4403-9BE4-8473BCA09580}.Test|Any CPU.ActiveCfg = Release|Any CPU
		{AE842695-4DD4-4403-9BE4-8473BCA09580}.Test|Any CPU.Build.0 = Release|Any CPU
		{ABE948FB-247E-4955-B3AB-B7C93E10A542}.Debug|Any CPU.ActiveCfg = Debug|Any CPU
		{ABE948FB-247E-4955-B3AB-B7C93E10A542}.Debug|Any CPU.Build.0 = Debug|Any CPU
		{ABE948FB-247E-4955-B3AB-B7C93E10A542}.Release|Any CPU.ActiveCfg = Release|Any CPU
		{ABE948FB-247E-4955-B3AB-B7C93E10A542}.Release|Any CPU.Build.0 = Release|Any CPU
		{ABE948FB-247E-4955-B3AB-B7C93E10A542}.Test|Any CPU.ActiveCfg = Test|Any CPU
		{ABE948FB-247E-4955-B3AB-B7C93E10A542}.Test|Any CPU.Build.0 = Test|Any CPU
	EndGlobalSection
	GlobalSection(SolutionProperties) = preSolution
		HideSolutionNode = FALSE
	EndGlobalSection
	GlobalSection(NestedProjects) = preSolution
		{25CF3C3F-221F-4A49-B5EF-A8A5FCF9A5BA} = {76228328-122A-40DC-897C-6E9854BAE21D}
		{AE842695-4DD4-4403-9BE4-8473BCA09580} = {76228328-122A-40DC-897C-6E9854BAE21D}
		{ABE948FB-247E-4955-B3AB-B7C93E10A542} = {76228328-122A-40DC-897C-6E9854BAE21D}
	EndGlobalSection
EndGlobal
