
Microsoft Visual Studio Solution File, Format Version 12.00
# Visual Studio 2013
VisualStudioVersion = 12.0.31101.0
MinimumVisualStudioVersion = 10.0.40219.1
Project("{FAE04EC0-301F-11D3-BF4B-00C04F79EFBC}") = "Atmosphere.Site", "Atmosphere.Site\Atmosphere.Site.csproj", "{EF9A14CF-F397-451E-A1CD-D275D74D1C04}"
EndProject
Project("{FAE04EC0-301F-11D3-BF4B-00C04F79EFBC}") = "Atmosphere.Core", "..\Atmosphere.Core\Atmosphere.Core\Atmosphere.Core.csproj", "{68618585-96EB-497E-87FA-BFBC3E33DE2F}"
EndProject
Project("{FAE04EC0-301F-11D3-BF4B-00C04F79EFBC}") = "Atmosphere.Core.Business", "..\Atmosphere.Core\Atmosphere.Core.Business\Atmosphere.Core.Business.csproj", "{58BCC2FF-5FE1-43B8-9316-BCD9A785CFEA}"
EndProject
Project("{FAE04EC0-301F-11D3-BF4B-00C04F79EFBC}") = "Atmosphere.Core.Data", "..\Atmosphere.Core\Atmosphere.Core.Data\Atmosphere.Core.Data.csproj", "{35B5F4CD-7702-49F6-B2F1-80180FBC1504}"
EndProject
Project("{FAE04EC0-301F-11D3-BF4B-00C04F79EFBC}") = "Phytel.ASEProcessor", "..\ASEProcessor\Phytel.ASEProcessor.csproj", "{443EBC11-9C16-4F02-985E-F0FCA2FFCB25}"
EndProject
Global
	GlobalSection(SolutionConfigurationPlatforms) = preSolution
		Debug|Any CPU = Debug|Any CPU
		Model|Any CPU = Model|Any CPU
		Release|Any CPU = Release|Any CPU
	EndGlobalSection
	GlobalSection(ProjectConfigurationPlatforms) = postSolution
		{EF9A14CF-F397-451E-A1CD-D275D74D1C04}.Debug|Any CPU.ActiveCfg = Debug|Any CPU
		{EF9A14CF-F397-451E-A1CD-D275D74D1C04}.Debug|Any CPU.Build.0 = Debug|Any CPU
		{EF9A14CF-F397-451E-A1CD-D275D74D1C04}.Model|Any CPU.ActiveCfg = Model|Any CPU
		{EF9A14CF-F397-451E-A1CD-D275D74D1C04}.Model|Any CPU.Build.0 = Model|Any CPU
		{EF9A14CF-F397-451E-A1CD-D275D74D1C04}.Release|Any CPU.ActiveCfg = Release|Any CPU
		{EF9A14CF-F397-451E-A1CD-D275D74D1C04}.Release|Any CPU.Build.0 = Release|Any CPU
		{68618585-96EB-497E-87FA-BFBC3E33DE2F}.Debug|Any CPU.ActiveCfg = Debug|Any CPU
		{68618585-96EB-497E-87FA-BFBC3E33DE2F}.Debug|Any CPU.Build.0 = Debug|Any CPU
		{68618585-96EB-497E-87FA-BFBC3E33DE2F}.Model|Any CPU.ActiveCfg = Model|Any CPU
		{68618585-96EB-497E-87FA-BFBC3E33DE2F}.Model|Any CPU.Build.0 = Model|Any CPU
		{68618585-96EB-497E-87FA-BFBC3E33DE2F}.Release|Any CPU.ActiveCfg = Release|Any CPU
		{68618585-96EB-497E-87FA-BFBC3E33DE2F}.Release|Any CPU.Build.0 = Release|Any CPU
		{58BCC2FF-5FE1-43B8-9316-BCD9A785CFEA}.Debug|Any CPU.ActiveCfg = Debug|Any CPU
		{58BCC2FF-5FE1-43B8-9316-BCD9A785CFEA}.Debug|Any CPU.Build.0 = Debug|Any CPU
		{58BCC2FF-5FE1-43B8-9316-BCD9A785CFEA}.Model|Any CPU.ActiveCfg = Model|Any CPU
		{58BCC2FF-5FE1-43B8-9316-BCD9A785CFEA}.Model|Any CPU.Build.0 = Model|Any CPU
		{58BCC2FF-5FE1-43B8-9316-BCD9A785CFEA}.Release|Any CPU.ActiveCfg = Release|Any CPU
		{58BCC2FF-5FE1-43B8-9316-BCD9A785CFEA}.Release|Any CPU.Build.0 = Release|Any CPU
		{35B5F4CD-7702-49F6-B2F1-80180FBC1504}.Debug|Any CPU.ActiveCfg = Debug|Any CPU
		{35B5F4CD-7702-49F6-B2F1-80180FBC1504}.Debug|Any CPU.Build.0 = Debug|Any CPU
		{35B5F4CD-7702-49F6-B2F1-80180FBC1504}.Model|Any CPU.ActiveCfg = Model|Any CPU
		{35B5F4CD-7702-49F6-B2F1-80180FBC1504}.Model|Any CPU.Build.0 = Model|Any CPU
		{35B5F4CD-7702-49F6-B2F1-80180FBC1504}.Release|Any CPU.ActiveCfg = Release|Any CPU
		{35B5F4CD-7702-49F6-B2F1-80180FBC1504}.Release|Any CPU.Build.0 = Release|Any CPU
		{443EBC11-9C16-4F02-985E-F0FCA2FFCB25}.Debug|Any CPU.ActiveCfg = Debug|Any CPU
		{443EBC11-9C16-4F02-985E-F0FCA2FFCB25}.Debug|Any CPU.Build.0 = Debug|Any CPU
		{443EBC11-9C16-4F02-985E-F0FCA2FFCB25}.Model|Any CPU.ActiveCfg = Model|Any CPU
		{443EBC11-9C16-4F02-985E-F0FCA2FFCB25}.Model|Any CPU.Build.0 = Model|Any CPU
		{443EBC11-9C16-4F02-985E-F0FCA2FFCB25}.Release|Any CPU.ActiveCfg = Release|Any CPU
		{443EBC11-9C16-4F02-985E-F0FCA2FFCB25}.Release|Any CPU.Build.0 = Release|Any CPU
	EndGlobalSection
	GlobalSection(SolutionProperties) = preSolution
		HideSolutionNode = FALSE
	EndGlobalSection
EndGlobal
