Microsoft Visual Studio Solution File, Format Version 12.00
# Visual Studio 2013
VisualStudioVersion = 12.0.21005.1
MinimumVisualStudioVersion = 10.0.40219.1
Project("{FAE04EC0-301F-11D3-BF4B-00C04F79EFBC}") = "Step.Service", "Step.Service\DataDomain.Step.Service.csproj", "{29DFC6F8-F09F-4881-8A94-43C4229A5583}"
EndProject
Project("{FAE04EC0-301F-11D3-BF4B-00C04F79EFBC}") = "Step.Test", "Step.Test\DataDomain.Step.Test.csproj", "{79CB7A3A-6D69-45F8-964F-D9609383B22A}"
EndProject
Project("{FAE04EC0-301F-11D3-BF4B-00C04F79EFBC}") = "Step", "Step\DataDomain.Step.csproj", "{F1A478D1-DCA1-4BE6-AE83-E0ACDD4FDFFD}"
EndProject
Project("{FAE04EC0-301F-11D3-BF4B-00C04F79EFBC}") = "Step.DTO", "Step.DTO\DataDomain.Step.DTO.csproj", "{1C2C63A1-4246-4EC9-BAD1-C00E9ECD85F6}"
EndProject
Project("{FAE04EC0-301F-11D3-BF4B-00C04F79EFBC}") = "Step.Service.Test", "Step.Service.Test\DataDomain.Step.Service.Test.csproj", "{9F763B50-9E2B-426F-ACFB-27F3D3F255D5}"
EndProject
Global
	GlobalSection(TeamFoundationVersionControl) = preSolution
		SccNumberOfProjects = 5
		SccEnterpriseProvider = {4CA58AB2-18FA-4F8D-95D4-32DDF27D184C}
		SccTeamFoundationServer = http://hillstfs2013:8080/tfs/phytel
		SccProjectUniqueName0 = Step.Services\\Step.Services.csproj
		SccProjectName0 = Step.Services
		SccAuxPath0 = http://hillstfs2013:8080/tfs/phytel
		SccLocalPath0 = Step.Services
		SccProvider0 = {4CA58AB2-18FA-4F8D-95D4-32DDF27D184C}
		SccProjectUniqueName1 = Step\\Step.csproj
		SccProjectName1 = Step
		SccAuxPath1 = http://hillstfs2013:8080/tfs/phytel
		SccLocalPath1 = Step
		SccProvider1 = {4CA58AB2-18FA-4F8D-95D4-32DDF27D184C}
		SccProjectUniqueName2 = Step.DTOs\\Step.DTOs.csproj
		SccProjectName2 = Step.DTOs
		SccAuxPath2 = http://hillstfs2013:8080/tfs/phytel
		SccLocalPath2 = Step.DTOs
		SccProvider2 = {4CA58AB2-18FA-4F8D-95D4-32DDF27D184C}
		SccProjectUniqueName3 = Step.Services.Tests\\Step.Services.Tests.csproj
		SccProjectName3 = Step.Services.Tests
		SccAuxPath3 = http://hillstfs2013:8080/tfs/phytel
		SccLocalPath3 = Step.Services.Tests
		SccProvider3 = {4CA58AB2-18FA-4F8D-95D4-32DDF27D184C}
		SccProjectUniqueName4 = Step.Tests\\Step.Tests.csproj
		SccProjectName4 = Step.Tests
		SccAuxPath4 = http://hillstfs2013:8080/tfs/phytel
		SccLocalPath4 = Step.Tests
		SccProvider4 = {4CA58AB2-18FA-4F8D-95D4-32DDF27D184C}
	EndGlobalSection
	GlobalSection(SolutionConfigurationPlatforms) = preSolution
		Debug|Any CPU = Debug|Any CPU
		Release|Any CPU = Release|Any CPU
	EndGlobalSection
	GlobalSection(ProjectConfigurationPlatforms) = postSolution
		{29DFC6F8-F09F-4881-8A94-43C4229A5583}.Debug|Any CPU.ActiveCfg = Debug|Any CPU
		{29DFC6F8-F09F-4881-8A94-43C4229A5583}.Debug|Any CPU.Build.0 = Debug|Any CPU
		{29DFC6F8-F09F-4881-8A94-43C4229A5583}.Release|Any CPU.ActiveCfg = Release|Any CPU
		{29DFC6F8-F09F-4881-8A94-43C4229A5583}.Release|Any CPU.Build.0 = Release|Any CPU
		{79CB7A3A-6D69-45F8-964F-D9609383B22A}.Debug|Any CPU.ActiveCfg = Debug|Any CPU
		{79CB7A3A-6D69-45F8-964F-D9609383B22A}.Debug|Any CPU.Build.0 = Debug|Any CPU
		{79CB7A3A-6D69-45F8-964F-D9609383B22A}.Release|Any CPU.ActiveCfg = Release|Any CPU
		{79CB7A3A-6D69-45F8-964F-D9609383B22A}.Release|Any CPU.Build.0 = Release|Any CPU
		{F1A478D1-DCA1-4BE6-AE83-E0ACDD4FDFFD}.Debug|Any CPU.ActiveCfg = Debug|Any CPU
		{F1A478D1-DCA1-4BE6-AE83-E0ACDD4FDFFD}.Debug|Any CPU.Build.0 = Debug|Any CPU
		{F1A478D1-DCA1-4BE6-AE83-E0ACDD4FDFFD}.Release|Any CPU.ActiveCfg = Release|Any CPU
		{F1A478D1-DCA1-4BE6-AE83-E0ACDD4FDFFD}.Release|Any CPU.Build.0 = Release|Any CPU
		{1C2C63A1-4246-4EC9-BAD1-C00E9ECD85F6}.Debug|Any CPU.ActiveCfg = Debug|Any CPU
		{1C2C63A1-4246-4EC9-BAD1-C00E9ECD85F6}.Debug|Any CPU.Build.0 = Debug|Any CPU
		{1C2C63A1-4246-4EC9-BAD1-C00E9ECD85F6}.Release|Any CPU.ActiveCfg = Release|Any CPU
		{1C2C63A1-4246-4EC9-BAD1-C00E9ECD85F6}.Release|Any CPU.Build.0 = Release|Any CPU
		{9F763B50-9E2B-426F-ACFB-27F3D3F255D5}.Debug|Any CPU.ActiveCfg = Debug|Any CPU
		{9F763B50-9E2B-426F-ACFB-27F3D3F255D5}.Debug|Any CPU.Build.0 = Debug|Any CPU
		{9F763B50-9E2B-426F-ACFB-27F3D3F255D5}.Release|Any CPU.ActiveCfg = Release|Any CPU
		{9F763B50-9E2B-426F-ACFB-27F3D3F255D5}.Release|Any CPU.Build.0 = Release|Any CPU
	EndGlobalSection
	GlobalSection(SolutionProperties) = preSolution
		HideSolutionNode = FALSE
	EndGlobalSection
EndGlobal
