
Microsoft Visual Studio Solution File, Format Version 12.00
# Visual Studio 14
VisualStudioVersion = 14.0.23107.0
MinimumVisualStudioVersion = 10.0.40219.1
Project("{2150E333-8FDC-42A3-9474-1A3956D46DE8}") = ".nuget", ".nuget", "{52E7DF96-50B3-45F5-901B-25B20070AA67}"
	ProjectSection(SolutionItems) = preProject
		.nuget\NuGet.Config = .nuget\NuGet.Config
		.nuget\NuGet.exe = .nuget\NuGet.exe
		.nuget\NuGet.targets = .nuget\NuGet.targets
	EndProjectSection
EndProject
Project("{FAE04EC0-301F-11D3-BF4B-00C04F79EFBC}") = "Phytel.Services.Communication", "Phytel.Services.Communication\Phytel.Services.Communication.csproj", "{FE528206-5DFA-488E-A579-3C7B527911E4}"
EndProject
Project("{FAE04EC0-301F-11D3-BF4B-00C04F79EFBC}") = "Phytel.Services.Communication.Test", "Phytel.Services.Communication.Test\Phytel.Services.Communication.Test.csproj", "{CD00D82B-0774-408B-AF8B-CE3A7D5AE64A}"
EndProject
Project("{FAE04EC0-301F-11D3-BF4B-00C04F79EFBC}") = "Phytel.Services.Communication.Harness", "Phytel.Services.Communication.Harness\Phytel.Services.Communication.Harness.csproj", "{9B2D1632-F9D4-44D8-BEE5-40BF2651AC8B}"
EndProject
Global
	GlobalSection(SolutionConfigurationPlatforms) = preSolution
		Debug|Any CPU = Debug|Any CPU
		Release|Any CPU = Release|Any CPU
	EndGlobalSection
	GlobalSection(ProjectConfigurationPlatforms) = postSolution
		{FE528206-5DFA-488E-A579-3C7B527911E4}.Debug|Any CPU.ActiveCfg = Debug|Any CPU
		{FE528206-5DFA-488E-A579-3C7B527911E4}.Debug|Any CPU.Build.0 = Debug|Any CPU
		{FE528206-5DFA-488E-A579-3C7B527911E4}.Release|Any CPU.ActiveCfg = Release|Any CPU
		{FE528206-5DFA-488E-A579-3C7B527911E4}.Release|Any CPU.Build.0 = Release|Any CPU
		{CD00D82B-0774-408B-AF8B-CE3A7D5AE64A}.Debug|Any CPU.ActiveCfg = Debug|Any CPU
		{CD00D82B-0774-408B-AF8B-CE3A7D5AE64A}.Debug|Any CPU.Build.0 = Debug|Any CPU
		{CD00D82B-0774-408B-AF8B-CE3A7D5AE64A}.Release|Any CPU.ActiveCfg = Release|Any CPU
		{CD00D82B-0774-408B-AF8B-CE3A7D5AE64A}.Release|Any CPU.Build.0 = Release|Any CPU
		{9B2D1632-F9D4-44D8-BEE5-40BF2651AC8B}.Debug|Any CPU.ActiveCfg = Debug|Any CPU
		{9B2D1632-F9D4-44D8-BEE5-40BF2651AC8B}.Debug|Any CPU.Build.0 = Debug|Any CPU
		{9B2D1632-F9D4-44D8-BEE5-40BF2651AC8B}.Release|Any CPU.ActiveCfg = Release|Any CPU
		{9B2D1632-F9D4-44D8-BEE5-40BF2651AC8B}.Release|Any CPU.Build.0 = Release|Any CPU
	EndGlobalSection
	GlobalSection(SolutionProperties) = preSolution
		HideSolutionNode = FALSE
	EndGlobalSection
	GlobalSection(TeamFoundationVersionControl) = preSolution
		SccNumberOfProjects = 4
		SccEnterpriseProvider = {4CA58AB2-18FA-4F8D-95D4-32DDF27D184C}
		SccTeamFoundationServer = http://192.168.111.123:8080/tfs/phytel
		SccLocalPath0 = .
		SccProjectUniqueName1 = Phytel.Services.Communication\\Phytel.Services.Communication.csproj
		SccProjectName1 = Phytel.Services.Communication
		SccLocalPath1 = Phytel.Services.Communication
		SccProjectUniqueName2 = Phytel.Services.Communication.Test\\Phytel.Services.Communication.Test.csproj
		SccProjectName2 = Phytel.Services.Communication.Test
		SccLocalPath2 = Phytel.Services.Communication.Test
		SccProjectUniqueName3 = Phytel.Services.Communication.Harness\\Phytel.Services.Communication.Harness.csproj
		SccProjectName3 = Phytel.Services.Communication.Harness
		SccLocalPath3 = Phytel.Services.Communication.Harness
	EndGlobalSection
EndGlobal
