
Microsoft Visual Studio Solution File, Format Version 12.00
# Visual Studio 2013
VisualStudioVersion = 12.0.21005.1
MinimumVisualStudioVersion = 10.0.40219.1
Project("{FAE04EC0-301F-11D3-BF4B-00C04F79EFBC}") = "NightingaleImport", "NightingaleImport.csproj", "{CF4474DE-2C81-4C89-B672-644A8BE0A1EC}"
EndProject
Project("{FAE04EC0-301F-11D3-BF4B-00C04F79EFBC}") = "Phytel.API.Interface", "..\..\..\..\Interfaces\Production\Current\Phytel.API.Interface\Phytel.API.Interface.csproj", "{ABE948FB-247E-4955-B3AB-B7C93E10A542}"
EndProject
Project("{FAE04EC0-301F-11D3-BF4B-00C04F79EFBC}") = "Phytel.API.Common", "..\..\..\..\Common\Phytel.API.Common\Production\Current\Phytel.API.Common.csproj", "{25CF3C3F-221F-4A49-B5EF-A8A5FCF9A5BA}"
EndProject
Project("{FAE04EC0-301F-11D3-BF4B-00C04F79EFBC}") = "DataDomain.Patient.DTO", "..\..\..\..\DataDomain\Phytel.API.DataDomain.Patient\Production\Current\Patient.DTOs\DataDomain.Patient.DTO.csproj", "{1B3148A8-FB57-4461-91BC-F1CD38A013B6}"
EndProject
Project("{FAE04EC0-301F-11D3-BF4B-00C04F79EFBC}") = "DataDomain.PatientSystem.DTO", "..\..\..\..\DataDomain\Phytel.API.DataDomain.PatientSystem\Production\Current\PatientSystem.DTO\DataDomain.PatientSystem.DTO.csproj", "{6033A8EA-A3EF-4182-BFDD-4A9826ECF871}"
EndProject
Project("{FAE04EC0-301F-11D3-BF4B-00C04F79EFBC}") = "DataDomain.LookUp.DTO", "..\..\..\..\DataDomain\Phytel.API.DataDomain.LookUp\Production\Current\LookUp.DTO\DataDomain.LookUp.DTO.csproj", "{4885FE36-03DB-47B7-BE7E-33260943A9DC}"
EndProject
Project("{FAE04EC0-301F-11D3-BF4B-00C04F79EFBC}") = "DataDomain.Contact.DTO", "..\..\..\..\DataDomain\Phytel.API.DataDomain.Contact\Production\Current\Contact.DTO\DataDomain.Contact.DTO.csproj", "{0B6E0ED8-ABE5-4A1D-8E10-0AC54F06D9C4}"
EndProject
Project("{FAE04EC0-301F-11D3-BF4B-00C04F79EFBC}") = "DataDomain.CareMember.DTO", "..\..\..\..\DataDomain\Phytel.API.DataDomain.CareMember\Production\Current\CareMember.DTO\DataDomain.CareMember.DTO.csproj", "{B65577E7-60A6-4553-B1B9-38D6074AC560}"
EndProject
Project("{FAE04EC0-301F-11D3-BF4B-00C04F79EFBC}") = "Phytel.API.DataAudit", "..\..\..\..\Common\Phytel.API.DataAudit\Production\Current\Phytel.API.DataAudit.csproj", "{AE842695-4DD4-4403-9BE4-8473BCA09580}"
EndProject
Global
	GlobalSection(TeamFoundationVersionControl) = preSolution
		SccNumberOfProjects = 10
		SccEnterpriseProvider = {4CA58AB2-18FA-4F8D-95D4-32DDF27D184C}
		SccTeamFoundationServer = http://hillstfs2013:8080/tfs/phytel
		SccLocalPath0 = .
		SccProjectUniqueName1 = NightingaleImport.csproj
		SccLocalPath1 = .
		SccProjectUniqueName2 = ..\\..\\..\\..\\Interfaces\\Production\\Current\\Phytel.API.Interface\\Phytel.API.Interface.csproj
		SccProjectName2 = ../../../../Interfaces/Production/Current/Phytel.API.Interface
		SccLocalPath2 = ..\\..\\..\\..\\Interfaces\\Production\\Current\\Phytel.API.Interface
		SccProjectUniqueName3 = ..\\..\\..\\..\\Common\\Phytel.API.Common\\Production\\Current\\Phytel.API.Common.csproj
		SccProjectName3 = ../../../../Common/Phytel.API.Common/Production/Current
		SccLocalPath3 = ..\\..\\..\\..\\Common\\Phytel.API.Common\\Production\\Current
		SccProjectUniqueName4 = ..\\..\\..\\..\\DataDomain\\Phytel.API.DataDomain.Patient\\Production\\Current\\Patient.DTOs\\DataDomain.Patient.DTO.csproj
		SccProjectName4 = ../../../../DataDomain/Phytel.API.DataDomain.Patient/Production/Current/Patient.DTOs
		SccLocalPath4 = ..\\..\\..\\..\\DataDomain\\Phytel.API.DataDomain.Patient\\Production\\Current\\Patient.DTOs
		SccProjectUniqueName5 = ..\\..\\..\\..\\DataDomain\\Phytel.API.DataDomain.PatientSystem\\Production\\Current\\PatientSystem.DTO\\DataDomain.PatientSystem.DTO.csproj
		SccProjectName5 = ../../../../DataDomain/Phytel.API.DataDomain.PatientSystem/Production/Current/PatientSystem.DTO
		SccLocalPath5 = ..\\..\\..\\..\\DataDomain\\Phytel.API.DataDomain.PatientSystem\\Production\\Current\\PatientSystem.DTO
		SccProjectUniqueName6 = ..\\..\\..\\..\\DataDomain\\Phytel.API.DataDomain.LookUp\\Production\\Current\\LookUp.DTO\\DataDomain.LookUp.DTO.csproj
		SccProjectName6 = ../../../../DataDomain/Phytel.API.DataDomain.LookUp/Production/Current/LookUp.DTO
		SccLocalPath6 = ..\\..\\..\\..\\DataDomain\\Phytel.API.DataDomain.LookUp\\Production\\Current\\LookUp.DTO
		SccProjectUniqueName7 = ..\\..\\..\\..\\DataDomain\\Phytel.API.DataDomain.Contact\\Production\\Current\\Contact.DTO\\DataDomain.Contact.DTO.csproj
		SccProjectName7 = ../../../../DataDomain/Phytel.API.DataDomain.Contact/Production/Current/Contact.DTO
		SccLocalPath7 = ..\\..\\..\\..\\DataDomain\\Phytel.API.DataDomain.Contact\\Production\\Current\\Contact.DTO
		SccProjectUniqueName8 = ..\\..\\..\\..\\DataDomain\\Phytel.API.DataDomain.CareMember\\Production\\Current\\CareMember.DTO\\DataDomain.CareMember.DTO.csproj
		SccProjectName8 = ../../../../DataDomain/Phytel.API.DataDomain.CareMember/Production/Current/CareMember.DTO
		SccLocalPath8 = ..\\..\\..\\..\\DataDomain\\Phytel.API.DataDomain.CareMember\\Production\\Current\\CareMember.DTO
		SccProjectUniqueName9 = ..\\..\\..\\..\\Common\\Phytel.API.DataAudit\\Production\\Current\\Phytel.API.DataAudit.csproj
		SccProjectName9 = ../../../../Common/Phytel.API.DataAudit/Production/Current
		SccLocalPath9 = ..\\..\\..\\..\\Common\\Phytel.API.DataAudit\\Production\\Current
	EndGlobalSection
	GlobalSection(SolutionConfigurationPlatforms) = preSolution
		Debug|Any CPU = Debug|Any CPU
		Release|Any CPU = Release|Any CPU
		Test|Any CPU = Test|Any CPU
	EndGlobalSection
	GlobalSection(ProjectConfigurationPlatforms) = postSolution
		{CF4474DE-2C81-4C89-B672-644A8BE0A1EC}.Debug|Any CPU.ActiveCfg = Debug|Any CPU
		{CF4474DE-2C81-4C89-B672-644A8BE0A1EC}.Debug|Any CPU.Build.0 = Debug|Any CPU
		{CF4474DE-2C81-4C89-B672-644A8BE0A1EC}.Release|Any CPU.ActiveCfg = Release|Any CPU
		{CF4474DE-2C81-4C89-B672-644A8BE0A1EC}.Release|Any CPU.Build.0 = Release|Any CPU
		{CF4474DE-2C81-4C89-B672-644A8BE0A1EC}.Test|Any CPU.ActiveCfg = Release|Any CPU
		{CF4474DE-2C81-4C89-B672-644A8BE0A1EC}.Test|Any CPU.Build.0 = Release|Any CPU
		{ABE948FB-247E-4955-B3AB-B7C93E10A542}.Debug|Any CPU.ActiveCfg = Debug|Any CPU
		{ABE948FB-247E-4955-B3AB-B7C93E10A542}.Debug|Any CPU.Build.0 = Debug|Any CPU
		{ABE948FB-247E-4955-B3AB-B7C93E10A542}.Release|Any CPU.ActiveCfg = Release|Any CPU
		{ABE948FB-247E-4955-B3AB-B7C93E10A542}.Release|Any CPU.Build.0 = Release|Any CPU
		{ABE948FB-247E-4955-B3AB-B7C93E10A542}.Test|Any CPU.ActiveCfg = Test|Any CPU
		{ABE948FB-247E-4955-B3AB-B7C93E10A542}.Test|Any CPU.Build.0 = Test|Any CPU
		{25CF3C3F-221F-4A49-B5EF-A8A5FCF9A5BA}.Debug|Any CPU.ActiveCfg = Debug|Any CPU
		{25CF3C3F-221F-4A49-B5EF-A8A5FCF9A5BA}.Debug|Any CPU.Build.0 = Debug|Any CPU
		{25CF3C3F-221F-4A49-B5EF-A8A5FCF9A5BA}.Release|Any CPU.ActiveCfg = Release|Any CPU
		{25CF3C3F-221F-4A49-B5EF-A8A5FCF9A5BA}.Release|Any CPU.Build.0 = Release|Any CPU
		{25CF3C3F-221F-4A49-B5EF-A8A5FCF9A5BA}.Test|Any CPU.ActiveCfg = Test|Any CPU
		{25CF3C3F-221F-4A49-B5EF-A8A5FCF9A5BA}.Test|Any CPU.Build.0 = Test|Any CPU
		{1B3148A8-FB57-4461-91BC-F1CD38A013B6}.Debug|Any CPU.ActiveCfg = Debug|Any CPU
		{1B3148A8-FB57-4461-91BC-F1CD38A013B6}.Debug|Any CPU.Build.0 = Debug|Any CPU
		{1B3148A8-FB57-4461-91BC-F1CD38A013B6}.Release|Any CPU.ActiveCfg = Release|Any CPU
		{1B3148A8-FB57-4461-91BC-F1CD38A013B6}.Release|Any CPU.Build.0 = Release|Any CPU
		{1B3148A8-FB57-4461-91BC-F1CD38A013B6}.Test|Any CPU.ActiveCfg = Test|Any CPU
		{1B3148A8-FB57-4461-91BC-F1CD38A013B6}.Test|Any CPU.Build.0 = Test|Any CPU
		{6033A8EA-A3EF-4182-BFDD-4A9826ECF871}.Debug|Any CPU.ActiveCfg = Debug|Any CPU
		{6033A8EA-A3EF-4182-BFDD-4A9826ECF871}.Debug|Any CPU.Build.0 = Debug|Any CPU
		{6033A8EA-A3EF-4182-BFDD-4A9826ECF871}.Release|Any CPU.ActiveCfg = Release|Any CPU
		{6033A8EA-A3EF-4182-BFDD-4A9826ECF871}.Release|Any CPU.Build.0 = Release|Any CPU
		{6033A8EA-A3EF-4182-BFDD-4A9826ECF871}.Test|Any CPU.ActiveCfg = Release|Any CPU
		{6033A8EA-A3EF-4182-BFDD-4A9826ECF871}.Test|Any CPU.Build.0 = Release|Any CPU
		{4885FE36-03DB-47B7-BE7E-33260943A9DC}.Debug|Any CPU.ActiveCfg = Debug|Any CPU
		{4885FE36-03DB-47B7-BE7E-33260943A9DC}.Debug|Any CPU.Build.0 = Debug|Any CPU
		{4885FE36-03DB-47B7-BE7E-33260943A9DC}.Release|Any CPU.ActiveCfg = Release|Any CPU
		{4885FE36-03DB-47B7-BE7E-33260943A9DC}.Release|Any CPU.Build.0 = Release|Any CPU
		{4885FE36-03DB-47B7-BE7E-33260943A9DC}.Test|Any CPU.ActiveCfg = Test|Any CPU
		{4885FE36-03DB-47B7-BE7E-33260943A9DC}.Test|Any CPU.Build.0 = Test|Any CPU
		{0B6E0ED8-ABE5-4A1D-8E10-0AC54F06D9C4}.Debug|Any CPU.ActiveCfg = Debug|Any CPU
		{0B6E0ED8-ABE5-4A1D-8E10-0AC54F06D9C4}.Debug|Any CPU.Build.0 = Debug|Any CPU
		{0B6E0ED8-ABE5-4A1D-8E10-0AC54F06D9C4}.Release|Any CPU.ActiveCfg = Release|Any CPU
		{0B6E0ED8-ABE5-4A1D-8E10-0AC54F06D9C4}.Release|Any CPU.Build.0 = Release|Any CPU
		{0B6E0ED8-ABE5-4A1D-8E10-0AC54F06D9C4}.Test|Any CPU.ActiveCfg = Test|Any CPU
		{0B6E0ED8-ABE5-4A1D-8E10-0AC54F06D9C4}.Test|Any CPU.Build.0 = Test|Any CPU
		{B65577E7-60A6-4553-B1B9-38D6074AC560}.Debug|Any CPU.ActiveCfg = Debug|Any CPU
		{B65577E7-60A6-4553-B1B9-38D6074AC560}.Debug|Any CPU.Build.0 = Debug|Any CPU
		{B65577E7-60A6-4553-B1B9-38D6074AC560}.Release|Any CPU.ActiveCfg = Release|Any CPU
		{B65577E7-60A6-4553-B1B9-38D6074AC560}.Release|Any CPU.Build.0 = Release|Any CPU
		{B65577E7-60A6-4553-B1B9-38D6074AC560}.Test|Any CPU.ActiveCfg = Release|Any CPU
		{B65577E7-60A6-4553-B1B9-38D6074AC560}.Test|Any CPU.Build.0 = Release|Any CPU
		{AE842695-4DD4-4403-9BE4-8473BCA09580}.Debug|Any CPU.ActiveCfg = Debug|Any CPU
		{AE842695-4DD4-4403-9BE4-8473BCA09580}.Debug|Any CPU.Build.0 = Debug|Any CPU
		{AE842695-4DD4-4403-9BE4-8473BCA09580}.Release|Any CPU.ActiveCfg = Release|Any CPU
		{AE842695-4DD4-4403-9BE4-8473BCA09580}.Release|Any CPU.Build.0 = Release|Any CPU
		{AE842695-4DD4-4403-9BE4-8473BCA09580}.Test|Any CPU.ActiveCfg = Release|Any CPU
		{AE842695-4DD4-4403-9BE4-8473BCA09580}.Test|Any CPU.Build.0 = Release|Any CPU
	EndGlobalSection
	GlobalSection(SolutionProperties) = preSolution
		HideSolutionNode = FALSE
	EndGlobalSection
EndGlobal
