
Microsoft Visual Studio Solution File, Format Version 12.00
# Visual Studio 14
VisualStudioVersion = 14.0.23107.0
MinimumVisualStudioVersion = 10.0.40219.1
Project("{FAE04EC0-301F-11D3-BF4B-00C04F79EFBC}") = "AppDomain.Engage.Population", "AppDomain.Engage.Population\AppDomain.Engage.Population.csproj", "{F23F90E1-9C74-4076-AC23-D982DEC26B0A}"
EndProject
Project("{FAE04EC0-301F-11D3-BF4B-00C04F79EFBC}") = "AppDomain.Engage.Population.DTO", "AppDomain.Engage.Population.DTO\AppDomain.Engage.Population.DTO.csproj", "{41E3E8F5-5237-456F-8508-C443DAF6623D}"
EndProject
Project("{FAE04EC0-301F-11D3-BF4B-00C04F79EFBC}") = "AppDomain.Engage.Population.Service", "AppDomain.Engage.Population.Service\AppDomain.Engage.Population.Service.csproj", "{5430A733-0197-4A4C-A05C-8C54C0386EDC}"
EndProject
Project("{2150E333-8FDC-42A3-9474-1A3956D46DE8}") = "DataDomains", "DataDomains", "{3BA0514A-E488-43EE-83FD-BC122588DB6F}"
EndProject
Project("{2150E333-8FDC-42A3-9474-1A3956D46DE8}") = "Patient", "Patient", "{198FEC8F-4C9E-4961-86D6-2631B2A6E9EC}"
EndProject
Project("{2150E333-8FDC-42A3-9474-1A3956D46DE8}") = "Common", "Common", "{E7779C1C-8901-45A4-9992-0169325E43E0}"
EndProject
Project("{FAE04EC0-301F-11D3-BF4B-00C04F79EFBC}") = "AppDomain.Engage.Population.DataDomainClient", "AppDomain.Engage.Population.DataDomainClient\AppDomain.Engage.Population.DataDomainClient.csproj", "{E1CD91FD-8155-49F9-95FB-E1E5DF962A91}"
EndProject
Project("{FAE04EC0-301F-11D3-BF4B-00C04F79EFBC}") = "AppDomain.Engage.PopulationTests", "AppDomain.Engage.PopulationTests\AppDomain.Engage.PopulationTests.csproj", "{AFF26DAE-B9AE-46AF-B85F-71D4D7E26A27}"
EndProject
Project("{FAE04EC0-301F-11D3-BF4B-00C04F79EFBC}") = "Phytel.API.Common", "..\..\..\..\Common\Phytel.API.Common\Development\Current\Bristol-branch\Phytel.API.Common.csproj", "{25CF3C3F-221F-4A49-B5EF-A8A5FCF9A5BA}"
EndProject
Project("{FAE04EC0-301F-11D3-BF4B-00C04F79EFBC}") = "Phytel.API.DataAudit", "..\..\..\..\Common\Phytel.API.DataAudit\Development\Current\Bristol-branch\Phytel.API.DataAudit.csproj", "{AE842695-4DD4-4403-9BE4-8473BCA09580}"
EndProject
Project("{FAE04EC0-301F-11D3-BF4B-00C04F79EFBC}") = "Phytel.API.Interface", "..\..\..\..\Interfaces\Development\Current\Bristol-branch\Phytel.API.Interface\Phytel.API.Interface.csproj", "{ABE948FB-247E-4955-B3AB-B7C93E10A542}"
EndProject
Project("{2150E333-8FDC-42A3-9474-1A3956D46DE8}") = "Cohort", "Cohort", "{6C8967D1-8A53-4DDE-9D8D-A1A731D3782A}"
EndProject
Project("{FAE04EC0-301F-11D3-BF4B-00C04F79EFBC}") = "DataDomain.Cohort.DTO", "..\..\..\..\Data\Cohort\Development\Current\Bristol-branch\Cohort.DTO\DataDomain.Cohort.DTO.csproj", "{D4489296-17A3-4172-8FDF-DB6C0A7AE748}"
EndProject
Project("{2150E333-8FDC-42A3-9474-1A3956D46DE8}") = "Contact", "Contact", "{1FB3AFCF-099E-49BA-8820-8F1BD422D95E}"
EndProject
Project("{FAE04EC0-301F-11D3-BF4B-00C04F79EFBC}") = "DataDomain.Contact.DTO", "..\..\..\..\Data\Contact\Development\Current\Bristol-branch\Contact.DTO\DataDomain.Contact.DTO.csproj", "{0B6E0ED8-ABE5-4A1D-8E10-0AC54F06D9C4}"
EndProject
Project("{2150E333-8FDC-42A3-9474-1A3956D46DE8}") = "LookUp", "LookUp", "{C63F9481-63B2-4DF3-809E-5BA66B51020D}"
EndProject
Project("{FAE04EC0-301F-11D3-BF4B-00C04F79EFBC}") = "DataDomain.LookUp.DTO", "..\..\..\..\Data\LookUp\Development\Current\Bristol-branch\LookUp.DTO\DataDomain.LookUp.DTO.csproj", "{4885FE36-03DB-47B7-BE7E-33260943A9DC}"
EndProject
Project("{2150E333-8FDC-42A3-9474-1A3956D46DE8}") = "PatientSystem", "PatientSystem", "{D86BD142-ECCB-46C7-A35D-E99DF00DA708}"
EndProject
Project("{FAE04EC0-301F-11D3-BF4B-00C04F79EFBC}") = "DataDomain.PatientSystem.DTO", "..\..\..\..\Data\PatientSystem\Development\Current\Bristol-branch\PatientSystem.DTO\DataDomain.PatientSystem.DTO.csproj", "{6033A8EA-A3EF-4182-BFDD-4A9826ECF871}"
EndProject
Project("{FAE04EC0-301F-11D3-BF4B-00C04F79EFBC}") = "DataDomain.Patient", "..\..\..\..\Data\Patient\Development\Current\Bristol-branch\Patient\DataDomain.Patient.csproj", "{1536CD0A-6308-4DAF-8618-35BBA0816997}"
EndProject
Project("{FAE04EC0-301F-11D3-BF4B-00C04F79EFBC}") = "DataDomain.Patient.DTO", "..\..\..\..\Data\Patient\Development\Current\Bristol-branch\Patient.DTOs\DataDomain.Patient.DTO.csproj", "{1B3148A8-FB57-4461-91BC-F1CD38A013B6}"
EndProject
Project("{FAE04EC0-301F-11D3-BF4B-00C04F79EFBC}") = "DataDomain.Patient.Service", "..\..\..\..\Data\Patient\Development\Current\Bristol-branch\Patient.Services\DataDomain.Patient.Service.csproj", "{017DC6E8-FB93-4303-AAF9-52E2449F9A34}"
EndProject
Project("{FAE04EC0-301F-11D3-BF4B-00C04F79EFBC}") = "DataDomain.Patient.Service.Test", "..\..\..\..\Data\Patient\Development\Current\Bristol-branch\Patient.Services.Tests\DataDomain.Patient.Service.Test.csproj", "{5D22373D-E432-4208-A737-E0BCA0567B5F}"
EndProject
Project("{FAE04EC0-301F-11D3-BF4B-00C04F79EFBC}") = "DataDomain.Patient.Test", "..\..\..\..\Data\Patient\Development\Current\Bristol-branch\Patient.Tests\DataDomain.Patient.Test.csproj", "{EC134A5F-CB56-4196-BB4E-217D365A2534}"
EndProject
Project("{FAE04EC0-301F-11D3-BF4B-00C04F79EFBC}") = "DataDomain.Cohort", "..\..\..\..\Data\Cohort\Development\Current\Bristol-branch\Cohort\DataDomain.Cohort.csproj", "{229026B1-C3E5-4D2B-8D2B-61D00E8A52CC}"
EndProject
Project("{FAE04EC0-301F-11D3-BF4B-00C04F79EFBC}") = "DataDomain.Cohort.Service", "..\..\..\..\Data\Cohort\Development\Current\Bristol-branch\Cohort.Service\DataDomain.Cohort.Service.csproj", "{42F7185B-2EE1-49F9-AB6F-E89E6F8AF7C6}"
EndProject
Project("{FAE04EC0-301F-11D3-BF4B-00C04F79EFBC}") = "DataDomain.Cohort.Service.Test", "..\..\..\..\Data\Cohort\Development\Current\Bristol-branch\Cohort.Service.Test\DataDomain.Cohort.Service.Test.csproj", "{516D2892-5B54-43EB-9208-30E97A6F9292}"
EndProject
Project("{FAE04EC0-301F-11D3-BF4B-00C04F79EFBC}") = "DataDomain.Cohort.Test", "..\..\..\..\Data\Cohort\Development\Current\Bristol-branch\Cohort.Test\DataDomain.Cohort.Test.csproj", "{1E8D72DF-2A09-4872-917F-30ED9B6FDAC3}"
EndProject
Project("{FAE04EC0-301F-11D3-BF4B-00C04F79EFBC}") = "DataDomain.PatientSystem", "..\..\..\..\Data\PatientSystem\Development\Current\Bristol-branch\PatientSystem\DataDomain.PatientSystem.csproj", "{BF2F1262-D5CC-41F0-BCFC-7CCDCE479795}"
EndProject
Project("{FAE04EC0-301F-11D3-BF4B-00C04F79EFBC}") = "DataDomain.PatientSystem.Repo", "..\..\..\..\Data\PatientSystem\Development\Current\Bristol-branch\PatientSystem.Repo\DataDomain.PatientSystem.Repo.csproj", "{64428B06-18E5-4307-BA78-FB0D238816D8}"
EndProject
Project("{FAE04EC0-301F-11D3-BF4B-00C04F79EFBC}") = "DataDomain.PatientSystem.Service", "..\..\..\..\Data\PatientSystem\Development\Current\Bristol-branch\PatientSystem.Service\DataDomain.PatientSystem.Service.csproj", "{F127267A-807D-4091-AE83-48CDC12E7D56}"
EndProject
Project("{FAE04EC0-301F-11D3-BF4B-00C04F79EFBC}") = "DataDomain.PatientSystem.Test", "..\..\..\..\Data\PatientSystem\Development\Current\Bristol-branch\PatientSystem.Test\DataDomain.PatientSystem.Test.csproj", "{BA3F00D1-7DE7-4AE6-B637-6681C10EC20D}"
EndProject
Global
	GlobalSection(SolutionConfigurationPlatforms) = preSolution
		Debug|Any CPU = Debug|Any CPU
		Model|Any CPU = Model|Any CPU
		QA|Any CPU = QA|Any CPU
		Release|Any CPU = Release|Any CPU
		Test|Any CPU = Test|Any CPU
	EndGlobalSection
	GlobalSection(ProjectConfigurationPlatforms) = postSolution
		{F23F90E1-9C74-4076-AC23-D982DEC26B0A}.Debug|Any CPU.ActiveCfg = Debug|Any CPU
		{F23F90E1-9C74-4076-AC23-D982DEC26B0A}.Debug|Any CPU.Build.0 = Debug|Any CPU
		{F23F90E1-9C74-4076-AC23-D982DEC26B0A}.Model|Any CPU.ActiveCfg = Release|Any CPU
		{F23F90E1-9C74-4076-AC23-D982DEC26B0A}.Model|Any CPU.Build.0 = Release|Any CPU
		{F23F90E1-9C74-4076-AC23-D982DEC26B0A}.QA|Any CPU.ActiveCfg = Release|Any CPU
		{F23F90E1-9C74-4076-AC23-D982DEC26B0A}.QA|Any CPU.Build.0 = Release|Any CPU
		{F23F90E1-9C74-4076-AC23-D982DEC26B0A}.Release|Any CPU.ActiveCfg = Release|Any CPU
		{F23F90E1-9C74-4076-AC23-D982DEC26B0A}.Release|Any CPU.Build.0 = Release|Any CPU
		{F23F90E1-9C74-4076-AC23-D982DEC26B0A}.Test|Any CPU.ActiveCfg = Release|Any CPU
		{F23F90E1-9C74-4076-AC23-D982DEC26B0A}.Test|Any CPU.Build.0 = Release|Any CPU
		{41E3E8F5-5237-456F-8508-C443DAF6623D}.Debug|Any CPU.ActiveCfg = Debug|Any CPU
		{41E3E8F5-5237-456F-8508-C443DAF6623D}.Debug|Any CPU.Build.0 = Debug|Any CPU
		{41E3E8F5-5237-456F-8508-C443DAF6623D}.Model|Any CPU.ActiveCfg = Release|Any CPU
		{41E3E8F5-5237-456F-8508-C443DAF6623D}.Model|Any CPU.Build.0 = Release|Any CPU
		{41E3E8F5-5237-456F-8508-C443DAF6623D}.QA|Any CPU.ActiveCfg = Release|Any CPU
		{41E3E8F5-5237-456F-8508-C443DAF6623D}.QA|Any CPU.Build.0 = Release|Any CPU
		{41E3E8F5-5237-456F-8508-C443DAF6623D}.Release|Any CPU.ActiveCfg = Release|Any CPU
		{41E3E8F5-5237-456F-8508-C443DAF6623D}.Release|Any CPU.Build.0 = Release|Any CPU
		{41E3E8F5-5237-456F-8508-C443DAF6623D}.Test|Any CPU.ActiveCfg = Release|Any CPU
		{41E3E8F5-5237-456F-8508-C443DAF6623D}.Test|Any CPU.Build.0 = Release|Any CPU
		{5430A733-0197-4A4C-A05C-8C54C0386EDC}.Debug|Any CPU.ActiveCfg = Debug|Any CPU
		{5430A733-0197-4A4C-A05C-8C54C0386EDC}.Debug|Any CPU.Build.0 = Debug|Any CPU
		{5430A733-0197-4A4C-A05C-8C54C0386EDC}.Model|Any CPU.ActiveCfg = Release|Any CPU
		{5430A733-0197-4A4C-A05C-8C54C0386EDC}.Model|Any CPU.Build.0 = Release|Any CPU
		{5430A733-0197-4A4C-A05C-8C54C0386EDC}.QA|Any CPU.ActiveCfg = Release|Any CPU
		{5430A733-0197-4A4C-A05C-8C54C0386EDC}.QA|Any CPU.Build.0 = Release|Any CPU
		{5430A733-0197-4A4C-A05C-8C54C0386EDC}.Release|Any CPU.ActiveCfg = Release|Any CPU
		{5430A733-0197-4A4C-A05C-8C54C0386EDC}.Release|Any CPU.Build.0 = Release|Any CPU
		{5430A733-0197-4A4C-A05C-8C54C0386EDC}.Test|Any CPU.ActiveCfg = Release|Any CPU
		{5430A733-0197-4A4C-A05C-8C54C0386EDC}.Test|Any CPU.Build.0 = Release|Any CPU
		{E1CD91FD-8155-49F9-95FB-E1E5DF962A91}.Debug|Any CPU.ActiveCfg = Debug|Any CPU
		{E1CD91FD-8155-49F9-95FB-E1E5DF962A91}.Debug|Any CPU.Build.0 = Debug|Any CPU
		{E1CD91FD-8155-49F9-95FB-E1E5DF962A91}.Model|Any CPU.ActiveCfg = Release|Any CPU
		{E1CD91FD-8155-49F9-95FB-E1E5DF962A91}.Model|Any CPU.Build.0 = Release|Any CPU
		{E1CD91FD-8155-49F9-95FB-E1E5DF962A91}.QA|Any CPU.ActiveCfg = Release|Any CPU
		{E1CD91FD-8155-49F9-95FB-E1E5DF962A91}.QA|Any CPU.Build.0 = Release|Any CPU
		{E1CD91FD-8155-49F9-95FB-E1E5DF962A91}.Release|Any CPU.ActiveCfg = Release|Any CPU
		{E1CD91FD-8155-49F9-95FB-E1E5DF962A91}.Release|Any CPU.Build.0 = Release|Any CPU
		{E1CD91FD-8155-49F9-95FB-E1E5DF962A91}.Test|Any CPU.ActiveCfg = Release|Any CPU
		{E1CD91FD-8155-49F9-95FB-E1E5DF962A91}.Test|Any CPU.Build.0 = Release|Any CPU
		{AFF26DAE-B9AE-46AF-B85F-71D4D7E26A27}.Debug|Any CPU.ActiveCfg = Debug|Any CPU
		{AFF26DAE-B9AE-46AF-B85F-71D4D7E26A27}.Debug|Any CPU.Build.0 = Debug|Any CPU
		{AFF26DAE-B9AE-46AF-B85F-71D4D7E26A27}.Model|Any CPU.ActiveCfg = Release|Any CPU
		{AFF26DAE-B9AE-46AF-B85F-71D4D7E26A27}.Model|Any CPU.Build.0 = Release|Any CPU
		{AFF26DAE-B9AE-46AF-B85F-71D4D7E26A27}.QA|Any CPU.ActiveCfg = Release|Any CPU
		{AFF26DAE-B9AE-46AF-B85F-71D4D7E26A27}.QA|Any CPU.Build.0 = Release|Any CPU
		{AFF26DAE-B9AE-46AF-B85F-71D4D7E26A27}.Release|Any CPU.ActiveCfg = Release|Any CPU
		{AFF26DAE-B9AE-46AF-B85F-71D4D7E26A27}.Release|Any CPU.Build.0 = Release|Any CPU
		{AFF26DAE-B9AE-46AF-B85F-71D4D7E26A27}.Test|Any CPU.ActiveCfg = Release|Any CPU
		{AFF26DAE-B9AE-46AF-B85F-71D4D7E26A27}.Test|Any CPU.Build.0 = Release|Any CPU
		{25CF3C3F-221F-4A49-B5EF-A8A5FCF9A5BA}.Debug|Any CPU.ActiveCfg = Debug|Any CPU
		{25CF3C3F-221F-4A49-B5EF-A8A5FCF9A5BA}.Debug|Any CPU.Build.0 = Debug|Any CPU
		{25CF3C3F-221F-4A49-B5EF-A8A5FCF9A5BA}.Model|Any CPU.ActiveCfg = Model|Any CPU
		{25CF3C3F-221F-4A49-B5EF-A8A5FCF9A5BA}.Model|Any CPU.Build.0 = Model|Any CPU
		{25CF3C3F-221F-4A49-B5EF-A8A5FCF9A5BA}.QA|Any CPU.ActiveCfg = QA|Any CPU
		{25CF3C3F-221F-4A49-B5EF-A8A5FCF9A5BA}.QA|Any CPU.Build.0 = QA|Any CPU
		{25CF3C3F-221F-4A49-B5EF-A8A5FCF9A5BA}.Release|Any CPU.ActiveCfg = Release|Any CPU
		{25CF3C3F-221F-4A49-B5EF-A8A5FCF9A5BA}.Release|Any CPU.Build.0 = Release|Any CPU
		{25CF3C3F-221F-4A49-B5EF-A8A5FCF9A5BA}.Test|Any CPU.ActiveCfg = Test|Any CPU
		{25CF3C3F-221F-4A49-B5EF-A8A5FCF9A5BA}.Test|Any CPU.Build.0 = Test|Any CPU
		{AE842695-4DD4-4403-9BE4-8473BCA09580}.Debug|Any CPU.ActiveCfg = Debug|Any CPU
		{AE842695-4DD4-4403-9BE4-8473BCA09580}.Debug|Any CPU.Build.0 = Debug|Any CPU
		{AE842695-4DD4-4403-9BE4-8473BCA09580}.Model|Any CPU.ActiveCfg = Model|Any CPU
		{AE842695-4DD4-4403-9BE4-8473BCA09580}.Model|Any CPU.Build.0 = Model|Any CPU
		{AE842695-4DD4-4403-9BE4-8473BCA09580}.QA|Any CPU.ActiveCfg = Model|Any CPU
		{AE842695-4DD4-4403-9BE4-8473BCA09580}.QA|Any CPU.Build.0 = Model|Any CPU
		{AE842695-4DD4-4403-9BE4-8473BCA09580}.Release|Any CPU.ActiveCfg = Release|Any CPU
		{AE842695-4DD4-4403-9BE4-8473BCA09580}.Release|Any CPU.Build.0 = Release|Any CPU
		{AE842695-4DD4-4403-9BE4-8473BCA09580}.Test|Any CPU.ActiveCfg = Model|Any CPU
		{AE842695-4DD4-4403-9BE4-8473BCA09580}.Test|Any CPU.Build.0 = Model|Any CPU
		{ABE948FB-247E-4955-B3AB-B7C93E10A542}.Debug|Any CPU.ActiveCfg = Debug|Any CPU
		{ABE948FB-247E-4955-B3AB-B7C93E10A542}.Debug|Any CPU.Build.0 = Debug|Any CPU
		{ABE948FB-247E-4955-B3AB-B7C93E10A542}.Model|Any CPU.ActiveCfg = Model|Any CPU
		{ABE948FB-247E-4955-B3AB-B7C93E10A542}.Model|Any CPU.Build.0 = Model|Any CPU
		{ABE948FB-247E-4955-B3AB-B7C93E10A542}.QA|Any CPU.ActiveCfg = Model|Any CPU
		{ABE948FB-247E-4955-B3AB-B7C93E10A542}.QA|Any CPU.Build.0 = Model|Any CPU
		{ABE948FB-247E-4955-B3AB-B7C93E10A542}.Release|Any CPU.ActiveCfg = Release|Any CPU
		{ABE948FB-247E-4955-B3AB-B7C93E10A542}.Release|Any CPU.Build.0 = Release|Any CPU
		{ABE948FB-247E-4955-B3AB-B7C93E10A542}.Test|Any CPU.ActiveCfg = Test|Any CPU
		{ABE948FB-247E-4955-B3AB-B7C93E10A542}.Test|Any CPU.Build.0 = Test|Any CPU
		{D4489296-17A3-4172-8FDF-DB6C0A7AE748}.Debug|Any CPU.ActiveCfg = Debug|Any CPU
		{D4489296-17A3-4172-8FDF-DB6C0A7AE748}.Debug|Any CPU.Build.0 = Debug|Any CPU
		{D4489296-17A3-4172-8FDF-DB6C0A7AE748}.Model|Any CPU.ActiveCfg = Model|Any CPU
		{D4489296-17A3-4172-8FDF-DB6C0A7AE748}.Model|Any CPU.Build.0 = Model|Any CPU
		{D4489296-17A3-4172-8FDF-DB6C0A7AE748}.QA|Any CPU.ActiveCfg = Model|Any CPU
		{D4489296-17A3-4172-8FDF-DB6C0A7AE748}.QA|Any CPU.Build.0 = Model|Any CPU
		{D4489296-17A3-4172-8FDF-DB6C0A7AE748}.Release|Any CPU.ActiveCfg = Release|Any CPU
		{D4489296-17A3-4172-8FDF-DB6C0A7AE748}.Release|Any CPU.Build.0 = Release|Any CPU
		{D4489296-17A3-4172-8FDF-DB6C0A7AE748}.Test|Any CPU.ActiveCfg = Model|Any CPU
		{D4489296-17A3-4172-8FDF-DB6C0A7AE748}.Test|Any CPU.Build.0 = Model|Any CPU
		{0B6E0ED8-ABE5-4A1D-8E10-0AC54F06D9C4}.Debug|Any CPU.ActiveCfg = Debug|Any CPU
		{0B6E0ED8-ABE5-4A1D-8E10-0AC54F06D9C4}.Debug|Any CPU.Build.0 = Debug|Any CPU
		{0B6E0ED8-ABE5-4A1D-8E10-0AC54F06D9C4}.Model|Any CPU.ActiveCfg = Model|Any CPU
		{0B6E0ED8-ABE5-4A1D-8E10-0AC54F06D9C4}.Model|Any CPU.Build.0 = Model|Any CPU
		{0B6E0ED8-ABE5-4A1D-8E10-0AC54F06D9C4}.QA|Any CPU.ActiveCfg = QA|Any CPU
		{0B6E0ED8-ABE5-4A1D-8E10-0AC54F06D9C4}.QA|Any CPU.Build.0 = QA|Any CPU
		{0B6E0ED8-ABE5-4A1D-8E10-0AC54F06D9C4}.Release|Any CPU.ActiveCfg = Release|Any CPU
		{0B6E0ED8-ABE5-4A1D-8E10-0AC54F06D9C4}.Release|Any CPU.Build.0 = Release|Any CPU
		{0B6E0ED8-ABE5-4A1D-8E10-0AC54F06D9C4}.Test|Any CPU.ActiveCfg = Test|Any CPU
		{0B6E0ED8-ABE5-4A1D-8E10-0AC54F06D9C4}.Test|Any CPU.Build.0 = Test|Any CPU
		{4885FE36-03DB-47B7-BE7E-33260943A9DC}.Debug|Any CPU.ActiveCfg = Debug|Any CPU
		{4885FE36-03DB-47B7-BE7E-33260943A9DC}.Debug|Any CPU.Build.0 = Debug|Any CPU
		{4885FE36-03DB-47B7-BE7E-33260943A9DC}.Model|Any CPU.ActiveCfg = Model|Any CPU
		{4885FE36-03DB-47B7-BE7E-33260943A9DC}.Model|Any CPU.Build.0 = Model|Any CPU
		{4885FE36-03DB-47B7-BE7E-33260943A9DC}.QA|Any CPU.ActiveCfg = Model|Any CPU
		{4885FE36-03DB-47B7-BE7E-33260943A9DC}.QA|Any CPU.Build.0 = Model|Any CPU
		{4885FE36-03DB-47B7-BE7E-33260943A9DC}.Release|Any CPU.ActiveCfg = Release|Any CPU
		{4885FE36-03DB-47B7-BE7E-33260943A9DC}.Release|Any CPU.Build.0 = Release|Any CPU
		{4885FE36-03DB-47B7-BE7E-33260943A9DC}.Test|Any CPU.ActiveCfg = Test|Any CPU
		{4885FE36-03DB-47B7-BE7E-33260943A9DC}.Test|Any CPU.Build.0 = Test|Any CPU
		{6033A8EA-A3EF-4182-BFDD-4A9826ECF871}.Debug|Any CPU.ActiveCfg = Debug|Any CPU
		{6033A8EA-A3EF-4182-BFDD-4A9826ECF871}.Debug|Any CPU.Build.0 = Debug|Any CPU
		{6033A8EA-A3EF-4182-BFDD-4A9826ECF871}.Model|Any CPU.ActiveCfg = Model|Any CPU
		{6033A8EA-A3EF-4182-BFDD-4A9826ECF871}.Model|Any CPU.Build.0 = Model|Any CPU
		{6033A8EA-A3EF-4182-BFDD-4A9826ECF871}.QA|Any CPU.ActiveCfg = QA|Any CPU
		{6033A8EA-A3EF-4182-BFDD-4A9826ECF871}.QA|Any CPU.Build.0 = QA|Any CPU
		{6033A8EA-A3EF-4182-BFDD-4A9826ECF871}.Release|Any CPU.ActiveCfg = Release|Any CPU
		{6033A8EA-A3EF-4182-BFDD-4A9826ECF871}.Release|Any CPU.Build.0 = Release|Any CPU
		{6033A8EA-A3EF-4182-BFDD-4A9826ECF871}.Test|Any CPU.ActiveCfg = QA|Any CPU
		{6033A8EA-A3EF-4182-BFDD-4A9826ECF871}.Test|Any CPU.Build.0 = QA|Any CPU
		{1536CD0A-6308-4DAF-8618-35BBA0816997}.Debug|Any CPU.ActiveCfg = Debug|Any CPU
		{1536CD0A-6308-4DAF-8618-35BBA0816997}.Debug|Any CPU.Build.0 = Debug|Any CPU
		{1536CD0A-6308-4DAF-8618-35BBA0816997}.Model|Any CPU.ActiveCfg = Model|Any CPU
		{1536CD0A-6308-4DAF-8618-35BBA0816997}.Model|Any CPU.Build.0 = Model|Any CPU
		{1536CD0A-6308-4DAF-8618-35BBA0816997}.QA|Any CPU.ActiveCfg = QA|Any CPU
		{1536CD0A-6308-4DAF-8618-35BBA0816997}.QA|Any CPU.Build.0 = QA|Any CPU
		{1536CD0A-6308-4DAF-8618-35BBA0816997}.Release|Any CPU.ActiveCfg = Release|Any CPU
		{1536CD0A-6308-4DAF-8618-35BBA0816997}.Release|Any CPU.Build.0 = Release|Any CPU
		{1536CD0A-6308-4DAF-8618-35BBA0816997}.Test|Any CPU.ActiveCfg = Test|Any CPU
		{1536CD0A-6308-4DAF-8618-35BBA0816997}.Test|Any CPU.Build.0 = Test|Any CPU
		{1B3148A8-FB57-4461-91BC-F1CD38A013B6}.Debug|Any CPU.ActiveCfg = Debug|Any CPU
		{1B3148A8-FB57-4461-91BC-F1CD38A013B6}.Debug|Any CPU.Build.0 = Debug|Any CPU
		{1B3148A8-FB57-4461-91BC-F1CD38A013B6}.Model|Any CPU.ActiveCfg = Model|Any CPU
		{1B3148A8-FB57-4461-91BC-F1CD38A013B6}.Model|Any CPU.Build.0 = Model|Any CPU
		{1B3148A8-FB57-4461-91BC-F1CD38A013B6}.QA|Any CPU.ActiveCfg = QA|Any CPU
		{1B3148A8-FB57-4461-91BC-F1CD38A013B6}.QA|Any CPU.Build.0 = QA|Any CPU
		{1B3148A8-FB57-4461-91BC-F1CD38A013B6}.Release|Any CPU.ActiveCfg = Release|Any CPU
		{1B3148A8-FB57-4461-91BC-F1CD38A013B6}.Release|Any CPU.Build.0 = Release|Any CPU
		{1B3148A8-FB57-4461-91BC-F1CD38A013B6}.Test|Any CPU.ActiveCfg = Test|Any CPU
		{1B3148A8-FB57-4461-91BC-F1CD38A013B6}.Test|Any CPU.Build.0 = Test|Any CPU
		{017DC6E8-FB93-4303-AAF9-52E2449F9A34}.Debug|Any CPU.ActiveCfg = Debug|Any CPU
		{017DC6E8-FB93-4303-AAF9-52E2449F9A34}.Debug|Any CPU.Build.0 = Debug|Any CPU
		{017DC6E8-FB93-4303-AAF9-52E2449F9A34}.Model|Any CPU.ActiveCfg = Model|Any CPU
		{017DC6E8-FB93-4303-AAF9-52E2449F9A34}.Model|Any CPU.Build.0 = Model|Any CPU
		{017DC6E8-FB93-4303-AAF9-52E2449F9A34}.QA|Any CPU.ActiveCfg = QA|Any CPU
		{017DC6E8-FB93-4303-AAF9-52E2449F9A34}.QA|Any CPU.Build.0 = QA|Any CPU
		{017DC6E8-FB93-4303-AAF9-52E2449F9A34}.Release|Any CPU.ActiveCfg = Release|Any CPU
		{017DC6E8-FB93-4303-AAF9-52E2449F9A34}.Release|Any CPU.Build.0 = Release|Any CPU
		{017DC6E8-FB93-4303-AAF9-52E2449F9A34}.Test|Any CPU.ActiveCfg = Test|Any CPU
		{017DC6E8-FB93-4303-AAF9-52E2449F9A34}.Test|Any CPU.Build.0 = Test|Any CPU
		{5D22373D-E432-4208-A737-E0BCA0567B5F}.Debug|Any CPU.ActiveCfg = Debug|Any CPU
		{5D22373D-E432-4208-A737-E0BCA0567B5F}.Debug|Any CPU.Build.0 = Debug|Any CPU
		{5D22373D-E432-4208-A737-E0BCA0567B5F}.Model|Any CPU.ActiveCfg = Test|Any CPU
		{5D22373D-E432-4208-A737-E0BCA0567B5F}.Model|Any CPU.Build.0 = Test|Any CPU
		{5D22373D-E432-4208-A737-E0BCA0567B5F}.QA|Any CPU.ActiveCfg = Test|Any CPU
		{5D22373D-E432-4208-A737-E0BCA0567B5F}.QA|Any CPU.Build.0 = Test|Any CPU
		{5D22373D-E432-4208-A737-E0BCA0567B5F}.Release|Any CPU.ActiveCfg = Release|Any CPU
		{5D22373D-E432-4208-A737-E0BCA0567B5F}.Release|Any CPU.Build.0 = Release|Any CPU
		{5D22373D-E432-4208-A737-E0BCA0567B5F}.Test|Any CPU.ActiveCfg = Test|Any CPU
		{5D22373D-E432-4208-A737-E0BCA0567B5F}.Test|Any CPU.Build.0 = Test|Any CPU
		{EC134A5F-CB56-4196-BB4E-217D365A2534}.Debug|Any CPU.ActiveCfg = Debug|Any CPU
		{EC134A5F-CB56-4196-BB4E-217D365A2534}.Debug|Any CPU.Build.0 = Debug|Any CPU
		{EC134A5F-CB56-4196-BB4E-217D365A2534}.Model|Any CPU.ActiveCfg = Model|Any CPU
		{EC134A5F-CB56-4196-BB4E-217D365A2534}.Model|Any CPU.Build.0 = Model|Any CPU
		{EC134A5F-CB56-4196-BB4E-217D365A2534}.QA|Any CPU.ActiveCfg = Model|Any CPU
		{EC134A5F-CB56-4196-BB4E-217D365A2534}.QA|Any CPU.Build.0 = Model|Any CPU
		{EC134A5F-CB56-4196-BB4E-217D365A2534}.Release|Any CPU.ActiveCfg = Release|Any CPU
		{EC134A5F-CB56-4196-BB4E-217D365A2534}.Release|Any CPU.Build.0 = Release|Any CPU
		{EC134A5F-CB56-4196-BB4E-217D365A2534}.Test|Any CPU.ActiveCfg = Test|Any CPU
		{EC134A5F-CB56-4196-BB4E-217D365A2534}.Test|Any CPU.Build.0 = Test|Any CPU
		{229026B1-C3E5-4D2B-8D2B-61D00E8A52CC}.Debug|Any CPU.ActiveCfg = Debug|Any CPU
		{229026B1-C3E5-4D2B-8D2B-61D00E8A52CC}.Debug|Any CPU.Build.0 = Debug|Any CPU
		{229026B1-C3E5-4D2B-8D2B-61D00E8A52CC}.Model|Any CPU.ActiveCfg = Model|Any CPU
		{229026B1-C3E5-4D2B-8D2B-61D00E8A52CC}.Model|Any CPU.Build.0 = Model|Any CPU
		{229026B1-C3E5-4D2B-8D2B-61D00E8A52CC}.QA|Any CPU.ActiveCfg = Model|Any CPU
		{229026B1-C3E5-4D2B-8D2B-61D00E8A52CC}.QA|Any CPU.Build.0 = Model|Any CPU
		{229026B1-C3E5-4D2B-8D2B-61D00E8A52CC}.Release|Any CPU.ActiveCfg = Release|Any CPU
		{229026B1-C3E5-4D2B-8D2B-61D00E8A52CC}.Release|Any CPU.Build.0 = Release|Any CPU
		{229026B1-C3E5-4D2B-8D2B-61D00E8A52CC}.Test|Any CPU.ActiveCfg = Model|Any CPU
		{229026B1-C3E5-4D2B-8D2B-61D00E8A52CC}.Test|Any CPU.Build.0 = Model|Any CPU
		{42F7185B-2EE1-49F9-AB6F-E89E6F8AF7C6}.Debug|Any CPU.ActiveCfg = Debug|Any CPU
		{42F7185B-2EE1-49F9-AB6F-E89E6F8AF7C6}.Debug|Any CPU.Build.0 = Debug|Any CPU
		{42F7185B-2EE1-49F9-AB6F-E89E6F8AF7C6}.Model|Any CPU.ActiveCfg = Model|Any CPU
		{42F7185B-2EE1-49F9-AB6F-E89E6F8AF7C6}.Model|Any CPU.Build.0 = Model|Any CPU
		{42F7185B-2EE1-49F9-AB6F-E89E6F8AF7C6}.QA|Any CPU.ActiveCfg = Model|Any CPU
		{42F7185B-2EE1-49F9-AB6F-E89E6F8AF7C6}.QA|Any CPU.Build.0 = Model|Any CPU
		{42F7185B-2EE1-49F9-AB6F-E89E6F8AF7C6}.Release|Any CPU.ActiveCfg = Release|Any CPU
		{42F7185B-2EE1-49F9-AB6F-E89E6F8AF7C6}.Release|Any CPU.Build.0 = Release|Any CPU
		{42F7185B-2EE1-49F9-AB6F-E89E6F8AF7C6}.Test|Any CPU.ActiveCfg = Model|Any CPU
		{42F7185B-2EE1-49F9-AB6F-E89E6F8AF7C6}.Test|Any CPU.Build.0 = Model|Any CPU
		{516D2892-5B54-43EB-9208-30E97A6F9292}.Debug|Any CPU.ActiveCfg = Debug|Any CPU
		{516D2892-5B54-43EB-9208-30E97A6F9292}.Debug|Any CPU.Build.0 = Debug|Any CPU
		{516D2892-5B54-43EB-9208-30E97A6F9292}.Model|Any CPU.ActiveCfg = Release|Any CPU
		{516D2892-5B54-43EB-9208-30E97A6F9292}.Model|Any CPU.Build.0 = Release|Any CPU
		{516D2892-5B54-43EB-9208-30E97A6F9292}.QA|Any CPU.ActiveCfg = Release|Any CPU
		{516D2892-5B54-43EB-9208-30E97A6F9292}.QA|Any CPU.Build.0 = Release|Any CPU
		{516D2892-5B54-43EB-9208-30E97A6F9292}.Release|Any CPU.ActiveCfg = Release|Any CPU
		{516D2892-5B54-43EB-9208-30E97A6F9292}.Release|Any CPU.Build.0 = Release|Any CPU
		{516D2892-5B54-43EB-9208-30E97A6F9292}.Test|Any CPU.ActiveCfg = Release|Any CPU
		{516D2892-5B54-43EB-9208-30E97A6F9292}.Test|Any CPU.Build.0 = Release|Any CPU
		{1E8D72DF-2A09-4872-917F-30ED9B6FDAC3}.Debug|Any CPU.ActiveCfg = Debug|Any CPU
		{1E8D72DF-2A09-4872-917F-30ED9B6FDAC3}.Debug|Any CPU.Build.0 = Debug|Any CPU
		{1E8D72DF-2A09-4872-917F-30ED9B6FDAC3}.Model|Any CPU.ActiveCfg = Model|Any CPU
		{1E8D72DF-2A09-4872-917F-30ED9B6FDAC3}.Model|Any CPU.Build.0 = Model|Any CPU
		{1E8D72DF-2A09-4872-917F-30ED9B6FDAC3}.QA|Any CPU.ActiveCfg = Model|Any CPU
		{1E8D72DF-2A09-4872-917F-30ED9B6FDAC3}.QA|Any CPU.Build.0 = Model|Any CPU
		{1E8D72DF-2A09-4872-917F-30ED9B6FDAC3}.Release|Any CPU.ActiveCfg = Release|Any CPU
		{1E8D72DF-2A09-4872-917F-30ED9B6FDAC3}.Release|Any CPU.Build.0 = Release|Any CPU
		{1E8D72DF-2A09-4872-917F-30ED9B6FDAC3}.Test|Any CPU.ActiveCfg = Model|Any CPU
		{1E8D72DF-2A09-4872-917F-30ED9B6FDAC3}.Test|Any CPU.Build.0 = Model|Any CPU
		{BF2F1262-D5CC-41F0-BCFC-7CCDCE479795}.Debug|Any CPU.ActiveCfg = Debug|Any CPU
		{BF2F1262-D5CC-41F0-BCFC-7CCDCE479795}.Debug|Any CPU.Build.0 = Debug|Any CPU
		{BF2F1262-D5CC-41F0-BCFC-7CCDCE479795}.Model|Any CPU.ActiveCfg = Model|Any CPU
		{BF2F1262-D5CC-41F0-BCFC-7CCDCE479795}.Model|Any CPU.Build.0 = Model|Any CPU
		{BF2F1262-D5CC-41F0-BCFC-7CCDCE479795}.QA|Any CPU.ActiveCfg = Model|Any CPU
		{BF2F1262-D5CC-41F0-BCFC-7CCDCE479795}.QA|Any CPU.Build.0 = Model|Any CPU
		{BF2F1262-D5CC-41F0-BCFC-7CCDCE479795}.Release|Any CPU.ActiveCfg = Release|Any CPU
		{BF2F1262-D5CC-41F0-BCFC-7CCDCE479795}.Release|Any CPU.Build.0 = Release|Any CPU
		{BF2F1262-D5CC-41F0-BCFC-7CCDCE479795}.Test|Any CPU.ActiveCfg = Model|Any CPU
		{BF2F1262-D5CC-41F0-BCFC-7CCDCE479795}.Test|Any CPU.Build.0 = Model|Any CPU
		{64428B06-18E5-4307-BA78-FB0D238816D8}.Debug|Any CPU.ActiveCfg = Debug|Any CPU
		{64428B06-18E5-4307-BA78-FB0D238816D8}.Debug|Any CPU.Build.0 = Debug|Any CPU
		{64428B06-18E5-4307-BA78-FB0D238816D8}.Model|Any CPU.ActiveCfg = Release|Any CPU
		{64428B06-18E5-4307-BA78-FB0D238816D8}.Model|Any CPU.Build.0 = Release|Any CPU
		{64428B06-18E5-4307-BA78-FB0D238816D8}.QA|Any CPU.ActiveCfg = Release|Any CPU
		{64428B06-18E5-4307-BA78-FB0D238816D8}.QA|Any CPU.Build.0 = Release|Any CPU
		{64428B06-18E5-4307-BA78-FB0D238816D8}.Release|Any CPU.ActiveCfg = Release|Any CPU
		{64428B06-18E5-4307-BA78-FB0D238816D8}.Release|Any CPU.Build.0 = Release|Any CPU
		{64428B06-18E5-4307-BA78-FB0D238816D8}.Test|Any CPU.ActiveCfg = Release|Any CPU
		{64428B06-18E5-4307-BA78-FB0D238816D8}.Test|Any CPU.Build.0 = Release|Any CPU
		{F127267A-807D-4091-AE83-48CDC12E7D56}.Debug|Any CPU.ActiveCfg = Debug|Any CPU
		{F127267A-807D-4091-AE83-48CDC12E7D56}.Debug|Any CPU.Build.0 = Debug|Any CPU
		{F127267A-807D-4091-AE83-48CDC12E7D56}.Model|Any CPU.ActiveCfg = Model|Any CPU
		{F127267A-807D-4091-AE83-48CDC12E7D56}.Model|Any CPU.Build.0 = Model|Any CPU
		{F127267A-807D-4091-AE83-48CDC12E7D56}.QA|Any CPU.ActiveCfg = Model|Any CPU
		{F127267A-807D-4091-AE83-48CDC12E7D56}.QA|Any CPU.Build.0 = Model|Any CPU
		{F127267A-807D-4091-AE83-48CDC12E7D56}.Release|Any CPU.ActiveCfg = Release|Any CPU
		{F127267A-807D-4091-AE83-48CDC12E7D56}.Release|Any CPU.Build.0 = Release|Any CPU
		{F127267A-807D-4091-AE83-48CDC12E7D56}.Test|Any CPU.ActiveCfg = Model|Any CPU
		{F127267A-807D-4091-AE83-48CDC12E7D56}.Test|Any CPU.Build.0 = Model|Any CPU
		{BA3F00D1-7DE7-4AE6-B637-6681C10EC20D}.Debug|Any CPU.ActiveCfg = Debug|Any CPU
		{BA3F00D1-7DE7-4AE6-B637-6681C10EC20D}.Debug|Any CPU.Build.0 = Debug|Any CPU
		{BA3F00D1-7DE7-4AE6-B637-6681C10EC20D}.Model|Any CPU.ActiveCfg = Model|Any CPU
		{BA3F00D1-7DE7-4AE6-B637-6681C10EC20D}.Model|Any CPU.Build.0 = Model|Any CPU
		{BA3F00D1-7DE7-4AE6-B637-6681C10EC20D}.QA|Any CPU.ActiveCfg = Model|Any CPU
		{BA3F00D1-7DE7-4AE6-B637-6681C10EC20D}.QA|Any CPU.Build.0 = Model|Any CPU
		{BA3F00D1-7DE7-4AE6-B637-6681C10EC20D}.Release|Any CPU.ActiveCfg = Release|Any CPU
		{BA3F00D1-7DE7-4AE6-B637-6681C10EC20D}.Release|Any CPU.Build.0 = Release|Any CPU
		{BA3F00D1-7DE7-4AE6-B637-6681C10EC20D}.Test|Any CPU.ActiveCfg = Model|Any CPU
		{BA3F00D1-7DE7-4AE6-B637-6681C10EC20D}.Test|Any CPU.Build.0 = Model|Any CPU
	EndGlobalSection
	GlobalSection(SolutionProperties) = preSolution
		HideSolutionNode = FALSE
	EndGlobalSection
	GlobalSection(NestedProjects) = preSolution
		{198FEC8F-4C9E-4961-86D6-2631B2A6E9EC} = {3BA0514A-E488-43EE-83FD-BC122588DB6F}
		{25CF3C3F-221F-4A49-B5EF-A8A5FCF9A5BA} = {E7779C1C-8901-45A4-9992-0169325E43E0}
		{AE842695-4DD4-4403-9BE4-8473BCA09580} = {E7779C1C-8901-45A4-9992-0169325E43E0}
		{ABE948FB-247E-4955-B3AB-B7C93E10A542} = {E7779C1C-8901-45A4-9992-0169325E43E0}
		{6C8967D1-8A53-4DDE-9D8D-A1A731D3782A} = {3BA0514A-E488-43EE-83FD-BC122588DB6F}
		{D4489296-17A3-4172-8FDF-DB6C0A7AE748} = {6C8967D1-8A53-4DDE-9D8D-A1A731D3782A}
		{1FB3AFCF-099E-49BA-8820-8F1BD422D95E} = {3BA0514A-E488-43EE-83FD-BC122588DB6F}
		{0B6E0ED8-ABE5-4A1D-8E10-0AC54F06D9C4} = {1FB3AFCF-099E-49BA-8820-8F1BD422D95E}
		{C63F9481-63B2-4DF3-809E-5BA66B51020D} = {3BA0514A-E488-43EE-83FD-BC122588DB6F}
		{4885FE36-03DB-47B7-BE7E-33260943A9DC} = {C63F9481-63B2-4DF3-809E-5BA66B51020D}
		{D86BD142-ECCB-46C7-A35D-E99DF00DA708} = {3BA0514A-E488-43EE-83FD-BC122588DB6F}
		{6033A8EA-A3EF-4182-BFDD-4A9826ECF871} = {D86BD142-ECCB-46C7-A35D-E99DF00DA708}
		{1536CD0A-6308-4DAF-8618-35BBA0816997} = {198FEC8F-4C9E-4961-86D6-2631B2A6E9EC}
		{1B3148A8-FB57-4461-91BC-F1CD38A013B6} = {198FEC8F-4C9E-4961-86D6-2631B2A6E9EC}
		{017DC6E8-FB93-4303-AAF9-52E2449F9A34} = {198FEC8F-4C9E-4961-86D6-2631B2A6E9EC}
		{5D22373D-E432-4208-A737-E0BCA0567B5F} = {198FEC8F-4C9E-4961-86D6-2631B2A6E9EC}
		{EC134A5F-CB56-4196-BB4E-217D365A2534} = {198FEC8F-4C9E-4961-86D6-2631B2A6E9EC}
		{229026B1-C3E5-4D2B-8D2B-61D00E8A52CC} = {6C8967D1-8A53-4DDE-9D8D-A1A731D3782A}
		{42F7185B-2EE1-49F9-AB6F-E89E6F8AF7C6} = {6C8967D1-8A53-4DDE-9D8D-A1A731D3782A}
		{516D2892-5B54-43EB-9208-30E97A6F9292} = {6C8967D1-8A53-4DDE-9D8D-A1A731D3782A}
		{1E8D72DF-2A09-4872-917F-30ED9B6FDAC3} = {6C8967D1-8A53-4DDE-9D8D-A1A731D3782A}
		{BF2F1262-D5CC-41F0-BCFC-7CCDCE479795} = {D86BD142-ECCB-46C7-A35D-E99DF00DA708}
		{64428B06-18E5-4307-BA78-FB0D238816D8} = {D86BD142-ECCB-46C7-A35D-E99DF00DA708}
		{F127267A-807D-4091-AE83-48CDC12E7D56} = {D86BD142-ECCB-46C7-A35D-E99DF00DA708}
		{BA3F00D1-7DE7-4AE6-B637-6681C10EC20D} = {D86BD142-ECCB-46C7-A35D-E99DF00DA708}
	EndGlobalSection
	GlobalSection(TeamFoundationVersionControl) = preSolution
		SccNumberOfProjects = 26
		SccEnterpriseProvider = {4CA58AB2-18FA-4F8D-95D4-32DDF27D184C}
		SccTeamFoundationServer = http://192.168.111.123:8080/tfs/phytel
		SccLocalPath0 = .
		SccProjectUniqueName1 = AppDomain.Engage.Population\\AppDomain.Engage.Population.csproj
		SccProjectName1 = AppDomain.Engage.Population
		SccLocalPath1 = AppDomain.Engage.Population
		SccProjectUniqueName2 = AppDomain.Engage.Population.DTO\\AppDomain.Engage.Population.DTO.csproj
		SccProjectName2 = AppDomain.Engage.Population.DTO
		SccLocalPath2 = AppDomain.Engage.Population.DTO
		SccProjectUniqueName3 = AppDomain.Engage.Population.Service\\AppDomain.Engage.Population.Service.csproj
		SccProjectName3 = AppDomain.Engage.Population.Service
		SccLocalPath3 = AppDomain.Engage.Population.Service
		SccProjectUniqueName4 = AppDomain.Engage.Population.DataDomainClient\\AppDomain.Engage.Population.DataDomainClient.csproj
		SccProjectName4 = AppDomain.Engage.Population.DataDomainClient
		SccLocalPath4 = AppDomain.Engage.Population.DataDomainClient
		SccProjectUniqueName5 = AppDomain.Engage.PopulationTests\\AppDomain.Engage.PopulationTests.csproj
		SccProjectName5 = AppDomain.Engage.PopulationTests
		SccLocalPath5 = AppDomain.Engage.PopulationTests
		SccProjectUniqueName6 = ..\\..\\..\\..\\Common\\Phytel.API.Common\\Development\\Current\\Bristol-branch\\Phytel.API.Common.csproj
		SccProjectTopLevelParentUniqueName6 = Phytel.API.AppDomain.Population.sln
		SccProjectName6 = ../../../../Common/Phytel.API.Common/Development/Current/Bristol-branch
		SccLocalPath6 = ..\\..\\..\\..\\Common\\Phytel.API.Common\\Development\\Current\\Bristol-branch
		SccProjectUniqueName7 = ..\\..\\..\\..\\Common\\Phytel.API.DataAudit\\Development\\Current\\Bristol-branch\\Phytel.API.DataAudit.csproj
		SccProjectTopLevelParentUniqueName7 = Phytel.API.AppDomain.Population.sln
		SccProjectName7 = ../../../../Common/Phytel.API.DataAudit/Development/Current/Bristol-branch
		SccLocalPath7 = ..\\..\\..\\..\\Common\\Phytel.API.DataAudit\\Development\\Current\\Bristol-branch
		SccProjectUniqueName8 = ..\\..\\..\\..\\Interfaces\\Development\\Current\\Bristol-branch\\Phytel.API.Interface\\Phytel.API.Interface.csproj
		SccProjectTopLevelParentUniqueName8 = Phytel.API.AppDomain.Population.sln
		SccProjectName8 = ../../../../Interfaces/Development/Current/Bristol-branch/Phytel.API.Interface
		SccLocalPath8 = ..\\..\\..\\..\\Interfaces\\Development\\Current\\Bristol-branch\\Phytel.API.Interface
		SccProjectUniqueName9 = ..\\..\\..\\..\\Data\\Cohort\\Development\\Current\\Bristol-branch\\Cohort.DTO\\DataDomain.Cohort.DTO.csproj
		SccProjectTopLevelParentUniqueName9 = Phytel.API.AppDomain.Population.sln
		SccProjectName9 = ../../../../Data/Cohort/Development/Current/Bristol-branch/Cohort.DTO
		SccLocalPath9 = ..\\..\\..\\..\\Data\\Cohort\\Development\\Current\\Bristol-branch\\Cohort.DTO
		SccProjectUniqueName10 = ..\\..\\..\\..\\Data\\Contact\\Development\\Current\\Bristol-branch\\Contact.DTO\\DataDomain.Contact.DTO.csproj
		SccProjectTopLevelParentUniqueName10 = Phytel.API.AppDomain.Population.sln
		SccProjectName10 = ../../../../Data/Contact/Development/Current/Bristol-branch/Contact.DTO
		SccLocalPath10 = ..\\..\\..\\..\\Data\\Contact\\Development\\Current\\Bristol-branch\\Contact.DTO
		SccProjectUniqueName11 = ..\\..\\..\\..\\Data\\LookUp\\Development\\Current\\Bristol-branch\\LookUp.DTO\\DataDomain.LookUp.DTO.csproj
		SccProjectTopLevelParentUniqueName11 = Phytel.API.AppDomain.Population.sln
		SccProjectName11 = ../../../../Data/LookUp/Development/Current/Bristol-branch/LookUp.DTO
		SccLocalPath11 = ..\\..\\..\\..\\Data\\LookUp\\Development\\Current\\Bristol-branch\\LookUp.DTO
		SccProjectUniqueName12 = ..\\..\\..\\..\\Data\\PatientSystem\\Development\\Current\\Bristol-branch\\PatientSystem.DTO\\DataDomain.PatientSystem.DTO.csproj
		SccProjectTopLevelParentUniqueName12 = Phytel.API.AppDomain.Population.sln
		SccProjectName12 = ../../../../Data/PatientSystem/Development/Current/Bristol-branch/PatientSystem.DTO
		SccLocalPath12 = ..\\..\\..\\..\\Data\\PatientSystem\\Development\\Current\\Bristol-branch\\PatientSystem.DTO
		SccProjectUniqueName13 = ..\\..\\..\\..\\Data\\Patient\\Development\\Current\\Bristol-branch\\Patient\\DataDomain.Patient.csproj
		SccProjectTopLevelParentUniqueName13 = Phytel.API.AppDomain.Population.sln
		SccProjectName13 = ../../../../Data/Patient/Development/Current/Bristol-branch/Patient
		SccLocalPath13 = ..\\..\\..\\..\\Data\\Patient\\Development\\Current\\Bristol-branch\\Patient
		SccProjectUniqueName14 = ..\\..\\..\\..\\Data\\Patient\\Development\\Current\\Bristol-branch\\Patient.DTOs\\DataDomain.Patient.DTO.csproj
		SccProjectTopLevelParentUniqueName14 = Phytel.API.AppDomain.Population.sln
		SccProjectName14 = ../../../../Data/Patient/Development/Current/Bristol-branch/Patient.DTOs
		SccLocalPath14 = ..\\..\\..\\..\\Data\\Patient\\Development\\Current\\Bristol-branch\\Patient.DTOs
		SccProjectUniqueName15 = ..\\..\\..\\..\\Data\\Patient\\Development\\Current\\Bristol-branch\\Patient.Services\\DataDomain.Patient.Service.csproj
		SccProjectTopLevelParentUniqueName15 = Phytel.API.AppDomain.Population.sln
		SccProjectName15 = ../../../../Data/Patient/Development/Current/Bristol-branch/Patient.Services
		SccLocalPath15 = ..\\..\\..\\..\\Data\\Patient\\Development\\Current\\Bristol-branch\\Patient.Services
		SccProjectUniqueName16 = ..\\..\\..\\..\\Data\\Patient\\Development\\Current\\Bristol-branch\\Patient.Services.Tests\\DataDomain.Patient.Service.Test.csproj
		SccProjectTopLevelParentUniqueName16 = Phytel.API.AppDomain.Population.sln
		SccProjectName16 = ../../../../Data/Patient/Development/Current/Bristol-branch/Patient.Services.Tests
		SccLocalPath16 = ..\\..\\..\\..\\Data\\Patient\\Development\\Current\\Bristol-branch\\Patient.Services.Tests
		SccProjectUniqueName17 = ..\\..\\..\\..\\Data\\Patient\\Development\\Current\\Bristol-branch\\Patient.Tests\\DataDomain.Patient.Test.csproj
		SccProjectTopLevelParentUniqueName17 = Phytel.API.AppDomain.Population.sln
		SccProjectName17 = ../../../../Data/Patient/Development/Current/Bristol-branch/Patient.Tests
		SccLocalPath17 = ..\\..\\..\\..\\Data\\Patient\\Development\\Current\\Bristol-branch\\Patient.Tests
		SccProjectUniqueName18 = ..\\..\\..\\..\\Data\\Cohort\\Development\\Current\\Bristol-branch\\Cohort\\DataDomain.Cohort.csproj
		SccProjectTopLevelParentUniqueName18 = Phytel.API.AppDomain.Population.sln
		SccProjectName18 = ../../../../Data/Cohort/Development/Current/Bristol-branch/Cohort
		SccLocalPath18 = ..\\..\\..\\..\\Data\\Cohort\\Development\\Current\\Bristol-branch\\Cohort
		SccProjectUniqueName19 = ..\\..\\..\\..\\Data\\Cohort\\Development\\Current\\Bristol-branch\\Cohort.Service\\DataDomain.Cohort.Service.csproj
		SccProjectTopLevelParentUniqueName19 = Phytel.API.AppDomain.Population.sln
		SccProjectName19 = ../../../../Data/Cohort/Development/Current/Bristol-branch/Cohort.Service
		SccLocalPath19 = ..\\..\\..\\..\\Data\\Cohort\\Development\\Current\\Bristol-branch\\Cohort.Service
		SccProjectUniqueName20 = ..\\..\\..\\..\\Data\\Cohort\\Development\\Current\\Bristol-branch\\Cohort.Service.Test\\DataDomain.Cohort.Service.Test.csproj
		SccProjectTopLevelParentUniqueName20 = Phytel.API.AppDomain.Population.sln
		SccProjectName20 = ../../../../Data/Cohort/Development/Current/Bristol-branch/Cohort.Service.Test
		SccLocalPath20 = ..\\..\\..\\..\\Data\\Cohort\\Development\\Current\\Bristol-branch\\Cohort.Service.Test
		SccProjectUniqueName21 = ..\\..\\..\\..\\Data\\Cohort\\Development\\Current\\Bristol-branch\\Cohort.Test\\DataDomain.Cohort.Test.csproj
		SccProjectTopLevelParentUniqueName21 = Phytel.API.AppDomain.Population.sln
		SccProjectName21 = ../../../../Data/Cohort/Development/Current/Bristol-branch/Cohort.Test
		SccLocalPath21 = ..\\..\\..\\..\\Data\\Cohort\\Development\\Current\\Bristol-branch\\Cohort.Test
		SccProjectUniqueName22 = ..\\..\\..\\..\\Data\\PatientSystem\\Development\\Current\\Bristol-branch\\PatientSystem\\DataDomain.PatientSystem.csproj
		SccProjectTopLevelParentUniqueName22 = Phytel.API.AppDomain.Population.sln
		SccProjectName22 = ../../../../Data/PatientSystem/Development/Current/Bristol-branch/PatientSystem
		SccLocalPath22 = ..\\..\\..\\..\\Data\\PatientSystem\\Development\\Current\\Bristol-branch\\PatientSystem
		SccProjectUniqueName23 = ..\\..\\..\\..\\Data\\PatientSystem\\Development\\Current\\Bristol-branch\\PatientSystem.Repo\\DataDomain.PatientSystem.Repo.csproj
		SccProjectTopLevelParentUniqueName23 = Phytel.API.AppDomain.Population.sln
		SccProjectName23 = ../../../../Data/PatientSystem/Development/Current/Bristol-branch/PatientSystem.Repo
		SccLocalPath23 = ..\\..\\..\\..\\Data\\PatientSystem\\Development\\Current\\Bristol-branch\\PatientSystem.Repo
		SccProjectUniqueName24 = ..\\..\\..\\..\\Data\\PatientSystem\\Development\\Current\\Bristol-branch\\PatientSystem.Service\\DataDomain.PatientSystem.Service.csproj
		SccProjectTopLevelParentUniqueName24 = Phytel.API.AppDomain.Population.sln
		SccProjectName24 = ../../../../Data/PatientSystem/Development/Current/Bristol-branch/PatientSystem.Service
		SccLocalPath24 = ..\\..\\..\\..\\Data\\PatientSystem\\Development\\Current\\Bristol-branch\\PatientSystem.Service
		SccProjectUniqueName25 = ..\\..\\..\\..\\Data\\PatientSystem\\Development\\Current\\Bristol-branch\\PatientSystem.Test\\DataDomain.PatientSystem.Test.csproj
		SccProjectTopLevelParentUniqueName25 = Phytel.API.AppDomain.Population.sln
		SccProjectName25 = ../../../../Data/PatientSystem/Development/Current/Bristol-branch/PatientSystem.Test
		SccLocalPath25 = ..\\..\\..\\..\\Data\\PatientSystem\\Development\\Current\\Bristol-branch\\PatientSystem.Test
	EndGlobalSection
EndGlobal
