
Microsoft Visual Studio Solution File, Format Version 12.00
# Visual Studio 2013
VisualStudioVersion = 12.0.30501.0
MinimumVisualStudioVersion = 10.0.40219.1
Project("{FAE04EC0-301F-11D3-BF4B-00C04F79EFBC}") = "Nightingale.Assets", "Nightingale.Assets\Nightingale.Assets.csproj", "{A03D3E1D-FBFE-4545-9723-75DC3A6F94C2}"
EndProject
Project("{2150E333-8FDC-42A3-9474-1A3956D46DE8}") = "Solution Items", "Solution Items", "{E698AA17-39AE-4D68-B7F6-62F5E830EA52}"
	ProjectSection(SolutionItems) = preProject
		WebEssentials-Settings.json = WebEssentials-Settings.json
	EndProjectSection
EndProject
Global
	GlobalSection(TeamFoundationVersionControl) = preSolution
		SccNumberOfProjects = 2
		SccEnterpriseProvider = {4CA58AB2-18FA-4F8D-95D4-32DDF27D184C}
		SccTeamFoundationServer = http://hillstfs2013:8080/tfs/phytel
		SccLocalPath0 = .
		SccProjectUniqueName1 = Nightingale.Assets\\Nightingale.Assets.csproj
		SccProjectName1 = Nightingale.Assets
		SccLocalPath1 = Nightingale.Assets
	EndGlobalSection
	GlobalSection(SolutionConfigurationPlatforms) = preSolution
		Debug|Any CPU = Debug|Any CPU
		Release|Any CPU = Release|Any CPU
	EndGlobalSection
	GlobalSection(ProjectConfigurationPlatforms) = postSolution
		{A03D3E1D-FBFE-4545-9723-75DC3A6F94C2}.Debug|Any CPU.ActiveCfg = Debug|Any CPU
		{A03D3E1D-FBFE-4545-9723-75DC3A6F94C2}.Debug|Any CPU.Build.0 = Debug|Any CPU
		{A03D3E1D-FBFE-4545-9723-75DC3A6F94C2}.Release|Any CPU.ActiveCfg = Release|Any CPU
		{A03D3E1D-FBFE-4545-9723-75DC3A6F94C2}.Release|Any CPU.Build.0 = Release|Any CPU
	EndGlobalSection
	GlobalSection(SolutionProperties) = preSolution
		HideSolutionNode = FALSE
	EndGlobalSection
EndGlobal
