Microsoft Visual Studio Solution File, Format Version 12.00
# Visual Studio 2013
VisualStudioVersion = 12.0.21005.1
MinimumVisualStudioVersion = 10.0.40219.1
Project("{FAE04EC0-301F-11D3-BF4B-00C04F79EFBC}") = "DataDomain.Patient.Service", "Patient.Services\DataDomain.Patient.Service.csproj", "{017DC6E8-FB93-4303-AAF9-52E2449F9A34}"
EndProject
Project("{FAE04EC0-301F-11D3-BF4B-00C04F79EFBC}") = "DataDomain.Patient", "Patient\DataDomain.Patient.csproj", "{1536CD0A-6308-4DAF-8618-35BBA0816997}"
EndProject
Project("{FAE04EC0-301F-11D3-BF4B-00C04F79EFBC}") = "DataDomain.Patient.DTO", "Patient.DTOs\DataDomain.Patient.DTO.csproj", "{1B3148A8-FB57-4461-91BC-F1CD38A013B6}"
EndProject
Project("{FAE04EC0-301F-11D3-BF4B-00C04F79EFBC}") = "DataDomain.Patient.Test", "Patient.Tests\DataDomain.Patient.Test.csproj", "{EC134A5F-CB56-4196-BB4E-217D365A2534}"
EndProject
Project("{2150E333-8FDC-42A3-9474-1A3956D46DE8}") = "PhytelShared", "PhytelShared", "{800769AE-E702-422E-8B96-C0E7B2350F50}"
EndProject
Project("{FAE04EC0-301F-11D3-BF4B-00C04F79EFBC}") = "Phytel.API.Interface", "..\..\..\..\Interfaces\Development\Current\Phytel.API.Interface\Phytel.API.Interface.csproj", "{ABE948FB-247E-4955-B3AB-B7C93E10A542}"
EndProject
Project("{FAE04EC0-301F-11D3-BF4B-00C04F79EFBC}") = "Phytel.API.Common", "..\..\..\..\Common\Phytel.API.Common\Development\Current\Phytel.API.Common.csproj", "{25CF3C3F-221F-4A49-B5EF-A8A5FCF9A5BA}"
EndProject
Project("{FAE04EC0-301F-11D3-BF4B-00C04F79EFBC}") = "DataDomain.Patient.Service.Test", "Patient.Services.Tests\DataDomain.Patient.Service.Test.csproj", "{5D22373D-E432-4208-A737-E0BCA0567B5F}"
EndProject
Project("{FAE04EC0-301F-11D3-BF4B-00C04F79EFBC}") = "Phytel.API.DataAudit", "..\..\..\..\Common\Phytel.API.DataAudit\Development\Current\Phytel.API.DataAudit.csproj", "{AE842695-4DD4-4403-9BE4-8473BCA09580}"
EndProject
Project("{2150E333-8FDC-42A3-9474-1A3956D46DE8}") = "ReferenceDTOs", "ReferenceDTOs", "{CA1BF93C-DC50-4263-84F7-263FDA3F1AB1}"
EndProject
Project("{FAE04EC0-301F-11D3-BF4B-00C04F79EFBC}") = "DataDomain.Cohort.DTO", "..\..\..\Phytel.API.DataDomain.Cohort\Development\Current\Cohort.DTO\DataDomain.Cohort.DTO.csproj", "{D4489296-17A3-4172-8FDF-DB6C0A7AE748}"
EndProject
Project("{FAE04EC0-301F-11D3-BF4B-00C04F79EFBC}") = "DataDomain.Contact.DTO", "..\..\..\Phytel.API.DataDomain.Contact\Development\Current\Contact.DTO\DataDomain.Contact.DTO.csproj", "{0B6E0ED8-ABE5-4A1D-8E10-0AC54F06D9C4}"
EndProject
Project("{FAE04EC0-301F-11D3-BF4B-00C04F79EFBC}") = "DataDomain.LookUp.DTO", "..\..\..\Phytel.API.DataDomain.LookUp\Development\Current\LookUp.DTO\DataDomain.LookUp.DTO.csproj", "{4885FE36-03DB-47B7-BE7E-33260943A9DC}"
EndProject
Project("{FAE04EC0-301F-11D3-BF4B-00C04F79EFBC}") = "DataDomain.PatientSystem.DTO", "..\..\..\Phytel.API.DataDomain.PatientSystem\Development\Current\PatientSystem.DTO\DataDomain.PatientSystem.DTO.csproj", "{6033A8EA-A3EF-4182-BFDD-4A9826ECF871}"
EndProject
Project("{2150E333-8FDC-42A3-9474-1A3956D46DE8}") = ".nuget", ".nuget", "{5C267ECC-58F8-4AF9-A0D3-637CCBB11316}"
	ProjectSection(SolutionItems) = preProject
		.nuget\NuGet.Config = .nuget\NuGet.Config
		.nuget\NuGet.exe = .nuget\NuGet.exe
		.nuget\NuGet.targets = .nuget\NuGet.targets
	EndProjectSection
EndProject
Global
	GlobalSection(TeamFoundationVersionControl) = preSolution
		SccNumberOfProjects = 13
		SccEnterpriseProvider = {4CA58AB2-18FA-4F8D-95D4-32DDF27D184C}
		SccTeamFoundationServer = http://hillstfs2013:8080/tfs/phytel
		SccLocalPath0 = .
		SccProjectUniqueName1 = Patient.Services\\DataDomain.Patient.Service.csproj
		SccProjectName1 = Patient.Services
		SccLocalPath1 = Patient.Services
		SccProjectUniqueName2 = Patient\\DataDomain.Patient.csproj
		SccProjectName2 = Patient
		SccLocalPath2 = Patient
		SccProjectUniqueName3 = Patient.DTOs\\DataDomain.Patient.DTO.csproj
		SccProjectName3 = Patient.DTOs
		SccLocalPath3 = Patient.DTOs
		SccProjectUniqueName4 = Patient.Tests\\DataDomain.Patient.Test.csproj
		SccProjectName4 = Patient.Tests
		SccLocalPath4 = Patient.Tests
		SccProjectUniqueName5 = ..\\..\\..\\..\\Interfaces\\Development\\Current\\Phytel.API.Interface\\Phytel.API.Interface.csproj
		SccProjectTopLevelParentUniqueName5 = DataDomain.Patient.sln
		SccProjectName5 = ../../../../Interfaces/Development/Current/Phytel.API.Interface
		SccLocalPath5 = ..\\..\\..\\..\\Interfaces\\Development\\Current\\Phytel.API.Interface
		SccProjectUniqueName6 = ..\\..\\..\\..\\Common\\Phytel.API.Common\\Development\\Current\\Phytel.API.Common.csproj
		SccProjectTopLevelParentUniqueName6 = DataDomain.Patient.sln
		SccProjectName6 = ../../../../Common/Phytel.API.Common/Development/Current
		SccLocalPath6 = ..\\..\\..\\..\\Common\\Phytel.API.Common\\Development\\Current
		SccProjectUniqueName7 = Patient.Services.Tests\\DataDomain.Patient.Service.Test.csproj
		SccProjectName7 = Patient.Services.Tests
		SccLocalPath7 = Patient.Services.Tests
		SccProjectUniqueName8 = ..\\..\\..\\..\\Common\\Phytel.API.DataAudit\\Development\\Current\\Phytel.API.DataAudit.csproj
		SccProjectTopLevelParentUniqueName8 = DataDomain.Patient.sln
		SccProjectName8 = ../../../../Common/Phytel.API.DataAudit/Development/Current
		SccLocalPath8 = ..\\..\\..\\..\\Common\\Phytel.API.DataAudit\\Development\\Current
		SccProjectUniqueName9 = ..\\..\\..\\Phytel.API.DataDomain.Cohort\\Development\\Current\\Cohort.DTO\\DataDomain.Cohort.DTO.csproj
		SccProjectTopLevelParentUniqueName9 = DataDomain.Patient.sln
		SccProjectName9 = ../../../Phytel.API.DataDomain.Cohort/Development/Current/Cohort.DTO
		SccLocalPath9 = ..\\..\\..\\Phytel.API.DataDomain.Cohort\\Development\\Current\\Cohort.DTO
		SccProjectUniqueName10 = ..\\..\\..\\Phytel.API.DataDomain.Contact\\Development\\Current\\Contact.DTO\\DataDomain.Contact.DTO.csproj
		SccProjectTopLevelParentUniqueName10 = DataDomain.Patient.sln
		SccProjectName10 = ../../../Phytel.API.DataDomain.Contact/Development/Current/Contact.DTO
		SccLocalPath10 = ..\\..\\..\\Phytel.API.DataDomain.Contact\\Development\\Current\\Contact.DTO
		SccProjectUniqueName11 = ..\\..\\..\\Phytel.API.DataDomain.LookUp\\Development\\Current\\LookUp.DTO\\DataDomain.LookUp.DTO.csproj
		SccProjectTopLevelParentUniqueName11 = DataDomain.Patient.sln
		SccProjectName11 = ../../../Phytel.API.DataDomain.LookUp/Development/Current/LookUp.DTO
		SccLocalPath11 = ..\\..\\..\\Phytel.API.DataDomain.LookUp\\Development\\Current\\LookUp.DTO
		SccProjectUniqueName12 = ..\\..\\..\\Phytel.API.DataDomain.PatientSystem\\Development\\Current\\PatientSystem.DTO\\DataDomain.PatientSystem.DTO.csproj
		SccProjectTopLevelParentUniqueName12 = DataDomain.Patient.sln
		SccProjectName12 = ../../../Phytel.API.DataDomain.PatientSystem/Development/Current/PatientSystem.DTO
		SccLocalPath12 = ..\\..\\..\\Phytel.API.DataDomain.PatientSystem\\Development\\Current\\PatientSystem.DTO
	EndGlobalSection
	GlobalSection(SolutionConfigurationPlatforms) = preSolution
		Debug|Any CPU = Debug|Any CPU
		Release|Any CPU = Release|Any CPU
		Test|Any CPU = Test|Any CPU
	EndGlobalSection
	GlobalSection(ProjectConfigurationPlatforms) = postSolution
		{017DC6E8-FB93-4303-AAF9-52E2449F9A34}.Debug|Any CPU.ActiveCfg = Debug|Any CPU
		{017DC6E8-FB93-4303-AAF9-52E2449F9A34}.Debug|Any CPU.Build.0 = Debug|Any CPU
		{017DC6E8-FB93-4303-AAF9-52E2449F9A34}.Release|Any CPU.ActiveCfg = Release|Any CPU
		{017DC6E8-FB93-4303-AAF9-52E2449F9A34}.Release|Any CPU.Build.0 = Release|Any CPU
		{017DC6E8-FB93-4303-AAF9-52E2449F9A34}.Test|Any CPU.ActiveCfg = Test|Any CPU
		{017DC6E8-FB93-4303-AAF9-52E2449F9A34}.Test|Any CPU.Build.0 = Test|Any CPU
		{1536CD0A-6308-4DAF-8618-35BBA0816997}.Debug|Any CPU.ActiveCfg = Debug|Any CPU
		{1536CD0A-6308-4DAF-8618-35BBA0816997}.Debug|Any CPU.Build.0 = Debug|Any CPU
		{1536CD0A-6308-4DAF-8618-35BBA0816997}.Release|Any CPU.ActiveCfg = Release|Any CPU
		{1536CD0A-6308-4DAF-8618-35BBA0816997}.Release|Any CPU.Build.0 = Release|Any CPU
		{1536CD0A-6308-4DAF-8618-35BBA0816997}.Test|Any CPU.ActiveCfg = Test|Any CPU
		{1536CD0A-6308-4DAF-8618-35BBA0816997}.Test|Any CPU.Build.0 = Test|Any CPU
		{1B3148A8-FB57-4461-91BC-F1CD38A013B6}.Debug|Any CPU.ActiveCfg = Debug|Any CPU
		{1B3148A8-FB57-4461-91BC-F1CD38A013B6}.Debug|Any CPU.Build.0 = Debug|Any CPU
		{1B3148A8-FB57-4461-91BC-F1CD38A013B6}.Release|Any CPU.ActiveCfg = Release|Any CPU
		{1B3148A8-FB57-4461-91BC-F1CD38A013B6}.Release|Any CPU.Build.0 = Release|Any CPU
		{1B3148A8-FB57-4461-91BC-F1CD38A013B6}.Test|Any CPU.ActiveCfg = Test|Any CPU
		{1B3148A8-FB57-4461-91BC-F1CD38A013B6}.Test|Any CPU.Build.0 = Test|Any CPU
		{EC134A5F-CB56-4196-BB4E-217D365A2534}.Debug|Any CPU.ActiveCfg = Debug|Any CPU
		{EC134A5F-CB56-4196-BB4E-217D365A2534}.Debug|Any CPU.Build.0 = Debug|Any CPU
		{EC134A5F-CB56-4196-BB4E-217D365A2534}.Release|Any CPU.ActiveCfg = Release|Any CPU
		{EC134A5F-CB56-4196-BB4E-217D365A2534}.Release|Any CPU.Build.0 = Release|Any CPU
		{EC134A5F-CB56-4196-BB4E-217D365A2534}.Test|Any CPU.ActiveCfg = Test|Any CPU
		{EC134A5F-CB56-4196-BB4E-217D365A2534}.Test|Any CPU.Build.0 = Test|Any CPU
		{ABE948FB-247E-4955-B3AB-B7C93E10A542}.Debug|Any CPU.ActiveCfg = Debug|Any CPU
		{ABE948FB-247E-4955-B3AB-B7C93E10A542}.Debug|Any CPU.Build.0 = Debug|Any CPU
		{ABE948FB-247E-4955-B3AB-B7C93E10A542}.Release|Any CPU.ActiveCfg = Release|Any CPU
		{ABE948FB-247E-4955-B3AB-B7C93E10A542}.Release|Any CPU.Build.0 = Release|Any CPU
		{ABE948FB-247E-4955-B3AB-B7C93E10A542}.Test|Any CPU.ActiveCfg = Test|Any CPU
		{ABE948FB-247E-4955-B3AB-B7C93E10A542}.Test|Any CPU.Build.0 = Test|Any CPU
		{25CF3C3F-221F-4A49-B5EF-A8A5FCF9A5BA}.Debug|Any CPU.ActiveCfg = Debug|Any CPU
		{25CF3C3F-221F-4A49-B5EF-A8A5FCF9A5BA}.Debug|Any CPU.Build.0 = Debug|Any CPU
		{25CF3C3F-221F-4A49-B5EF-A8A5FCF9A5BA}.Release|Any CPU.ActiveCfg = Release|Any CPU
		{25CF3C3F-221F-4A49-B5EF-A8A5FCF9A5BA}.Release|Any CPU.Build.0 = Release|Any CPU
		{25CF3C3F-221F-4A49-B5EF-A8A5FCF9A5BA}.Test|Any CPU.ActiveCfg = Test|Any CPU
		{25CF3C3F-221F-4A49-B5EF-A8A5FCF9A5BA}.Test|Any CPU.Build.0 = Test|Any CPU
		{5D22373D-E432-4208-A737-E0BCA0567B5F}.Debug|Any CPU.ActiveCfg = Debug|Any CPU
		{5D22373D-E432-4208-A737-E0BCA0567B5F}.Debug|Any CPU.Build.0 = Debug|Any CPU
		{5D22373D-E432-4208-A737-E0BCA0567B5F}.Release|Any CPU.ActiveCfg = Release|Any CPU
		{5D22373D-E432-4208-A737-E0BCA0567B5F}.Release|Any CPU.Build.0 = Release|Any CPU
		{5D22373D-E432-4208-A737-E0BCA0567B5F}.Test|Any CPU.ActiveCfg = Test|Any CPU
		{5D22373D-E432-4208-A737-E0BCA0567B5F}.Test|Any CPU.Build.0 = Test|Any CPU
		{AE842695-4DD4-4403-9BE4-8473BCA09580}.Debug|Any CPU.ActiveCfg = Debug|Any CPU
		{AE842695-4DD4-4403-9BE4-8473BCA09580}.Debug|Any CPU.Build.0 = Debug|Any CPU
		{AE842695-4DD4-4403-9BE4-8473BCA09580}.Release|Any CPU.ActiveCfg = Release|Any CPU
		{AE842695-4DD4-4403-9BE4-8473BCA09580}.Release|Any CPU.Build.0 = Release|Any CPU
		{AE842695-4DD4-4403-9BE4-8473BCA09580}.Test|Any CPU.ActiveCfg = Release|Any CPU
		{AE842695-4DD4-4403-9BE4-8473BCA09580}.Test|Any CPU.Build.0 = Release|Any CPU
		{D4489296-17A3-4172-8FDF-DB6C0A7AE748}.Debug|Any CPU.ActiveCfg = Debug|Any CPU
		{D4489296-17A3-4172-8FDF-DB6C0A7AE748}.Debug|Any CPU.Build.0 = Debug|Any CPU
		{D4489296-17A3-4172-8FDF-DB6C0A7AE748}.Release|Any CPU.ActiveCfg = Release|Any CPU
		{D4489296-17A3-4172-8FDF-DB6C0A7AE748}.Release|Any CPU.Build.0 = Release|Any CPU
		{D4489296-17A3-4172-8FDF-DB6C0A7AE748}.Test|Any CPU.ActiveCfg = Release|Any CPU
		{D4489296-17A3-4172-8FDF-DB6C0A7AE748}.Test|Any CPU.Build.0 = Release|Any CPU
		{0B6E0ED8-ABE5-4A1D-8E10-0AC54F06D9C4}.Debug|Any CPU.ActiveCfg = Debug|Any CPU
		{0B6E0ED8-ABE5-4A1D-8E10-0AC54F06D9C4}.Debug|Any CPU.Build.0 = Debug|Any CPU
		{0B6E0ED8-ABE5-4A1D-8E10-0AC54F06D9C4}.Release|Any CPU.ActiveCfg = Release|Any CPU
		{0B6E0ED8-ABE5-4A1D-8E10-0AC54F06D9C4}.Release|Any CPU.Build.0 = Release|Any CPU
		{0B6E0ED8-ABE5-4A1D-8E10-0AC54F06D9C4}.Test|Any CPU.ActiveCfg = Test|Any CPU
		{0B6E0ED8-ABE5-4A1D-8E10-0AC54F06D9C4}.Test|Any CPU.Build.0 = Test|Any CPU
		{4885FE36-03DB-47B7-BE7E-33260943A9DC}.Debug|Any CPU.ActiveCfg = Debug|Any CPU
		{4885FE36-03DB-47B7-BE7E-33260943A9DC}.Debug|Any CPU.Build.0 = Debug|Any CPU
		{4885FE36-03DB-47B7-BE7E-33260943A9DC}.Release|Any CPU.ActiveCfg = Release|Any CPU
		{4885FE36-03DB-47B7-BE7E-33260943A9DC}.Release|Any CPU.Build.0 = Release|Any CPU
		{4885FE36-03DB-47B7-BE7E-33260943A9DC}.Test|Any CPU.ActiveCfg = Test|Any CPU
		{4885FE36-03DB-47B7-BE7E-33260943A9DC}.Test|Any CPU.Build.0 = Test|Any CPU
		{6033A8EA-A3EF-4182-BFDD-4A9826ECF871}.Debug|Any CPU.ActiveCfg = Debug|Any CPU
		{6033A8EA-A3EF-4182-BFDD-4A9826ECF871}.Debug|Any CPU.Build.0 = Debug|Any CPU
		{6033A8EA-A3EF-4182-BFDD-4A9826ECF871}.Release|Any CPU.ActiveCfg = Release|Any CPU
		{6033A8EA-A3EF-4182-BFDD-4A9826ECF871}.Release|Any CPU.Build.0 = Release|Any CPU
		{6033A8EA-A3EF-4182-BFDD-4A9826ECF871}.Test|Any CPU.ActiveCfg = Release|Any CPU
		{6033A8EA-A3EF-4182-BFDD-4A9826ECF871}.Test|Any CPU.Build.0 = Release|Any CPU
	EndGlobalSection
	GlobalSection(SolutionProperties) = preSolution
		HideSolutionNode = FALSE
	EndGlobalSection
	GlobalSection(NestedProjects) = preSolution
		{ABE948FB-247E-4955-B3AB-B7C93E10A542} = {800769AE-E702-422E-8B96-C0E7B2350F50}
		{25CF3C3F-221F-4A49-B5EF-A8A5FCF9A5BA} = {800769AE-E702-422E-8B96-C0E7B2350F50}
		{AE842695-4DD4-4403-9BE4-8473BCA09580} = {800769AE-E702-422E-8B96-C0E7B2350F50}
		{D4489296-17A3-4172-8FDF-DB6C0A7AE748} = {CA1BF93C-DC50-4263-84F7-263FDA3F1AB1}
		{0B6E0ED8-ABE5-4A1D-8E10-0AC54F06D9C4} = {CA1BF93C-DC50-4263-84F7-263FDA3F1AB1}
		{4885FE36-03DB-47B7-BE7E-33260943A9DC} = {CA1BF93C-DC50-4263-84F7-263FDA3F1AB1}
		{6033A8EA-A3EF-4182-BFDD-4A9826ECF871} = {CA1BF93C-DC50-4263-84F7-263FDA3F1AB1}
	EndGlobalSection
EndGlobal
