Microsoft Visual Studio Solution File, Format Version 12.00
# Visual Studio 2013
VisualStudioVersion = 12.0.21005.1
MinimumVisualStudioVersion = 10.0.40219.1
Project("{FAE04EC0-301F-11D3-BF4B-00C04F79EFBC}") = "DataDomain.PatientObservation.Service", "PatientObservation.Service\DataDomain.PatientObservation.Service.csproj", "{29DFC6F8-F09F-4881-8A94-43C4229A5583}"
EndProject
Project("{FAE04EC0-301F-11D3-BF4B-00C04F79EFBC}") = "DataDomain.PatientObservation.Test", "PatientObservation.Test\DataDomain.PatientObservation.Test.csproj", "{79CB7A3A-6D69-45F8-964F-D9609383B22A}"
EndProject
Project("{FAE04EC0-301F-11D3-BF4B-00C04F79EFBC}") = "DataDomain.PatientObservation", "PatientObservation\DataDomain.PatientObservation.csproj", "{F1A478D1-DCA1-4BE6-AE83-E0ACDD4FDFFD}"
EndProject
Project("{FAE04EC0-301F-11D3-BF4B-00C04F79EFBC}") = "DataDomain.PatientObservation.DTO", "PatientObservation.DTO\DataDomain.PatientObservation.DTO.csproj", "{1C2C63A1-4246-4EC9-BAD1-C00E9ECD85F6}"
EndProject
Project("{FAE04EC0-301F-11D3-BF4B-00C04F79EFBC}") = "DataDomain.PatientObservation.Service.Test", "PatientObservation.Service.Test\DataDomain.PatientObservation.Service.Test.csproj", "{9F763B50-9E2B-426F-ACFB-27F3D3F255D5}"
EndProject
Project("{FAE04EC0-301F-11D3-BF4B-00C04F79EFBC}") = "Phytel.API.Interface", "..\..\..\..\Interfaces\Release Candidate\Current\Phytel.API.Interface\Phytel.API.Interface.csproj", "{ABE948FB-247E-4955-B3AB-B7C93E10A542}"
EndProject
Project("{2150E333-8FDC-42A3-9474-1A3956D46DE8}") = "Shared", "Shared", "{688504DA-15E9-46D5-B068-020B92F8836D}"
EndProject
Project("{FAE04EC0-301F-11D3-BF4B-00C04F79EFBC}") = "Phytel.API.Common", "..\..\..\..\Common\Phytel.API.Common\Release Candidate\Current\Phytel.API.Common.csproj", "{25CF3C3F-221F-4A49-B5EF-A8A5FCF9A5BA}"
EndProject
Global
	GlobalSection(TeamFoundationVersionControl) = preSolution
		SccNumberOfProjects = 8
		SccEnterpriseProvider = {4CA58AB2-18FA-4F8D-95D4-32DDF27D184C}
		SccTeamFoundationServer = http://hillstfs2013:8080/tfs/phytel
		SccProjectUniqueName0 = PatientObservation.Service\\DataDomain.PatientObservation.Service.csproj
		SccProjectName0 = PatientObservation.Service
		SccLocalPath0 = PatientObservation.Service
		SccProjectUniqueName1 = PatientObservation.Test\\DataDomain.PatientObservation.Test.csproj
		SccProjectName1 = PatientObservation.Test
		SccLocalPath1 = PatientObservation.Test
		SccProjectUniqueName2 = PatientObservation\\DataDomain.PatientObservation.csproj
		SccProjectName2 = PatientObservation
		SccLocalPath2 = PatientObservation
		SccProjectUniqueName3 = PatientObservation.Service.Test\\DataDomain.PatientObservation.Service.Test.csproj
		SccProjectName3 = PatientObservation.Service.Test
		SccLocalPath3 = PatientObservation.Service.Test
		SccProjectUniqueName4 = ..\\..\\..\\..\\Interfaces\\Release Candidate\\Current\\Phytel.API.Interface\\Phytel.API.Interface.csproj
		SccProjectTopLevelParentUniqueName4 = DataDomain.PatientObservation.sln
		SccProjectName4 = ../../../../Interfaces/Development/Current/Phytel.API.Interface
		SccLocalPath4 = ..\\..\\..\\..\\Interfaces\\Release Candidate\\Current\\Phytel.API.Interface
		SccProjectUniqueName5 = ..\\..\\..\\..\\Common\\Phytel.API.Common\\Release Candidate\\Current\\Phytel.API.Common.csproj
		SccProjectTopLevelParentUniqueName5 = DataDomain.PatientObservation.sln
		SccProjectName5 = ../../../../Common/Phytel.API.Common/Development/Current
		SccLocalPath5 = ..\\..\\..\\..\\Common\\Phytel.API.Common\\Release Candidate\\Current
		SccLocalPath6 = .
		SccProjectUniqueName7 = PatientObservation.DTO\\DataDomain.PatientObservation.DTO.csproj
		SccProjectName7 = PatientObservation.DTO
		SccLocalPath7 = PatientObservation.DTO
	EndGlobalSection
	GlobalSection(SolutionConfigurationPlatforms) = preSolution
		Debug|Any CPU = Debug|Any CPU
		Release|Any CPU = Release|Any CPU
	EndGlobalSection
	GlobalSection(ProjectConfigurationPlatforms) = postSolution
		{29DFC6F8-F09F-4881-8A94-43C4229A5583}.Debug|Any CPU.ActiveCfg = Debug|Any CPU
		{29DFC6F8-F09F-4881-8A94-43C4229A5583}.Debug|Any CPU.Build.0 = Debug|Any CPU
		{29DFC6F8-F09F-4881-8A94-43C4229A5583}.Release|Any CPU.ActiveCfg = Release|Any CPU
		{29DFC6F8-F09F-4881-8A94-43C4229A5583}.Release|Any CPU.Build.0 = Release|Any CPU
		{79CB7A3A-6D69-45F8-964F-D9609383B22A}.Debug|Any CPU.ActiveCfg = Debug|Any CPU
		{79CB7A3A-6D69-45F8-964F-D9609383B22A}.Debug|Any CPU.Build.0 = Debug|Any CPU
		{79CB7A3A-6D69-45F8-964F-D9609383B22A}.Release|Any CPU.ActiveCfg = Release|Any CPU
		{79CB7A3A-6D69-45F8-964F-D9609383B22A}.Release|Any CPU.Build.0 = Release|Any CPU
		{F1A478D1-DCA1-4BE6-AE83-E0ACDD4FDFFD}.Debug|Any CPU.ActiveCfg = Debug|Any CPU
		{F1A478D1-DCA1-4BE6-AE83-E0ACDD4FDFFD}.Debug|Any CPU.Build.0 = Debug|Any CPU
		{F1A478D1-DCA1-4BE6-AE83-E0ACDD4FDFFD}.Release|Any CPU.ActiveCfg = Release|Any CPU
		{F1A478D1-DCA1-4BE6-AE83-E0ACDD4FDFFD}.Release|Any CPU.Build.0 = Release|Any CPU
		{1C2C63A1-4246-4EC9-BAD1-C00E9ECD85F6}.Debug|Any CPU.ActiveCfg = Debug|Any CPU
		{1C2C63A1-4246-4EC9-BAD1-C00E9ECD85F6}.Debug|Any CPU.Build.0 = Debug|Any CPU
		{1C2C63A1-4246-4EC9-BAD1-C00E9ECD85F6}.Release|Any CPU.ActiveCfg = Release|Any CPU
		{1C2C63A1-4246-4EC9-BAD1-C00E9ECD85F6}.Release|Any CPU.Build.0 = Release|Any CPU
		{9F763B50-9E2B-426F-ACFB-27F3D3F255D5}.Debug|Any CPU.ActiveCfg = Debug|Any CPU
		{9F763B50-9E2B-426F-ACFB-27F3D3F255D5}.Debug|Any CPU.Build.0 = Debug|Any CPU
		{9F763B50-9E2B-426F-ACFB-27F3D3F255D5}.Release|Any CPU.ActiveCfg = Release|Any CPU
		{9F763B50-9E2B-426F-ACFB-27F3D3F255D5}.Release|Any CPU.Build.0 = Release|Any CPU
		{ABE948FB-247E-4955-B3AB-B7C93E10A542}.Debug|Any CPU.ActiveCfg = Debug|Any CPU
		{ABE948FB-247E-4955-B3AB-B7C93E10A542}.Debug|Any CPU.Build.0 = Debug|Any CPU
		{ABE948FB-247E-4955-B3AB-B7C93E10A542}.Release|Any CPU.ActiveCfg = Release|Any CPU
		{ABE948FB-247E-4955-B3AB-B7C93E10A542}.Release|Any CPU.Build.0 = Release|Any CPU
		{25CF3C3F-221F-4A49-B5EF-A8A5FCF9A5BA}.Debug|Any CPU.ActiveCfg = Debug|Any CPU
		{25CF3C3F-221F-4A49-B5EF-A8A5FCF9A5BA}.Debug|Any CPU.Build.0 = Debug|Any CPU
		{25CF3C3F-221F-4A49-B5EF-A8A5FCF9A5BA}.Release|Any CPU.ActiveCfg = Release|Any CPU
		{25CF3C3F-221F-4A49-B5EF-A8A5FCF9A5BA}.Release|Any CPU.Build.0 = Release|Any CPU
	EndGlobalSection
	GlobalSection(SolutionProperties) = preSolution
		HideSolutionNode = FALSE
	EndGlobalSection
	GlobalSection(NestedProjects) = preSolution
		{ABE948FB-247E-4955-B3AB-B7C93E10A542} = {688504DA-15E9-46D5-B068-020B92F8836D}
		{25CF3C3F-221F-4A49-B5EF-A8A5FCF9A5BA} = {688504DA-15E9-46D5-B068-020B92F8836D}
	EndGlobalSection
EndGlobal
