Microsoft Visual Studio Solution File, Format Version 12.00
# Visual Studio 2013
VisualStudioVersion = 12.0.30110.0
MinimumVisualStudioVersion = 10.0.40219.1
Project("{FAE04EC0-301F-11D3-BF4B-00C04F79EFBC}") = "DataDomain.PatientGoal.Service", "PatientGoal.Service\DataDomain.PatientGoal.Service.csproj", "{40E1E480-43BE-410B-82CF-33FE3DE9ADAD}"
EndProject
Project("{FAE04EC0-301F-11D3-BF4B-00C04F79EFBC}") = "DataDomain.PatientGoal.Test", "PatientGoal.Test\DataDomain.PatientGoal.Test.csproj", "{BE7CFA5D-9FBE-413B-B8A6-832F6A5BBB05}"
EndProject
Project("{FAE04EC0-301F-11D3-BF4B-00C04F79EFBC}") = "DataDomain.PatientGoal", "PatientGoal\DataDomain.PatientGoal.csproj", "{73FA0644-F0B9-45AD-A52A-0930B66C6C10}"
EndProject
Project("{FAE04EC0-301F-11D3-BF4B-00C04F79EFBC}") = "DataDomain.PatientGoal.DTO", "PatientGoal.DTO\DataDomain.PatientGoal.DTO.csproj", "{92488AF4-963E-4098-8BA8-23D6952BD952}"
EndProject
Project("{FAE04EC0-301F-11D3-BF4B-00C04F79EFBC}") = "DataDomain.PatientGoal.Service.Test", "PatientGoal.Service.Test\DataDomain.PatientGoal.Service.Test.csproj", "{C6B46E4D-93A9-4D31-85D0-CE7080919734}"
EndProject
Project("{FAE04EC0-301F-11D3-BF4B-00C04F79EFBC}") = "Phytel.API.Interface", "..\..\..\..\Interfaces\Release Candidate\Current\Phytel.API.Interface\Phytel.API.Interface.csproj", "{ABE948FB-247E-4955-B3AB-B7C93E10A542}"
EndProject
Project("{2150E333-8FDC-42A3-9474-1A3956D46DE8}") = "Shared", "Shared", "{688504DA-15E9-46D5-B068-020B92F8836D}"
EndProject
Project("{FAE04EC0-301F-11D3-BF4B-00C04F79EFBC}") = "Phytel.API.Common", "..\..\..\..\Common\Phytel.API.Common\Release Candidate\Current\Phytel.API.Common.csproj", "{25CF3C3F-221F-4A49-B5EF-A8A5FCF9A5BA}"
EndProject
Global
	GlobalSection(TeamFoundationVersionControl) = preSolution
		SccNumberOfProjects = 7
		SccEnterpriseProvider = {4CA58AB2-18FA-4F8D-95D4-32DDF27D184C}
		SccTeamFoundationServer = http://hillstfs2013:8080/tfs/phytel
		SccProjectUniqueName0 = PatientGoal.Service\\DataDomain.PatientGoal.Service.csproj
		SccProjectName0 = PatientGoal.Service
		SccAuxPath0 = http://hillstfs2013:8080/tfs/phytel
		SccLocalPath0 = PatientGoal.Service
		SccProvider0 = {4CA58AB2-18FA-4F8D-95D4-32DDF27D184C}
		SccProjectUniqueName1 = PatientGoal.Test\\DataDomain.PatientGoal.Test.csproj
		SccProjectName1 = PatientGoal.Test
		SccAuxPath1 = http://hillstfs2013:8080/tfs/phytel
		SccLocalPath1 = PatientGoal.Test
		SccProvider1 = {4CA58AB2-18FA-4F8D-95D4-32DDF27D184C}
		SccProjectUniqueName2 = PatientGoal\\DataDomain.PatientGoal.csproj
		SccProjectName2 = PatientGoal
		SccAuxPath2 = http://hillstfs2013:8080/tfs/phytel
		SccLocalPath2 = PatientGoal
		SccProvider2 = {4CA58AB2-18FA-4F8D-95D4-32DDF27D184C}
		SccProjectUniqueName3 = PatientGoal.DTO\\DataDomain.PatientGoal.DTO.csproj
		SccProjectName3 = PatientGoal.DTO
		SccAuxPath3 = http://hillstfs2013:8080/tfs/phytel
		SccLocalPath3 = PatientGoal.DTO
		SccProvider3 = {4CA58AB2-18FA-4F8D-95D4-32DDF27D184C}
		SccProjectUniqueName4 = PatientGoal.Service.Test\\DataDomain.PatientGoal.Service.Test.csproj
		SccProjectName4 = PatientGoal.Service.Test
		SccAuxPath4 = http://hillstfs2013:8080/tfs/phytel
		SccLocalPath4 = PatientGoal.Service.Test
		SccProvider4 = {4CA58AB2-18FA-4F8D-95D4-32DDF27D184C}
		SccProjectUniqueName5 = ..\\..\\..\\..\\Interfaces\\Release Candidate\\Current\\Phytel.API.Interface\\Phytel.API.Interface.csproj
		SccProjectTopLevelParentUniqueName5 = DataDomain.PatientGoal.sln
		SccProjectName5 = ../../../../Interfaces/Development/Current/Phytel.API.Interface
		SccAuxPath5 = http://hillstfs2013:8080/tfs/phytel
		SccLocalPath5 = ..\\..\\..\\..\\Interfaces\\Release Candidate\\Current\\Phytel.API.Interface
		SccProvider5 = {4CA58AB2-18FA-4F8D-95D4-32DDF27D184C}
		SccProjectUniqueName6 = ..\\..\\..\\..\\Common\\Phytel.API.Common\\Release Candidate\\Current\\Phytel.API.Common.csproj
		SccProjectTopLevelParentUniqueName6 = DataDomain.PatientGoal.sln
		SccProjectName6 = ../../../../Common/Phytel.API.Common/Development/Current
		SccAuxPath6 = http://hillstfs2013:8080/tfs/phytel
		SccLocalPath6 = ..\\..\\..\\..\\Common\\Phytel.API.Common\\Release Candidate\\Current
		SccProvider6 = {4CA58AB2-18FA-4F8D-95D4-32DDF27D184C}
	EndGlobalSection
	GlobalSection(SolutionConfigurationPlatforms) = preSolution
		Debug|Any CPU = Debug|Any CPU
		Release|Any CPU = Release|Any CPU
	EndGlobalSection
	GlobalSection(ProjectConfigurationPlatforms) = postSolution
		{40E1E480-43BE-410B-82CF-33FE3DE9ADAD}.Debug|Any CPU.ActiveCfg = Debug|Any CPU
		{40E1E480-43BE-410B-82CF-33FE3DE9ADAD}.Debug|Any CPU.Build.0 = Debug|Any CPU
		{40E1E480-43BE-410B-82CF-33FE3DE9ADAD}.Release|Any CPU.ActiveCfg = Release|Any CPU
		{40E1E480-43BE-410B-82CF-33FE3DE9ADAD}.Release|Any CPU.Build.0 = Release|Any CPU
		{BE7CFA5D-9FBE-413B-B8A6-832F6A5BBB05}.Debug|Any CPU.ActiveCfg = Debug|Any CPU
		{BE7CFA5D-9FBE-413B-B8A6-832F6A5BBB05}.Debug|Any CPU.Build.0 = Debug|Any CPU
		{BE7CFA5D-9FBE-413B-B8A6-832F6A5BBB05}.Release|Any CPU.ActiveCfg = Release|Any CPU
		{BE7CFA5D-9FBE-413B-B8A6-832F6A5BBB05}.Release|Any CPU.Build.0 = Release|Any CPU
		{73FA0644-F0B9-45AD-A52A-0930B66C6C10}.Debug|Any CPU.ActiveCfg = Debug|Any CPU
		{73FA0644-F0B9-45AD-A52A-0930B66C6C10}.Debug|Any CPU.Build.0 = Debug|Any CPU
		{73FA0644-F0B9-45AD-A52A-0930B66C6C10}.Release|Any CPU.ActiveCfg = Release|Any CPU
		{73FA0644-F0B9-45AD-A52A-0930B66C6C10}.Release|Any CPU.Build.0 = Release|Any CPU
		{92488AF4-963E-4098-8BA8-23D6952BD952}.Debug|Any CPU.ActiveCfg = Debug|Any CPU
		{92488AF4-963E-4098-8BA8-23D6952BD952}.Debug|Any CPU.Build.0 = Debug|Any CPU
		{92488AF4-963E-4098-8BA8-23D6952BD952}.Release|Any CPU.ActiveCfg = Release|Any CPU
		{92488AF4-963E-4098-8BA8-23D6952BD952}.Release|Any CPU.Build.0 = Release|Any CPU
		{C6B46E4D-93A9-4D31-85D0-CE7080919734}.Debug|Any CPU.ActiveCfg = Debug|Any CPU
		{C6B46E4D-93A9-4D31-85D0-CE7080919734}.Debug|Any CPU.Build.0 = Debug|Any CPU
		{C6B46E4D-93A9-4D31-85D0-CE7080919734}.Release|Any CPU.ActiveCfg = Release|Any CPU
		{C6B46E4D-93A9-4D31-85D0-CE7080919734}.Release|Any CPU.Build.0 = Release|Any CPU
		{ABE948FB-247E-4955-B3AB-B7C93E10A542}.Debug|Any CPU.ActiveCfg = Debug|Any CPU
		{ABE948FB-247E-4955-B3AB-B7C93E10A542}.Debug|Any CPU.Build.0 = Debug|Any CPU
		{ABE948FB-247E-4955-B3AB-B7C93E10A542}.Release|Any CPU.ActiveCfg = Release|Any CPU
		{ABE948FB-247E-4955-B3AB-B7C93E10A542}.Release|Any CPU.Build.0 = Release|Any CPU
		{25CF3C3F-221F-4A49-B5EF-A8A5FCF9A5BA}.Debug|Any CPU.ActiveCfg = Debug|Any CPU
		{25CF3C3F-221F-4A49-B5EF-A8A5FCF9A5BA}.Debug|Any CPU.Build.0 = Debug|Any CPU
		{25CF3C3F-221F-4A49-B5EF-A8A5FCF9A5BA}.Release|Any CPU.ActiveCfg = Release|Any CPU
		{25CF3C3F-221F-4A49-B5EF-A8A5FCF9A5BA}.Release|Any CPU.Build.0 = Release|Any CPU
	EndGlobalSection
	GlobalSection(SolutionProperties) = preSolution
		HideSolutionNode = FALSE
	EndGlobalSection
	GlobalSection(NestedProjects) = preSolution
		{ABE948FB-247E-4955-B3AB-B7C93E10A542} = {688504DA-15E9-46D5-B068-020B92F8836D}
		{25CF3C3F-221F-4A49-B5EF-A8A5FCF9A5BA} = {688504DA-15E9-46D5-B068-020B92F8836D}
	EndGlobalSection
EndGlobal
