
Microsoft Visual Studio Solution File, Format Version 12.00
# Visual Studio 2013
Project("{FAE04EC0-301F-11D3-BF4B-00C04F79EFBC}") = "Atmosphere.Core", "Atmosphere.Core\Atmosphere.Core.csproj", "{68618585-96EB-497E-87FA-BFBC3E33DE2F}"
EndProject
Project("{FAE04EC0-301F-11D3-BF4B-00C04F79EFBC}") = "Atmosphere.Core.Business", "Atmosphere.Core.Business\Atmosphere.Core.Business.csproj", "{58BCC2FF-5FE1-43B8-9316-BCD9A785CFEA}"
EndProject
Project("{FAE04EC0-301F-11D3-BF4B-00C04F79EFBC}") = "Atmosphere.Core.Data", "Atmosphere.Core.Data\Atmosphere.Core.Data.csproj", "{35B5F4CD-7702-49F6-B2F1-80180FBC1504}"
EndProject
Project("{FAE04EC0-301F-11D3-BF4B-00C04F79EFBC}") = "Atmosphere.Core.Database", "Atmosphere.Core.Database\Atmosphere.Core.Database.csproj", "{CD358060-AC95-46F7-B810-F799AE136535}"
EndProject
Global
	GlobalSection(TeamFoundationVersionControl) = preSolution
		SccNumberOfProjects = 5
		SccEnterpriseProvider = {4CA58AB2-18FA-4F8D-95D4-32DDF27D184C}
		SccTeamFoundationServer = http://hillstfs2010:8080/tfs/phytel
		SccProjectUniqueName0 = Atmosphere.Core\\Atmosphere.Core.csproj
		SccProjectName0 = Atmosphere.Core
		SccLocalPath0 = Atmosphere.Core
		SccProjectUniqueName1 = Atmosphere.Core.Business\\Atmosphere.Core.Business.csproj
		SccProjectName1 = Atmosphere.Core.Business
		SccLocalPath1 = Atmosphere.Core.Business
		SccProjectUniqueName2 = Atmosphere.Core.Data\\Atmosphere.Core.Data.csproj
		SccProjectName2 = Atmosphere.Core.Data
		SccLocalPath2 = Atmosphere.Core.Data
		SccLocalPath3 = .
		SccProjectUniqueName4 = Atmosphere.Core.Database\\Atmosphere.Core.Database.csproj
		SccProjectName4 = Atmosphere.Core.Database
		SccLocalPath4 = Atmosphere.Core.Database
	EndGlobalSection
	GlobalSection(SolutionConfigurationPlatforms) = preSolution
		Debug|Any CPU = Debug|Any CPU
		Release|Any CPU = Release|Any CPU
	EndGlobalSection
	GlobalSection(ProjectConfigurationPlatforms) = postSolution
		{68618585-96EB-497E-87FA-BFBC3E33DE2F}.Debug|Any CPU.ActiveCfg = Debug|Any CPU
		{68618585-96EB-497E-87FA-BFBC3E33DE2F}.Debug|Any CPU.Build.0 = Debug|Any CPU
		{68618585-96EB-497E-87FA-BFBC3E33DE2F}.Release|Any CPU.ActiveCfg = Release|Any CPU
		{68618585-96EB-497E-87FA-BFBC3E33DE2F}.Release|Any CPU.Build.0 = Release|Any CPU
		{58BCC2FF-5FE1-43B8-9316-BCD9A785CFEA}.Debug|Any CPU.ActiveCfg = Debug|Any CPU
		{58BCC2FF-5FE1-43B8-9316-BCD9A785CFEA}.Debug|Any CPU.Build.0 = Debug|Any CPU
		{58BCC2FF-5FE1-43B8-9316-BCD9A785CFEA}.Release|Any CPU.ActiveCfg = Release|Any CPU
		{58BCC2FF-5FE1-43B8-9316-BCD9A785CFEA}.Release|Any CPU.Build.0 = Release|Any CPU
		{35B5F4CD-7702-49F6-B2F1-80180FBC1504}.Debug|Any CPU.ActiveCfg = Debug|Any CPU
		{35B5F4CD-7702-49F6-B2F1-80180FBC1504}.Debug|Any CPU.Build.0 = Debug|Any CPU
		{35B5F4CD-7702-49F6-B2F1-80180FBC1504}.Release|Any CPU.ActiveCfg = Release|Any CPU
		{35B5F4CD-7702-49F6-B2F1-80180FBC1504}.Release|Any CPU.Build.0 = Release|Any CPU
		{CD358060-AC95-46F7-B810-F799AE136535}.Debug|Any CPU.ActiveCfg = Debug|Any CPU
		{CD358060-AC95-46F7-B810-F799AE136535}.Debug|Any CPU.Build.0 = Debug|Any CPU
		{CD358060-AC95-46F7-B810-F799AE136535}.Release|Any CPU.ActiveCfg = Release|Any CPU
		{CD358060-AC95-46F7-B810-F799AE136535}.Release|Any CPU.Build.0 = Release|Any CPU
	EndGlobalSection
	GlobalSection(SolutionProperties) = preSolution
		HideSolutionNode = FALSE
	EndGlobalSection
EndGlobal
