Microsoft Visual Studio Solution File, Format Version 12.00
# Visual Studio 2013
VisualStudioVersion = 12.0.30110.0
MinimumVisualStudioVersion = 10.0.40219.1
Project("{FAE04EC0-301F-11D3-BF4B-00C04F79EFBC}") = "DataDomain.PatientNote.Service", "PatientNote.Service\DataDomain.PatientNote.Service.csproj", "{29DFC6F8-F09F-4881-8A94-43C4229A5583}"
EndProject
Project("{FAE04EC0-301F-11D3-BF4B-00C04F79EFBC}") = "DataDomain.PatientNote.Test", "PatientNote.Test\DataDomain.PatientNote.Test.csproj", "{79CB7A3A-6D69-45F8-964F-D9609383B22A}"
EndProject
Project("{FAE04EC0-301F-11D3-BF4B-00C04F79EFBC}") = "DataDomain.PatientNote", "PatientNote\DataDomain.PatientNote.csproj", "{F1A478D1-DCA1-4BE6-AE83-E0ACDD4FDFFD}"
EndProject
Project("{FAE04EC0-301F-11D3-BF4B-00C04F79EFBC}") = "DataDomain.PatientNote.DTO", "PatientNote.DTO\DataDomain.PatientNote.DTO.csproj", "{1C2C63A1-4246-4EC9-BAD1-C00E9ECD85F6}"
EndProject
Project("{FAE04EC0-301F-11D3-BF4B-00C04F79EFBC}") = "DataDomain.PatientNote.Service.Test", "PatientNote.Service.Test\DataDomain.PatientNote.Service.Test.csproj", "{9F763B50-9E2B-426F-ACFB-27F3D3F255D5}"
EndProject
Project("{FAE04EC0-301F-11D3-BF4B-00C04F79EFBC}") = "Phytel.API.Interface", "..\..\..\..\Interfaces\Release Candidate\Current\Phytel.API.Interface\Phytel.API.Interface.csproj", "{ABE948FB-247E-4955-B3AB-B7C93E10A542}"
EndProject
Project("{2150E333-8FDC-42A3-9474-1A3956D46DE8}") = "Shared", "Shared", "{688504DA-15E9-46D5-B068-020B92F8836D}"
EndProject
Project("{FAE04EC0-301F-11D3-BF4B-00C04F79EFBC}") = "Phytel.API.Common", "..\..\..\..\Common\Phytel.API.Common\Release Candidate\Current\Phytel.API.Common.csproj", "{25CF3C3F-221F-4A49-B5EF-A8A5FCF9A5BA}"
EndProject
Global
	GlobalSection(TeamFoundationVersionControl) = preSolution
		SccNumberOfProjects = 7
		SccEnterpriseProvider = {4CA58AB2-18FA-4F8D-95D4-32DDF27D184C}
		SccTeamFoundationServer = http://hillstfs2013:8080/tfs/phytel
		SccProjectUniqueName0 = PatientNote.Service\\DataDomain.PatientNote.Service.csproj
		SccProjectName0 = PatientNote.Service
		SccAuxPath0 = http://hillstfs2013:8080/tfs/phytel
		SccLocalPath0 = PatientNote.Service
		SccProvider0 = {4CA58AB2-18FA-4F8D-95D4-32DDF27D184C}
		SccProjectUniqueName1 = PatientNote.Test\\DataDomain.PatientNote.Test.csproj
		SccProjectName1 = PatientNote.Test
		SccAuxPath1 = http://hillstfs2013:8080/tfs/phytel
		SccLocalPath1 = PatientNote.Test
		SccProvider1 = {4CA58AB2-18FA-4F8D-95D4-32DDF27D184C}
		SccProjectUniqueName2 = PatientNote\\DataDomain.PatientNote.csproj
		SccProjectName2 = PatientNote
		SccAuxPath2 = http://hillstfs2013:8080/tfs/phytel
		SccLocalPath2 = PatientNote
		SccProvider2 = {4CA58AB2-18FA-4F8D-95D4-32DDF27D184C}
		SccProjectUniqueName3 = PatientNote.DTO\\DataDomain.PatientNote.DTO.csproj
		SccProjectName3 = PatientNote.DTO
		SccAuxPath3 = http://hillstfs2013:8080/tfs/phytel
		SccLocalPath3 = PatientNote.DTO
		SccProvider3 = {4CA58AB2-18FA-4F8D-95D4-32DDF27D184C}
		SccProjectUniqueName4 = PatientNote.Service.Test\\DataDomain.PatientNote.Service.Test.csproj
		SccProjectName4 = PatientNote.Service.Test
		SccAuxPath4 = http://hillstfs2013:8080/tfs/phytel
		SccLocalPath4 = PatientNote.Service.Test
		SccProvider4 = {4CA58AB2-18FA-4F8D-95D4-32DDF27D184C}
		SccProjectUniqueName5 = ..\\..\\..\\..\\Interfaces\\Release Candidate\\Current\\Phytel.API.Interface\\Phytel.API.Interface.csproj
		SccProjectTopLevelParentUniqueName5 = DataDomain.PatientNote.sln
		SccProjectName5 = ../../../../Interfaces/Release Candidate/Current/Phytel.API.Interface
		SccAuxPath5 = http://hillstfs2013:8080/tfs/phytel
		SccLocalPath5 = ..\\..\\..\\..\\Interfaces\\Release Candidate\\Current\\Phytel.API.Interface
		SccProvider5 = {4CA58AB2-18FA-4F8D-95D4-32DDF27D184C}
		SccProjectUniqueName6 = ..\\..\\..\\..\\Common\\Phytel.API.Common\\Release Candidate\\Current\\Phytel.API.Common.csproj
		SccProjectTopLevelParentUniqueName6 = DataDomain.PatientNote.sln
		SccProjectName6 = ../../../../Common/Phytel.API.Common/Release Candidate/Current
		SccAuxPath6 = http://hillstfs2013:8080/tfs/phytel
		SccLocalPath6 = ..\\..\\..\\..\\Common\\Phytel.API.Common\\Release Candidate\\Current
		SccProvider6 = {4CA58AB2-18FA-4F8D-95D4-32DDF27D184C}
	EndGlobalSection
	GlobalSection(SolutionConfigurationPlatforms) = preSolution
		Debug|Any CPU = Debug|Any CPU
		Release|Any CPU = Release|Any CPU
	EndGlobalSection
	GlobalSection(ProjectConfigurationPlatforms) = postSolution
		{29DFC6F8-F09F-4881-8A94-43C4229A5583}.Debug|Any CPU.ActiveCfg = Debug|Any CPU
		{29DFC6F8-F09F-4881-8A94-43C4229A5583}.Debug|Any CPU.Build.0 = Debug|Any CPU
		{29DFC6F8-F09F-4881-8A94-43C4229A5583}.Release|Any CPU.ActiveCfg = Release|Any CPU
		{29DFC6F8-F09F-4881-8A94-43C4229A5583}.Release|Any CPU.Build.0 = Release|Any CPU
		{79CB7A3A-6D69-45F8-964F-D9609383B22A}.Debug|Any CPU.ActiveCfg = Debug|Any CPU
		{79CB7A3A-6D69-45F8-964F-D9609383B22A}.Debug|Any CPU.Build.0 = Debug|Any CPU
		{79CB7A3A-6D69-45F8-964F-D9609383B22A}.Release|Any CPU.ActiveCfg = Release|Any CPU
		{79CB7A3A-6D69-45F8-964F-D9609383B22A}.Release|Any CPU.Build.0 = Release|Any CPU
		{F1A478D1-DCA1-4BE6-AE83-E0ACDD4FDFFD}.Debug|Any CPU.ActiveCfg = Debug|Any CPU
		{F1A478D1-DCA1-4BE6-AE83-E0ACDD4FDFFD}.Debug|Any CPU.Build.0 = Debug|Any CPU
		{F1A478D1-DCA1-4BE6-AE83-E0ACDD4FDFFD}.Release|Any CPU.ActiveCfg = Release|Any CPU
		{F1A478D1-DCA1-4BE6-AE83-E0ACDD4FDFFD}.Release|Any CPU.Build.0 = Release|Any CPU
		{1C2C63A1-4246-4EC9-BAD1-C00E9ECD85F6}.Debug|Any CPU.ActiveCfg = Debug|Any CPU
		{1C2C63A1-4246-4EC9-BAD1-C00E9ECD85F6}.Debug|Any CPU.Build.0 = Debug|Any CPU
		{1C2C63A1-4246-4EC9-BAD1-C00E9ECD85F6}.Release|Any CPU.ActiveCfg = Release|Any CPU
		{1C2C63A1-4246-4EC9-BAD1-C00E9ECD85F6}.Release|Any CPU.Build.0 = Release|Any CPU
		{9F763B50-9E2B-426F-ACFB-27F3D3F255D5}.Debug|Any CPU.ActiveCfg = Debug|Any CPU
		{9F763B50-9E2B-426F-ACFB-27F3D3F255D5}.Debug|Any CPU.Build.0 = Debug|Any CPU
		{9F763B50-9E2B-426F-ACFB-27F3D3F255D5}.Release|Any CPU.ActiveCfg = Release|Any CPU
		{9F763B50-9E2B-426F-ACFB-27F3D3F255D5}.Release|Any CPU.Build.0 = Release|Any CPU
		{ABE948FB-247E-4955-B3AB-B7C93E10A542}.Debug|Any CPU.ActiveCfg = Debug|Any CPU
		{ABE948FB-247E-4955-B3AB-B7C93E10A542}.Debug|Any CPU.Build.0 = Debug|Any CPU
		{ABE948FB-247E-4955-B3AB-B7C93E10A542}.Release|Any CPU.ActiveCfg = Release|Any CPU
		{ABE948FB-247E-4955-B3AB-B7C93E10A542}.Release|Any CPU.Build.0 = Release|Any CPU
		{25CF3C3F-221F-4A49-B5EF-A8A5FCF9A5BA}.Debug|Any CPU.ActiveCfg = Debug|Any CPU
		{25CF3C3F-221F-4A49-B5EF-A8A5FCF9A5BA}.Debug|Any CPU.Build.0 = Debug|Any CPU
		{25CF3C3F-221F-4A49-B5EF-A8A5FCF9A5BA}.Release|Any CPU.ActiveCfg = Release|Any CPU
		{25CF3C3F-221F-4A49-B5EF-A8A5FCF9A5BA}.Release|Any CPU.Build.0 = Release|Any CPU
	EndGlobalSection
	GlobalSection(SolutionProperties) = preSolution
		HideSolutionNode = FALSE
	EndGlobalSection
	GlobalSection(NestedProjects) = preSolution
		{ABE948FB-247E-4955-B3AB-B7C93E10A542} = {688504DA-15E9-46D5-B068-020B92F8836D}
		{25CF3C3F-221F-4A49-B5EF-A8A5FCF9A5BA} = {688504DA-15E9-46D5-B068-020B92F8836D}
	EndGlobalSection
EndGlobal
