
Microsoft Visual Studio Solution File, Format Version 12.00
# Visual Studio 2013
VisualStudioVersion = 12.0.30501.0
MinimumVisualStudioVersion = 10.0.40219.1
Project("{FAE04EC0-301F-11D3-BF4B-00C04F79EFBC}") = "Phytel.Services.Manager", "Phytel.Services.Manager.csproj", "{15EF2FE8-1E5D-45C2-B2A2-20370192E23D}"
EndProject
Project("{2150E333-8FDC-42A3-9474-1A3956D46DE8}") = ".nuget", ".nuget", "{B07224D8-077B-4F25-9C5B-30DE886A9021}"
	ProjectSection(SolutionItems) = preProject
		.nuget\NuGet.Config = .nuget\NuGet.Config
		.nuget\NuGet.exe = .nuget\NuGet.exe
		.nuget\NuGet.targets = .nuget\NuGet.targets
	EndProjectSection
EndProject
Global
	GlobalSection(TeamFoundationVersionControl) = preSolution
		SccNumberOfProjects = 1
		SccEnterpriseProvider = {4CA58AB2-18FA-4F8D-95D4-32DDF27D184C}
		SccTeamFoundationServer = http://hillstfs2013:8080/tfs/phytel
		SccProjectUniqueName0 = Phytel.Services.Manager.csproj
		SccProjectName0 = .
		SccAuxPath0 = http://hillstfs2013:8080/tfs/phytel
		SccLocalPath0 = .
		SccProvider0 = {4CA58AB2-18FA-4F8D-95D4-32DDF27D184C}
	EndGlobalSection
	GlobalSection(SolutionConfigurationPlatforms) = preSolution
		Debug|Any CPU = Debug|Any CPU
		Release|Any CPU = Release|Any CPU
	EndGlobalSection
	GlobalSection(ProjectConfigurationPlatforms) = postSolution
		{15EF2FE8-1E5D-45C2-B2A2-20370192E23D}.Debug|Any CPU.ActiveCfg = Debug|Any CPU
		{15EF2FE8-1E5D-45C2-B2A2-20370192E23D}.Debug|Any CPU.Build.0 = Debug|Any CPU
		{15EF2FE8-1E5D-45C2-B2A2-20370192E23D}.Release|Any CPU.ActiveCfg = Release|Any CPU
		{15EF2FE8-1E5D-45C2-B2A2-20370192E23D}.Release|Any CPU.Build.0 = Release|Any CPU
	EndGlobalSection
	GlobalSection(SolutionProperties) = preSolution
		HideSolutionNode = FALSE
	EndGlobalSection
EndGlobal
